{
  "name": "@quenty/observablecollection",
  "version": "2.0.0",
  "lockfileVersion": 2,
  "requires": true,
  "packages": {
    "": {
      "name": "@quenty/observablecollection",
      "version": "1.0.0",
      "license": "MIT",
      "dependencies": {
        "@quenty/brio": "file:../brio",
        "@quenty/loader": "file:../loader",
        "@quenty/maid": "file:../maid",
        "@quenty/promise": "file:../promise",
        "@quenty/rx": "file:../rx",
        "@quenty/signal": "file:../signal",
        "@quenty/valuebaseutils": "file:../valuebaseutils"
      },
      "funding": {
        "type": "patreon",
        "url": "https://www.patreon.com/quenty"
      }
    },
    "../brio": {
      "name": "@quenty/brio",
      "version": "3.5.1",
      "license": "MIT",
      "dependencies": {
        "@quenty/loader": "file:../loader",
        "@quenty/maid": "file:../maid",
        "@quenty/rx": "file:../rx"
      },
      "funding": {
        "type": "patreon",
        "url": "https://www.patreon.com/quenty"
      }
    },
    "../loader": {
      "name": "@quenty/loader",
      "version": "3.1.2",
      "license": "MIT",
      "funding": {
        "type": "patreon",
        "url": "https://www.patreon.com/quenty"
      }
    },
    "../maid": {
      "name": "@quenty/maid",
      "version": "2.0.2",
      "license": "MIT",
      "funding": {
        "type": "patreon",
        "url": "https://www.patreon.com/quenty"
      }
    },
    "../promise": {
      "name": "@quenty/promise",
      "version": "3.3.1",
      "license": "MIT",
      "dependencies": {
        "@quenty/deferred": "file:../deferred",
        "@quenty/loader": "file:../loader",
        "@quenty/maid": "file:../maid"
      },
      "funding": {
        "type": "patreon",
        "url": "https://www.patreon.com/quenty"
      }
    },
    "../rx": {
      "name": "@quenty/rx",
      "version": "3.5.1",
      "license": "MIT",
      "dependencies": {
        "@quenty/loader": "file:../loader",
        "@quenty/maid": "file:../maid",
        "@quenty/promise": "file:../promise",
        "@quenty/signal": "file:../signal",
        "@quenty/symbol": "file:../symbol",
        "@quenty/table": "file:../table",
        "@quenty/throttle": "file:../throttle"
      },
      "funding": {
        "type": "patreon",
        "url": "https://www.patreon.com/quenty"
      }
    },
    "../signal": {
      "name": "@quenty/signal",
      "version": "2.0.1",
      "license": "MIT",
      "funding": {
        "type": "patreon",
        "url": "https://www.patreon.com/quenty"
      }
    },
    "../valuebaseutils": {
      "name": "@quenty/valuebaseutils",
      "version": "3.5.1",
      "license": "MIT",
      "dependencies": {
        "@quenty/brio": "file:../brio",
        "@quenty/instanceutils": "file:../instanceutils",
        "@quenty/loader": "file:../loader",
        "@quenty/promise": "file:../promise"
      },
      "funding": {
        "type": "patreon",
        "url": "https://www.patreon.com/quenty"
      }
    },
    "node_modules/@quenty/brio": {
      "resolved": "../brio",
      "link": true
    },
    "node_modules/@quenty/loader": {
      "resolved": "../loader",
      "link": true
    },
    "node_modules/@quenty/maid": {
      "resolved": "../maid",
      "link": true
    },
    "node_modules/@quenty/promise": {
      "resolved": "../promise",
      "link": true
    },
    "node_modules/@quenty/rx": {
      "resolved": "../rx",
      "link": true
    },
    "node_modules/@quenty/signal": {
      "resolved": "../signal",
      "link": true
    },
    "node_modules/@quenty/valuebaseutils": {
      "resolved": "../valuebaseutils",
      "link": true
    }
  },
  "dependencies": {
    "@quenty/brio": {
      "version": "file:../brio",
      "requires": {
        "@quenty/loader": "file:../loader",
        "@quenty/maid": "file:../maid",
        "@quenty/rx": "file:../rx"
      }
    },
    "@quenty/loader": {
      "version": "file:../loader"
    },
    "@quenty/maid": {
      "version": "file:../maid"
    },
    "@quenty/promise": {
      "version": "file:../promise",
      "requires": {
        "@quenty/deferred": "file:../deferred",
        "@quenty/loader": "file:../loader",
        "@quenty/maid": "file:../maid"
      }
    },
    "@quenty/rx": {
      "version": "file:../rx",
      "requires": {
        "@quenty/loader": "file:../loader",
        "@quenty/maid": "file:../maid",
        "@quenty/promise": "file:../promise",
        "@quenty/signal": "file:../signal",
        "@quenty/symbol": "file:../symbol",
        "@quenty/table": "file:../table",
        "@quenty/throttle": "file:../throttle"
      }
    },
    "@quenty/signal": {
      "version": "file:../signal"
    },
    "@quenty/valuebaseutils": {
      "version": "file:../valuebaseutils",
      "requires": {
        "@quenty/brio": "file:../brio",
        "@quenty/instanceutils": "file:../instanceutils",
        "@quenty/loader": "file:../loader",
        "@quenty/promise": "file:../promise"
      }
    }
  }
}
