{
  "name": "@quenty/buttonhighlightmodel",
  "version": "1.2.0",
  "lockfileVersion": 2,
  "requires": true,
  "packages": {
    "": {
      "name": "@quenty/buttonhighlightmodel",
      "version": "1.0.1",
      "license": "MIT",
      "dependencies": {
        "@quenty/acceltween": "^1.0.1",
        "@quenty/baseobject": "^1.0.1",
        "@quenty/steputils": "^1.0.1"
      },
      "peerDependencies": {
        "@quenty/loader": "^1.0.0"
      }
    },
    "node_modules/@quenty/acceltween": {
      "version": "1.0.1",
      "resolved": "https://registry.npmjs.org/@quenty/acceltween/-/acceltween-1.0.1.tgz",
      "integrity": "sha512-aADVRiuPYWonjFW25J3BQZDM12T9emexcS5lq2DZt42UManZJiqaCVV2Njx5glMbW0FclwE+xBx6HhXusX649w=="
    },
    "node_modules/@quenty/baseobject": {
      "version": "1.0.1",
      "resolved": "https://registry.npmjs.org/@quenty/baseobject/-/baseobject-1.0.1.tgz",
      "integrity": "sha512-M9cyqB28NkVVXnPPeOh1dOcT/m32Yl035qxQSdu9RAqglN4eVOxWrwY3D5iwaEG+fqKMjZaqzZvcGC0U2BNPDw==",
      "dependencies": {
        "@quenty/maid": "^1.0.1"
      },
      "peerDependencies": {
        "@quenty/loader": "^1.0.0"
      }
    },
    "node_modules/@quenty/loader": {
      "version": "1.0.0",
      "resolved": "https://registry.npmjs.org/@quenty/loader/-/loader-1.0.0.tgz",
      "integrity": "sha512-pmBkbSqgm5wBMtGG3MEqc/kwKtjgFExuIbpQ7gJSDV50HBf7++DfvQNTCaNVzfu32KVtUvmM2Kw+8PJR1erJXQ==",
      "peer": true
    },
    "node_modules/@quenty/maid": {
      "version": "1.0.1",
      "resolved": "https://registry.npmjs.org/@quenty/maid/-/maid-1.0.1.tgz",
      "integrity": "sha512-2ySji+Yq0spxhEQ8vy4cpnyEFfsffjREnFy2rAUPrEuUlJfOOJBjbnZS/TR9I6sjGfKaHPwCxyrwfjeQ/HlcfQ=="
    },
    "node_modules/@quenty/steputils": {
      "version": "1.0.1",
      "resolved": "https://registry.npmjs.org/@quenty/steputils/-/steputils-1.0.1.tgz",
      "integrity": "sha512-WwcmXUz7fng9wcv7P8Y7vQ1MUAEqOtUFReXL7cdKkayOueA9cMWS/nN5cn1EAh6GC8sYoa7NHNWRVahAGAFVBg=="
    }
  },
  "dependencies": {
    "@quenty/acceltween": {
      "version": "1.0.1",
      "resolved": "https://registry.npmjs.org/@quenty/acceltween/-/acceltween-1.0.1.tgz",
      "integrity": "sha512-aADVRiuPYWonjFW25J3BQZDM12T9emexcS5lq2DZt42UManZJiqaCVV2Njx5glMbW0FclwE+xBx6HhXusX649w=="
    },
    "@quenty/baseobject": {
      "version": "1.0.1",
      "resolved": "https://registry.npmjs.org/@quenty/baseobject/-/baseobject-1.0.1.tgz",
      "integrity": "sha512-M9cyqB28NkVVXnPPeOh1dOcT/m32Yl035qxQSdu9RAqglN4eVOxWrwY3D5iwaEG+fqKMjZaqzZvcGC0U2BNPDw==",
      "requires": {
        "@quenty/maid": "^1.0.1"
      }
    },
    "@quenty/loader": {
      "version": "1.0.0",
      "resolved": "https://registry.npmjs.org/@quenty/loader/-/loader-1.0.0.tgz",
      "integrity": "sha512-pmBkbSqgm5wBMtGG3MEqc/kwKtjgFExuIbpQ7gJSDV50HBf7++DfvQNTCaNVzfu32KVtUvmM2Kw+8PJR1erJXQ==",
      "peer": true
    },
    "@quenty/maid": {
      "version": "1.0.1",
      "resolved": "https://registry.npmjs.org/@quenty/maid/-/maid-1.0.1.tgz",
      "integrity": "sha512-2ySji+Yq0spxhEQ8vy4cpnyEFfsffjREnFy2rAUPrEuUlJfOOJBjbnZS/TR9I6sjGfKaHPwCxyrwfjeQ/HlcfQ=="
    },
    "@quenty/steputils": {
      "version": "1.0.1",
      "resolved": "https://registry.npmjs.org/@quenty/steputils/-/steputils-1.0.1.tgz",
      "integrity": "sha512-WwcmXUz7fng9wcv7P8Y7vQ1MUAEqOtUFReXL7cdKkayOueA9cMWS/nN5cn1EAh6GC8sYoa7NHNWRVahAGAFVBg=="
    }
  }
}
