{
  "name": "@quenty/qframe",
  "version": "1.0.1",
  "lockfileVersion": 2,
  "requires": true,
  "packages": {
    "": {
      "name": "@quenty/qframe",
      "version": "1.0.0",
      "license": "MIT",
      "devDependencies": {
        "@quenty/camerastoryutils": "^1.0.0",
        "@quenty/cubicspline": "^1.0.0",
        "@quenty/maid": "^1.0.0"
      },
      "peerDependencies": {
        "@quenty/loader": "^1.0.0"
      }
    },
    "node_modules/@quenty/binarysearch": {
      "version": "1.0.0",
      "resolved": "https://registry.npmjs.org/@quenty/binarysearch/-/binarysearch-1.0.0.tgz",
      "integrity": "sha512-EQEizvf+LaZ16p87Jw53bFF4M+hRhjG1FKhYrlR8PLxY/+gCuMx4l2nciEZarXotv9gHxz/xlydjUFxRJieIKw==",
      "dev": true
    },
    "node_modules/@quenty/camerastoryutils": {
      "version": "1.0.0",
      "resolved": "https://registry.npmjs.org/@quenty/camerastoryutils/-/camerastoryutils-1.0.0.tgz",
      "integrity": "sha512-sX221Qm+dnvsOvNZoeEH1WRNbvNxb4cVOFvKbLqrdVo+gD0WLoQe+rzelOfqccGKXBiDdkG98cvpVjJYkCtdhQ==",
      "dev": true,
      "dependencies": {
        "@quenty/insertserviceutils": "^1.0.0",
        "@quenty/math": "^1.0.0",
        "@quenty/promise": "^1.0.0"
      },
      "peerDependencies": {
        "@quenty/loader": "^1.0.0"
      }
    },
    "node_modules/@quenty/cubicspline": {
      "version": "1.0.0",
      "resolved": "https://registry.npmjs.org/@quenty/cubicspline/-/cubicspline-1.0.0.tgz",
      "integrity": "sha512-4mKuw2m44LjYscNFyaFMEX4vUr3QHwMEHT/evjj4IMdTRCgodbUV/4W+w+w53wU38uO0/GLuGXiUmKOWFjcrZQ==",
      "dev": true,
      "dependencies": {
        "@quenty/binarysearch": "^1.0.0",
        "@quenty/linearsystemssolver": "^1.0.0"
      },
      "peerDependencies": {
        "@quenty/loader": "^1.0.0"
      }
    },
    "node_modules/@quenty/deferred": {
      "version": "1.0.0",
      "resolved": "https://registry.npmjs.org/@quenty/deferred/-/deferred-1.0.0.tgz",
      "integrity": "sha512-5NEtiX0edrh3wfAJuKKTuO+zgxkSYnYBXDiDkJl5k3+e8gGTsEti58K0JsVwozXLVMzl1pAJ4yzPzVi98YRCJQ==",
      "dev": true
    },
    "node_modules/@quenty/insertserviceutils": {
      "version": "1.0.0",
      "resolved": "https://registry.npmjs.org/@quenty/insertserviceutils/-/insertserviceutils-1.0.0.tgz",
      "integrity": "sha512-jYzjQCcDLJQ1+7LTYvCzmpFvN4j9qNdmldKCsXTaJwDMjEDKur7Li5BpbQQCdpN1dntSDmyEy9wV3iCRyOHn8A==",
      "dev": true,
      "dependencies": {
        "@quenty/promise": "^1.0.0"
      },
      "peerDependencies": {
        "@quenty/loader": "^1.0.0"
      }
    },
    "node_modules/@quenty/linearsystemssolver": {
      "version": "1.0.0",
      "resolved": "https://registry.npmjs.org/@quenty/linearsystemssolver/-/linearsystemssolver-1.0.0.tgz",
      "integrity": "sha512-Z03kpBPsLlVOEEEC3P3owFIXGRf1tX2EHqZD6BwYDqgVivEWXemMgacZEmh6wyZyDMuI8SAxQCQPHqSua86YWQ==",
      "dev": true
    },
    "node_modules/@quenty/loader": {
      "version": "1.0.0",
      "resolved": "https://registry.npmjs.org/@quenty/loader/-/loader-1.0.0.tgz",
      "integrity": "sha512-pmBkbSqgm5wBMtGG3MEqc/kwKtjgFExuIbpQ7gJSDV50HBf7++DfvQNTCaNVzfu32KVtUvmM2Kw+8PJR1erJXQ==",
      "peer": true
    },
    "node_modules/@quenty/maid": {
      "version": "1.0.0",
      "resolved": "https://registry.npmjs.org/@quenty/maid/-/maid-1.0.0.tgz",
      "integrity": "sha512-YfpNjLTzcLbhgQfLkjnZeN0AkuFkuOhConI4fZoQxnTCvlhy/+BSM76CuvNvoLjznVBBtiUfc4SMQhfGwKHtUw==",
      "dev": true
    },
    "node_modules/@quenty/math": {
      "version": "1.0.0",
      "resolved": "https://registry.npmjs.org/@quenty/math/-/math-1.0.0.tgz",
      "integrity": "sha512-Gim+2lzUlpxnlAcBCyXAK2/wIWaRVbDbpKMpHP6jLMmEWIp9QaDM/dU23ZvsXTb/JK5siM2xy8g27CabxaRrMA==",
      "dev": true
    },
    "node_modules/@quenty/promise": {
      "version": "1.0.0",
      "resolved": "https://registry.npmjs.org/@quenty/promise/-/promise-1.0.0.tgz",
      "integrity": "sha512-DBkVNy98ZXGBtqrv+7s7S+wG3wE1owJtHKgOZ8Wdap2Tv10cJ9oaKMm+g11OH2+ExUzShKKu4CA9yg/IDWi01Q==",
      "dev": true,
      "dependencies": {
        "@quenty/deferred": "^1.0.0",
        "@quenty/maid": "^1.0.0"
      },
      "peerDependencies": {
        "@quenty/loader": "^1.0.0"
      }
    }
  },
  "dependencies": {
    "@quenty/binarysearch": {
      "version": "1.0.0",
      "resolved": "https://registry.npmjs.org/@quenty/binarysearch/-/binarysearch-1.0.0.tgz",
      "integrity": "sha512-EQEizvf+LaZ16p87Jw53bFF4M+hRhjG1FKhYrlR8PLxY/+gCuMx4l2nciEZarXotv9gHxz/xlydjUFxRJieIKw==",
      "dev": true
    },
    "@quenty/camerastoryutils": {
      "version": "1.0.0",
      "resolved": "https://registry.npmjs.org/@quenty/camerastoryutils/-/camerastoryutils-1.0.0.tgz",
      "integrity": "sha512-sX221Qm+dnvsOvNZoeEH1WRNbvNxb4cVOFvKbLqrdVo+gD0WLoQe+rzelOfqccGKXBiDdkG98cvpVjJYkCtdhQ==",
      "dev": true,
      "requires": {
        "@quenty/insertserviceutils": "^1.0.0",
        "@quenty/math": "^1.0.0",
        "@quenty/promise": "^1.0.0"
      }
    },
    "@quenty/cubicspline": {
      "version": "1.0.0",
      "resolved": "https://registry.npmjs.org/@quenty/cubicspline/-/cubicspline-1.0.0.tgz",
      "integrity": "sha512-4mKuw2m44LjYscNFyaFMEX4vUr3QHwMEHT/evjj4IMdTRCgodbUV/4W+w+w53wU38uO0/GLuGXiUmKOWFjcrZQ==",
      "dev": true,
      "requires": {
        "@quenty/binarysearch": "^1.0.0",
        "@quenty/linearsystemssolver": "^1.0.0"
      }
    },
    "@quenty/deferred": {
      "version": "1.0.0",
      "resolved": "https://registry.npmjs.org/@quenty/deferred/-/deferred-1.0.0.tgz",
      "integrity": "sha512-5NEtiX0edrh3wfAJuKKTuO+zgxkSYnYBXDiDkJl5k3+e8gGTsEti58K0JsVwozXLVMzl1pAJ4yzPzVi98YRCJQ==",
      "dev": true
    },
    "@quenty/insertserviceutils": {
      "version": "1.0.0",
      "resolved": "https://registry.npmjs.org/@quenty/insertserviceutils/-/insertserviceutils-1.0.0.tgz",
      "integrity": "sha512-jYzjQCcDLJQ1+7LTYvCzmpFvN4j9qNdmldKCsXTaJwDMjEDKur7Li5BpbQQCdpN1dntSDmyEy9wV3iCRyOHn8A==",
      "dev": true,
      "requires": {
        "@quenty/promise": "^1.0.0"
      }
    },
    "@quenty/linearsystemssolver": {
      "version": "1.0.0",
      "resolved": "https://registry.npmjs.org/@quenty/linearsystemssolver/-/linearsystemssolver-1.0.0.tgz",
      "integrity": "sha512-Z03kpBPsLlVOEEEC3P3owFIXGRf1tX2EHqZD6BwYDqgVivEWXemMgacZEmh6wyZyDMuI8SAxQCQPHqSua86YWQ==",
      "dev": true
    },
    "@quenty/loader": {
      "version": "1.0.0",
      "resolved": "https://registry.npmjs.org/@quenty/loader/-/loader-1.0.0.tgz",
      "integrity": "sha512-pmBkbSqgm5wBMtGG3MEqc/kwKtjgFExuIbpQ7gJSDV50HBf7++DfvQNTCaNVzfu32KVtUvmM2Kw+8PJR1erJXQ==",
      "peer": true
    },
    "@quenty/maid": {
      "version": "1.0.0",
      "resolved": "https://registry.npmjs.org/@quenty/maid/-/maid-1.0.0.tgz",
      "integrity": "sha512-YfpNjLTzcLbhgQfLkjnZeN0AkuFkuOhConI4fZoQxnTCvlhy/+BSM76CuvNvoLjznVBBtiUfc4SMQhfGwKHtUw==",
      "dev": true
    },
    "@quenty/math": {
      "version": "1.0.0",
      "resolved": "https://registry.npmjs.org/@quenty/math/-/math-1.0.0.tgz",
      "integrity": "sha512-Gim+2lzUlpxnlAcBCyXAK2/wIWaRVbDbpKMpHP6jLMmEWIp9QaDM/dU23ZvsXTb/JK5siM2xy8g27CabxaRrMA==",
      "dev": true
    },
    "@quenty/promise": {
      "version": "1.0.0",
      "resolved": "https://registry.npmjs.org/@quenty/promise/-/promise-1.0.0.tgz",
      "integrity": "sha512-DBkVNy98ZXGBtqrv+7s7S+wG3wE1owJtHKgOZ8Wdap2Tv10cJ9oaKMm+g11OH2+ExUzShKKu4CA9yg/IDWi01Q==",
      "dev": true,
      "requires": {
        "@quenty/deferred": "^1.0.0",
        "@quenty/maid": "^1.0.0"
      }
    }
  }
}
