{
  "name": "@quenty/sounds",
  "version": "4.1.0",
  "lockfileVersion": 2,
  "requires": true,
  "packages": {
    "": {
      "name": "@quenty/sounds",
      "version": "4.1.0",
      "license": "MIT",
      "dependencies": {
        "@quenty/loader": "file:../loader",
        "@quenty/promise": "file:../promise"
      },
      "funding": {
        "type": "patreon",
        "url": "https://www.patreon.com/quenty"
      }
    },
    "../deferred": {
      "name": "@quenty/deferred",
      "version": "2.0.2",
      "license": "MIT",
      "funding": {
        "type": "patreon",
        "url": "https://www.patreon.com/quenty"
      }
    },
    "../loader": {
      "name": "@quenty/loader",
      "version": "4.0.0",
      "license": "MIT",
      "funding": {
        "type": "patreon",
        "url": "https://www.patreon.com/quenty"
      }
    },
    "../maid": {
      "name": "@quenty/maid",
      "version": "2.2.0",
      "license": "MIT",
      "funding": {
        "type": "patreon",
        "url": "https://www.patreon.com/quenty"
      }
    },
    "../promise": {
      "name": "@quenty/promise",
      "version": "4.1.0",
      "license": "MIT",
      "dependencies": {
        "@quenty/deferred": "file:../deferred",
        "@quenty/loader": "file:../loader",
        "@quenty/maid": "file:../maid"
      },
      "funding": {
        "type": "patreon",
        "url": "https://www.patreon.com/quenty"
      }
    },
    "../promise/node_modules/@quenty/deferred": {
      "resolved": "../deferred",
      "link": true
    },
    "../promise/node_modules/@quenty/loader": {
      "resolved": "../loader",
      "link": true
    },
    "../promise/node_modules/@quenty/maid": {
      "resolved": "../maid",
      "link": true
    },
    "node_modules/@quenty/loader": {
      "resolved": "../loader",
      "link": true
    },
    "node_modules/@quenty/promise": {
      "resolved": "../promise",
      "link": true
    }
  },
  "dependencies": {
    "@quenty/loader": {
      "version": "file:../loader"
    },
    "@quenty/promise": {
      "version": "file:../promise",
      "requires": {
        "@quenty/deferred": "file:../deferred",
        "@quenty/loader": "file:../loader",
        "@quenty/maid": "file:../maid"
      },
      "dependencies": {
        "@quenty/deferred": {
          "version": "file:../deferred"
        },
        "@quenty/loader": {
          "version": "file:../loader"
        },
        "@quenty/maid": {
          "version": "file:../maid"
        }
      }
    }
  }
}
