{
  "name": "@quenty/animationprovider",
  "version": "3.2.2",
  "lockfileVersion": 2,
  "requires": true,
  "packages": {
    "": {
      "name": "@quenty/animationprovider",
      "version": "1.2.0",
      "license": "MIT",
      "dependencies": {
        "@quenty/loader": "file:../loader",
        "@quenty/templateprovider": "file:../templateprovider"
      },
      "funding": {
        "type": "patreon",
        "url": "https://www.patreon.com/quenty"
      }
    },
    "../loader": {
      "name": "@quenty/loader",
      "version": "1.2.0",
      "license": "MIT",
      "funding": {
        "type": "patreon",
        "url": "https://www.patreon.com/quenty"
      }
    },
    "../templateprovider": {
      "name": "@quenty/templateprovider",
      "version": "1.2.0",
      "license": "MIT",
      "dependencies": {
        "@quenty/baseobject": "file:../baseobject",
        "@quenty/loader": "file:../loader",
        "@quenty/maid": "file:../maid",
        "@quenty/string": "file:../string"
      },
      "funding": {
        "type": "patreon",
        "url": "https://www.patreon.com/quenty"
      }
    },
    "node_modules/@quenty/loader": {
      "resolved": "../loader",
      "link": true
    },
    "node_modules/@quenty/templateprovider": {
      "resolved": "../templateprovider",
      "link": true
    }
  },
  "dependencies": {
    "@quenty/loader": {
      "version": "file:../loader"
    },
    "@quenty/templateprovider": {
      "version": "file:../templateprovider",
      "requires": {
        "@quenty/baseobject": "file:../baseobject",
        "@quenty/loader": "file:../loader",
        "@quenty/maid": "file:../maid",
        "@quenty/string": "file:../string"
      }
    }
  }
}
