{
  "name": "@quenty/terrainutils",
  "version": "1.0.0",
  "lockfileVersion": 2,
  "requires": true,
  "packages": {
    "": {
      "name": "@quenty/terrainutils",
      "version": "1.0.0",
      "license": "MIT",
      "dependencies": {
        "@quenty/region3int16utils": "^1.0.0",
        "@quenty/region3utils": "^1.0.0",
        "@quenty/vector3int16utils": "^1.0.0"
      },
      "peerDependencies": {
        "@quenty/loader": "^1.0.0"
      }
    },
    "node_modules/@quenty/boundingboxutils": {
      "version": "1.0.0",
      "resolved": "https://registry.npmjs.org/@quenty/boundingboxutils/-/boundingboxutils-1.0.0.tgz",
      "integrity": "sha512-DFMTSqtXScbXurJiFhwD2Nin3MxOlA3gBbNs18NolLYcRKQUGLu/7+4FgiufRvW0hw+oLnRvsnF6R74rE864eg=="
    },
    "node_modules/@quenty/loader": {
      "version": "1.0.0",
      "resolved": "https://registry.npmjs.org/@quenty/loader/-/loader-1.0.0.tgz",
      "integrity": "sha512-pmBkbSqgm5wBMtGG3MEqc/kwKtjgFExuIbpQ7gJSDV50HBf7++DfvQNTCaNVzfu32KVtUvmM2Kw+8PJR1erJXQ==",
      "peer": true
    },
    "node_modules/@quenty/region3int16utils": {
      "version": "1.0.0",
      "resolved": "https://registry.npmjs.org/@quenty/region3int16utils/-/region3int16utils-1.0.0.tgz",
      "integrity": "sha512-vOXrWE4XP8FbkV6o923r8TBC3JAqXpYHIHj56mYOzdHoTt7TYyaZS5VEMtG+esgECFGMVQX2Jo4ksNydvBt2Ig==",
      "dependencies": {
        "@quenty/vector3int16utils": "^1.0.0"
      },
      "peerDependencies": {
        "@quenty/loader": "^1.0.0"
      }
    },
    "node_modules/@quenty/region3utils": {
      "version": "1.0.0",
      "resolved": "https://registry.npmjs.org/@quenty/region3utils/-/region3utils-1.0.0.tgz",
      "integrity": "sha512-/kDtpt+ohKba1Rskx28QJt2YxsAfplcY6nP1opkQgDZiLtARgazVUoPhiNpk4bWwp/9DWN8Tgwt9VY0HWATwhA==",
      "dependencies": {
        "@quenty/boundingboxutils": "^1.0.0"
      },
      "peerDependencies": {
        "@quenty/loader": "^1.0.0"
      }
    },
    "node_modules/@quenty/vector3int16utils": {
      "version": "1.0.0",
      "resolved": "https://registry.npmjs.org/@quenty/vector3int16utils/-/vector3int16utils-1.0.0.tgz",
      "integrity": "sha512-NG4TNe2MeHTYYtEox+vuWcHg2KuI7ks0ogmmaGdEV+vE4tS7QlIJiZNexE+kFlH0ic2ACh8S5yCAptF2Xmc9rA=="
    }
  },
  "dependencies": {
    "@quenty/boundingboxutils": {
      "version": "1.0.0",
      "resolved": "https://registry.npmjs.org/@quenty/boundingboxutils/-/boundingboxutils-1.0.0.tgz",
      "integrity": "sha512-DFMTSqtXScbXurJiFhwD2Nin3MxOlA3gBbNs18NolLYcRKQUGLu/7+4FgiufRvW0hw+oLnRvsnF6R74rE864eg=="
    },
    "@quenty/loader": {
      "version": "1.0.0",
      "resolved": "https://registry.npmjs.org/@quenty/loader/-/loader-1.0.0.tgz",
      "integrity": "sha512-pmBkbSqgm5wBMtGG3MEqc/kwKtjgFExuIbpQ7gJSDV50HBf7++DfvQNTCaNVzfu32KVtUvmM2Kw+8PJR1erJXQ==",
      "peer": true
    },
    "@quenty/region3int16utils": {
      "version": "1.0.0",
      "resolved": "https://registry.npmjs.org/@quenty/region3int16utils/-/region3int16utils-1.0.0.tgz",
      "integrity": "sha512-vOXrWE4XP8FbkV6o923r8TBC3JAqXpYHIHj56mYOzdHoTt7TYyaZS5VEMtG+esgECFGMVQX2Jo4ksNydvBt2Ig==",
      "requires": {
        "@quenty/vector3int16utils": "^1.0.0"
      }
    },
    "@quenty/region3utils": {
      "version": "1.0.0",
      "resolved": "https://registry.npmjs.org/@quenty/region3utils/-/region3utils-1.0.0.tgz",
      "integrity": "sha512-/kDtpt+ohKba1Rskx28QJt2YxsAfplcY6nP1opkQgDZiLtARgazVUoPhiNpk4bWwp/9DWN8Tgwt9VY0HWATwhA==",
      "requires": {
        "@quenty/boundingboxutils": "^1.0.0"
      }
    },
    "@quenty/vector3int16utils": {
      "version": "1.0.0",
      "resolved": "https://registry.npmjs.org/@quenty/vector3int16utils/-/vector3int16utils-1.0.0.tgz",
      "integrity": "sha512-NG4TNe2MeHTYYtEox+vuWcHg2KuI7ks0ogmmaGdEV+vE4tS7QlIJiZNexE+kFlH0ic2ACh8S5yCAptF2Xmc9rA=="
    }
  }
}
