{
  "name": "@quenty/humanoidteleportutils",
  "version": "1.0.0",
  "lockfileVersion": 2,
  "requires": true,
  "packages": {
    "": {
      "name": "@quenty/humanoidteleportutils",
      "version": "1.0.0",
      "license": "MIT",
      "dependencies": {
        "@quenty/raycaster": "^1.0.0"
      },
      "peerDependencies": {
        "@quenty/loader": "^1.0.0"
      }
    },
    "node_modules/@quenty/loader": {
      "version": "1.0.0",
      "resolved": "https://registry.npmjs.org/@quenty/loader/-/loader-1.0.0.tgz",
      "integrity": "sha512-pmBkbSqgm5wBMtGG3MEqc/kwKtjgFExuIbpQ7gJSDV50HBf7++DfvQNTCaNVzfu32KVtUvmM2Kw+8PJR1erJXQ==",
      "peer": true
    },
    "node_modules/@quenty/raycaster": {
      "version": "1.0.0",
      "resolved": "https://registry.npmjs.org/@quenty/raycaster/-/raycaster-1.0.0.tgz",
      "integrity": "sha512-bVtdmSFK+RCTly+R85UQb/yDVFg097jPBQxZ5lqzraxCPPT8L3S8CGPA0pu0uzXO6pbpjI2M7flfQxM4ulVrrQ=="
    }
  },
  "dependencies": {
    "@quenty/loader": {
      "version": "1.0.0",
      "resolved": "https://registry.npmjs.org/@quenty/loader/-/loader-1.0.0.tgz",
      "integrity": "sha512-pmBkbSqgm5wBMtGG3MEqc/kwKtjgFExuIbpQ7gJSDV50HBf7++DfvQNTCaNVzfu32KVtUvmM2Kw+8PJR1erJXQ==",
      "peer": true
    },
    "@quenty/raycaster": {
      "version": "1.0.0",
      "resolved": "https://registry.npmjs.org/@quenty/raycaster/-/raycaster-1.0.0.tgz",
      "integrity": "sha512-bVtdmSFK+RCTly+R85UQb/yDVFg097jPBQxZ5lqzraxCPPT8L3S8CGPA0pu0uzXO6pbpjI2M7flfQxM4ulVrrQ=="
    }
  }
}
