{
  "name": "@quenty/actionmanager",
  "version": "1.0.1",
  "lockfileVersion": 2,
  "requires": true,
  "packages": {
    "": {
      "name": "@quenty/actionmanager",
      "version": "1.0.0",
      "license": "MIT",
      "dependencies": {
        "@quenty/enabledmixin": "^1.0.0",
        "@quenty/maid": "^1.0.0",
        "@quenty/signal": "^1.0.0",
        "@quenty/valueobject": "^1.0.0"
      },
      "peerDependencies": {
        "@quenty/loader": "^1.0.0"
      }
    },
    "node_modules/@quenty/enabledmixin": {
      "version": "1.0.0",
      "resolved": "https://registry.npmjs.org/@quenty/enabledmixin/-/enabledmixin-1.0.0.tgz",
      "integrity": "sha512-okRytca3zovT4oY/ZF2nx3NQyape9TENiE1m6A88UeyMjQYSueFkwwNX8JdKqn5sp9kf7aUmmOtoVve350vOKg==",
      "dependencies": {
        "@quenty/maid": "^1.0.0",
        "@quenty/signal": "^1.0.0"
      },
      "peerDependencies": {
        "@quenty/loader": "^1.0.0"
      }
    },
    "node_modules/@quenty/loader": {
      "version": "1.0.0",
      "resolved": "https://registry.npmjs.org/@quenty/loader/-/loader-1.0.0.tgz",
      "integrity": "sha512-pmBkbSqgm5wBMtGG3MEqc/kwKtjgFExuIbpQ7gJSDV50HBf7++DfvQNTCaNVzfu32KVtUvmM2Kw+8PJR1erJXQ==",
      "peer": true
    },
    "node_modules/@quenty/maid": {
      "version": "1.0.0",
      "resolved": "https://registry.npmjs.org/@quenty/maid/-/maid-1.0.0.tgz",
      "integrity": "sha512-YfpNjLTzcLbhgQfLkjnZeN0AkuFkuOhConI4fZoQxnTCvlhy/+BSM76CuvNvoLjznVBBtiUfc4SMQhfGwKHtUw=="
    },
    "node_modules/@quenty/rx": {
      "version": "1.0.0",
      "resolved": "https://registry.npmjs.org/@quenty/rx/-/rx-1.0.0.tgz",
      "integrity": "sha512-0ElaV63ZWZKX5hhXV5kx0t0n3zfJfiTXvtkVKBesTt99/4WZzIvbvShysq+foT0iQbIU+lJbLlMVCUamS/uuXQ==",
      "dependencies": {
        "@quenty/maid": "^1.0.0",
        "@quenty/signal": "^1.0.0",
        "@quenty/symbol": "^1.0.0",
        "@quenty/table": "^1.0.0",
        "@quenty/throttle": "^1.0.0"
      }
    },
    "node_modules/@quenty/signal": {
      "version": "1.0.0",
      "resolved": "https://registry.npmjs.org/@quenty/signal/-/signal-1.0.0.tgz",
      "integrity": "sha512-ISXlZHT7P9J40+ht462AeB3oE1CiGQXWhp75NAd6DUUCBD/QI0E/Wk6S4kxbkuFXpl/DNV1RE/y/r/ONmZWsPQ=="
    },
    "node_modules/@quenty/symbol": {
      "version": "1.0.0",
      "resolved": "https://registry.npmjs.org/@quenty/symbol/-/symbol-1.0.0.tgz",
      "integrity": "sha512-Ovg1apHXOe4/lagYWI9xgKZe19ITV7Cg3rbfRbEu+dC2f3DJRxzqEc62mjem4el2n6mP3ZBjgHqppiYzrXFupQ=="
    },
    "node_modules/@quenty/table": {
      "version": "1.0.0",
      "resolved": "https://registry.npmjs.org/@quenty/table/-/table-1.0.0.tgz",
      "integrity": "sha512-Lr3ATNRtaYNRRS1+CZR2guSCkjwwhzquWe9CH0zthXWWW0t1fw1Doq0vB4bem0mVkF+YKr1ILCigrac5Ym8UiQ=="
    },
    "node_modules/@quenty/throttle": {
      "version": "1.0.0",
      "resolved": "https://registry.npmjs.org/@quenty/throttle/-/throttle-1.0.0.tgz",
      "integrity": "sha512-V4M5mE8HQ5nKi0ZTfONrmDudKdAAzMr90PwNxkqiB2cQD43f1stkOmiNS/ZD6TSldyGw4KZCjgGgCtd/eNf+Bw==",
      "peerDependencies": {
        "@quenty/loader": "^1.0.0"
      }
    },
    "node_modules/@quenty/valueobject": {
      "version": "1.0.0",
      "resolved": "https://registry.npmjs.org/@quenty/valueobject/-/valueobject-1.0.0.tgz",
      "integrity": "sha512-F7FGfHETsCQ9bm8N3TRUNKW5mXXN8m6+YBasl5lEGV8wBeuS6fwG0OCC6j8TxdGH7GHwW9PNL9GDtiUIVBgnkw==",
      "dependencies": {
        "@quenty/maid": "^1.0.0",
        "@quenty/rx": "^1.0.0",
        "@quenty/signal": "^1.0.0"
      }
    }
  },
  "dependencies": {
    "@quenty/enabledmixin": {
      "version": "1.0.0",
      "resolved": "https://registry.npmjs.org/@quenty/enabledmixin/-/enabledmixin-1.0.0.tgz",
      "integrity": "sha512-okRytca3zovT4oY/ZF2nx3NQyape9TENiE1m6A88UeyMjQYSueFkwwNX8JdKqn5sp9kf7aUmmOtoVve350vOKg==",
      "requires": {
        "@quenty/maid": "^1.0.0",
        "@quenty/signal": "^1.0.0"
      }
    },
    "@quenty/loader": {
      "version": "1.0.0",
      "resolved": "https://registry.npmjs.org/@quenty/loader/-/loader-1.0.0.tgz",
      "integrity": "sha512-pmBkbSqgm5wBMtGG3MEqc/kwKtjgFExuIbpQ7gJSDV50HBf7++DfvQNTCaNVzfu32KVtUvmM2Kw+8PJR1erJXQ==",
      "peer": true
    },
    "@quenty/maid": {
      "version": "1.0.0",
      "resolved": "https://registry.npmjs.org/@quenty/maid/-/maid-1.0.0.tgz",
      "integrity": "sha512-YfpNjLTzcLbhgQfLkjnZeN0AkuFkuOhConI4fZoQxnTCvlhy/+BSM76CuvNvoLjznVBBtiUfc4SMQhfGwKHtUw=="
    },
    "@quenty/rx": {
      "version": "1.0.0",
      "resolved": "https://registry.npmjs.org/@quenty/rx/-/rx-1.0.0.tgz",
      "integrity": "sha512-0ElaV63ZWZKX5hhXV5kx0t0n3zfJfiTXvtkVKBesTt99/4WZzIvbvShysq+foT0iQbIU+lJbLlMVCUamS/uuXQ==",
      "requires": {
        "@quenty/maid": "^1.0.0",
        "@quenty/signal": "^1.0.0",
        "@quenty/symbol": "^1.0.0",
        "@quenty/table": "^1.0.0",
        "@quenty/throttle": "^1.0.0"
      }
    },
    "@quenty/signal": {
      "version": "1.0.0",
      "resolved": "https://registry.npmjs.org/@quenty/signal/-/signal-1.0.0.tgz",
      "integrity": "sha512-ISXlZHT7P9J40+ht462AeB3oE1CiGQXWhp75NAd6DUUCBD/QI0E/Wk6S4kxbkuFXpl/DNV1RE/y/r/ONmZWsPQ=="
    },
    "@quenty/symbol": {
      "version": "1.0.0",
      "resolved": "https://registry.npmjs.org/@quenty/symbol/-/symbol-1.0.0.tgz",
      "integrity": "sha512-Ovg1apHXOe4/lagYWI9xgKZe19ITV7Cg3rbfRbEu+dC2f3DJRxzqEc62mjem4el2n6mP3ZBjgHqppiYzrXFupQ=="
    },
    "@quenty/table": {
      "version": "1.0.0",
      "resolved": "https://registry.npmjs.org/@quenty/table/-/table-1.0.0.tgz",
      "integrity": "sha512-Lr3ATNRtaYNRRS1+CZR2guSCkjwwhzquWe9CH0zthXWWW0t1fw1Doq0vB4bem0mVkF+YKr1ILCigrac5Ym8UiQ=="
    },
    "@quenty/throttle": {
      "version": "1.0.0",
      "resolved": "https://registry.npmjs.org/@quenty/throttle/-/throttle-1.0.0.tgz",
      "integrity": "sha512-V4M5mE8HQ5nKi0ZTfONrmDudKdAAzMr90PwNxkqiB2cQD43f1stkOmiNS/ZD6TSldyGw4KZCjgGgCtd/eNf+Bw==",
      "requires": {}
    },
    "@quenty/valueobject": {
      "version": "1.0.0",
      "resolved": "https://registry.npmjs.org/@quenty/valueobject/-/valueobject-1.0.0.tgz",
      "integrity": "sha512-F7FGfHETsCQ9bm8N3TRUNKW5mXXN8m6+YBasl5lEGV8wBeuS6fwG0OCC6j8TxdGH7GHwW9PNL9GDtiUIVBgnkw==",
      "requires": {
        "@quenty/maid": "^1.0.0",
        "@quenty/rx": "^1.0.0",
        "@quenty/signal": "^1.0.0"
      }
    }
  }
}
