{
  "name": "@quenty/permissionprovider",
  "version": "4.3.0",
  "lockfileVersion": 2,
  "requires": true,
  "packages": {
    "": {
      "name": "@quenty/permissionprovider",
      "version": "2.0.1",
      "license": "MIT",
      "dependencies": {
        "@quenty/baseobject": "file:../baseobject",
        "@quenty/grouputils": "file:../grouputils",
        "@quenty/loader": "file:../loader",
        "@quenty/promise": "file:../promise",
        "@quenty/remoting": "file:../remoting",
        "@quenty/servicebag": "file:../servicebag",
        "@quenty/table": "file:../table"
      },
      "funding": {
        "type": "patreon",
        "url": "https://www.patreon.com/quenty"
      }
    },
    "../baseobject": {
      "name": "@quenty/baseobject",
      "version": "1.2.0",
      "license": "MIT",
      "dependencies": {
        "@quenty/loader": "file:../loader",
        "@quenty/maid": "file:../maid"
      },
      "funding": {
        "type": "patreon",
        "url": "https://www.patreon.com/quenty"
      }
    },
    "../grouputils": {
      "name": "@quenty/grouputils",
      "version": "1.2.0",
      "license": "MIT",
      "dependencies": {
        "@quenty/loader": "file:../loader",
        "@quenty/promise": "file:../promise"
      },
      "funding": {
        "type": "patreon",
        "url": "https://www.patreon.com/quenty"
      }
    },
    "../loader": {
      "name": "@quenty/loader",
      "version": "1.2.0",
      "license": "MIT",
      "funding": {
        "type": "patreon",
        "url": "https://www.patreon.com/quenty"
      }
    },
    "../promise": {
      "name": "@quenty/promise",
      "version": "1.2.0",
      "license": "MIT",
      "dependencies": {
        "@quenty/deferred": "file:../deferred",
        "@quenty/loader": "file:../loader",
        "@quenty/maid": "file:../maid"
      },
      "funding": {
        "type": "patreon",
        "url": "https://www.patreon.com/quenty"
      }
    },
    "../remoting": {
      "name": "@quenty/remoting",
      "version": "1.2.0",
      "license": "MIT",
      "dependencies": {
        "@quenty/loader": "file:../loader",
        "@quenty/promise": "file:../promise",
        "@quenty/table": "file:../table"
      },
      "funding": {
        "type": "patreon",
        "url": "https://www.patreon.com/quenty"
      }
    },
    "../servicebag": {
      "name": "@quenty/servicebag",
      "version": "1.0.0",
      "license": "MIT",
      "dependencies": {
        "@quenty/baseobject": "file:../baseobject",
        "@quenty/loader": "file:../loader",
        "@quenty/signal": "file:../signal"
      },
      "funding": {
        "type": "patreon",
        "url": "https://www.patreon.com/quenty"
      }
    },
    "../table": {
      "name": "@quenty/table",
      "version": "1.2.0",
      "license": "MIT",
      "funding": {
        "type": "patreon",
        "url": "https://www.patreon.com/quenty"
      }
    },
    "node_modules/@quenty/baseobject": {
      "resolved": "../baseobject",
      "link": true
    },
    "node_modules/@quenty/grouputils": {
      "resolved": "../grouputils",
      "link": true
    },
    "node_modules/@quenty/loader": {
      "resolved": "../loader",
      "link": true
    },
    "node_modules/@quenty/promise": {
      "resolved": "../promise",
      "link": true
    },
    "node_modules/@quenty/remoting": {
      "resolved": "../remoting",
      "link": true
    },
    "node_modules/@quenty/servicebag": {
      "resolved": "../servicebag",
      "link": true
    },
    "node_modules/@quenty/table": {
      "resolved": "../table",
      "link": true
    }
  },
  "dependencies": {
    "@quenty/baseobject": {
      "version": "file:../baseobject",
      "requires": {
        "@quenty/loader": "file:../loader",
        "@quenty/maid": "file:../maid"
      }
    },
    "@quenty/grouputils": {
      "version": "file:../grouputils",
      "requires": {
        "@quenty/loader": "file:../loader",
        "@quenty/promise": "file:../promise"
      }
    },
    "@quenty/loader": {
      "version": "file:../loader"
    },
    "@quenty/promise": {
      "version": "file:../promise",
      "requires": {
        "@quenty/deferred": "file:../deferred",
        "@quenty/loader": "file:../loader",
        "@quenty/maid": "file:../maid"
      }
    },
    "@quenty/remoting": {
      "version": "file:../remoting",
      "requires": {
        "@quenty/loader": "file:../loader",
        "@quenty/promise": "file:../promise",
        "@quenty/table": "file:../table"
      }
    },
    "@quenty/servicebag": {
      "version": "file:../servicebag",
      "requires": {
        "@quenty/baseobject": "file:../baseobject",
        "@quenty/loader": "file:../loader",
        "@quenty/signal": "file:../signal"
      }
    },
    "@quenty/table": {
      "version": "file:../table"
    }
  }
}
