{
  "name": "@quenty/baseobject",
  "version": "1.2.0",
  "lockfileVersion": 2,
  "requires": true,
  "packages": {
    "": {
      "name": "@quenty/baseobject",
      "version": "1.0.1",
      "license": "MIT",
      "dependencies": {
        "@quenty/maid": "^1.0.1"
      },
      "peerDependencies": {
        "@quenty/loader": "^1.0.0"
      }
    },
    "node_modules/@quenty/loader": {
      "version": "1.0.0",
      "resolved": "https://registry.npmjs.org/@quenty/loader/-/loader-1.0.0.tgz",
      "integrity": "sha512-pmBkbSqgm5wBMtGG3MEqc/kwKtjgFExuIbpQ7gJSDV50HBf7++DfvQNTCaNVzfu32KVtUvmM2Kw+8PJR1erJXQ==",
      "peer": true
    },
    "node_modules/@quenty/maid": {
      "version": "1.0.1",
      "resolved": "https://registry.npmjs.org/@quenty/maid/-/maid-1.0.1.tgz",
      "integrity": "sha512-2ySji+Yq0spxhEQ8vy4cpnyEFfsffjREnFy2rAUPrEuUlJfOOJBjbnZS/TR9I6sjGfKaHPwCxyrwfjeQ/HlcfQ=="
    }
  },
  "dependencies": {
    "@quenty/loader": {
      "version": "1.0.0",
      "resolved": "https://registry.npmjs.org/@quenty/loader/-/loader-1.0.0.tgz",
      "integrity": "sha512-pmBkbSqgm5wBMtGG3MEqc/kwKtjgFExuIbpQ7gJSDV50HBf7++DfvQNTCaNVzfu32KVtUvmM2Kw+8PJR1erJXQ==",
      "peer": true
    },
    "@quenty/maid": {
      "version": "1.0.1",
      "resolved": "https://registry.npmjs.org/@quenty/maid/-/maid-1.0.1.tgz",
      "integrity": "sha512-2ySji+Yq0spxhEQ8vy4cpnyEFfsffjREnFy2rAUPrEuUlJfOOJBjbnZS/TR9I6sjGfKaHPwCxyrwfjeQ/HlcfQ=="
    }
  }
}
