{
  "name": "@quenty/throttle",
  "version": "0.0.1",
  "lockfileVersion": 2,
  "requires": true,
  "packages": {
    "": {
      "name": "@quenty/throttle",
      "version": "0.0.1",
      "license": "MIT",
      "peerDependencies": {
        "@quenty/loader": "~0.0.2"
      }
    },
    "node_modules/@quenty/loader": {
      "version": "0.0.2",
      "resolved": "https://registry.npmjs.org/@quenty/loader/-/loader-0.0.2.tgz",
      "integrity": "sha512-OgLqSDkAw8621oerYaXW+8SzwnLn1Nyg/obgrnS9SDYIYd+M3m+91Zwvz+eVQshva7BWUyXZTqVel2rrbvymtg==",
      "peer": true
    }
  },
  "dependencies": {
    "@quenty/loader": {
      "version": "0.0.2",
      "resolved": "https://registry.npmjs.org/@quenty/loader/-/loader-0.0.2.tgz",
      "integrity": "sha512-OgLqSDkAw8621oerYaXW+8SzwnLn1Nyg/obgrnS9SDYIYd+M3m+91Zwvz+eVQshva7BWUyXZTqVel2rrbvymtg==",
      "peer": true
    }
  }
}
