{
  "name": "@quenty/modelappearance",
  "version": "1.0.0",
  "lockfileVersion": 2,
  "requires": true,
  "packages": {
    "": {
      "name": "@quenty/modelappearance",
      "version": "1.0.0",
      "license": "MIT",
      "dependencies": {
        "@quenty/math": "^1.0.0"
      },
      "peerDependencies": {
        "@quenty/loader": "^1.0.0"
      }
    },
    "node_modules/@quenty/loader": {
      "version": "1.0.0",
      "resolved": "https://registry.npmjs.org/@quenty/loader/-/loader-1.0.0.tgz",
      "integrity": "sha512-pmBkbSqgm5wBMtGG3MEqc/kwKtjgFExuIbpQ7gJSDV50HBf7++DfvQNTCaNVzfu32KVtUvmM2Kw+8PJR1erJXQ==",
      "peer": true
    },
    "node_modules/@quenty/math": {
      "version": "1.0.0",
      "resolved": "https://registry.npmjs.org/@quenty/math/-/math-1.0.0.tgz",
      "integrity": "sha512-Gim+2lzUlpxnlAcBCyXAK2/wIWaRVbDbpKMpHP6jLMmEWIp9QaDM/dU23ZvsXTb/JK5siM2xy8g27CabxaRrMA=="
    }
  },
  "dependencies": {
    "@quenty/loader": {
      "version": "1.0.0",
      "resolved": "https://registry.npmjs.org/@quenty/loader/-/loader-1.0.0.tgz",
      "integrity": "sha512-pmBkbSqgm5wBMtGG3MEqc/kwKtjgFExuIbpQ7gJSDV50HBf7++DfvQNTCaNVzfu32KVtUvmM2Kw+8PJR1erJXQ==",
      "peer": true
    },
    "@quenty/math": {
      "version": "1.0.0",
      "resolved": "https://registry.npmjs.org/@quenty/math/-/math-1.0.0.tgz",
      "integrity": "sha512-Gim+2lzUlpxnlAcBCyXAK2/wIWaRVbDbpKMpHP6jLMmEWIp9QaDM/dU23ZvsXTb/JK5siM2xy8g27CabxaRrMA=="
    }
  }
}
