{
  "name": "@quenty/rigbuilderutils",
  "version": "1.0.0",
  "lockfileVersion": 2,
  "requires": true,
  "packages": {
    "": {
      "name": "@quenty/rigbuilderutils",
      "version": "0.0.0",
      "license": "MIT",
      "dependencies": {
        "@quenty/insertserviceutils": "^1.2.0",
        "@quenty/promise": "^1.2.0"
      },
      "devDependencies": {
        "@quenty/camerastoryutils": "^1.2.0",
        "@quenty/maid": "^1.2.0"
      },
      "funding": {
        "type": "patreon",
        "url": "https://www.patreon.com/quenty"
      },
      "peerDependencies": {
        "@quenty/loader": "^1.0.0"
      }
    },
    "node_modules/@quenty/camerastoryutils": {
      "version": "1.2.0",
      "resolved": "https://registry.npmjs.org/@quenty/camerastoryutils/-/camerastoryutils-1.2.0.tgz",
      "integrity": "sha512-oqQ+Gb8+lVHa7YY+hQYySZh4M4Ew9HKpUwp0X5ko1EC3MkKboqJ94X93OOL8TiYtqH6qUE1nxdD6ZisWWtB9Qw==",
      "dev": true,
      "dependencies": {
        "@quenty/insertserviceutils": "^1.2.0",
        "@quenty/math": "^1.2.0",
        "@quenty/promise": "^1.2.0"
      },
      "funding": {
        "type": "patreon",
        "url": "https://www.patreon.com/quenty"
      },
      "peerDependencies": {
        "@quenty/loader": "^1.0.0"
      }
    },
    "node_modules/@quenty/deferred": {
      "version": "1.2.0",
      "resolved": "https://registry.npmjs.org/@quenty/deferred/-/deferred-1.2.0.tgz",
      "integrity": "sha512-kt4sz5v6b2WWoXIPhPtkm4nqWv/zF1q6tGTPY2AiUGzdbyGCUjsrrmkeWD/Qatdny1e6eTKakLRqLvmyjQRlgw==",
      "funding": {
        "type": "patreon",
        "url": "https://www.patreon.com/quenty"
      }
    },
    "node_modules/@quenty/insertserviceutils": {
      "version": "1.2.0",
      "resolved": "https://registry.npmjs.org/@quenty/insertserviceutils/-/insertserviceutils-1.2.0.tgz",
      "integrity": "sha512-js+9YjgP9sjkhjL6JVuUGSTiF5qVsUgQFB1JGqsOqw48GFlM065C0kYLHleYHMHkhxjvy5VmBf44HRTg3wb2dQ==",
      "dependencies": {
        "@quenty/promise": "^1.2.0"
      },
      "funding": {
        "type": "patreon",
        "url": "https://www.patreon.com/quenty"
      },
      "peerDependencies": {
        "@quenty/loader": "^1.0.0"
      }
    },
    "node_modules/@quenty/loader": {
      "version": "1.2.0",
      "resolved": "https://registry.npmjs.org/@quenty/loader/-/loader-1.2.0.tgz",
      "integrity": "sha512-OSi2v7etGIJ0xt4JKcC/ALatC8ux9RcfoNqWSQ2syggnv8Ymnl5UVjTjq/udlIXyZfTY7SecVXPcWHiEyz0sKQ==",
      "peer": true,
      "funding": {
        "type": "patreon",
        "url": "https://www.patreon.com/quenty"
      }
    },
    "node_modules/@quenty/maid": {
      "version": "1.2.0",
      "resolved": "https://registry.npmjs.org/@quenty/maid/-/maid-1.2.0.tgz",
      "integrity": "sha512-oeTQte7klLiMx+XNzkH225Sw+VTADv+svHRGm7kCylY2X1h12/AqsWIhE3L8KAPpJeNv0i8kKyACT64MJjzzxg==",
      "funding": {
        "type": "patreon",
        "url": "https://www.patreon.com/quenty"
      }
    },
    "node_modules/@quenty/math": {
      "version": "1.2.0",
      "resolved": "https://registry.npmjs.org/@quenty/math/-/math-1.2.0.tgz",
      "integrity": "sha512-eZN9AZVOlmzeA3H7gk1Mn8O2WNmcKExhPQ6cF41rqmD0X2dCh11nlmj/+rILZUPzp1xbPxxpWrDgLl7UcesH9g==",
      "dev": true,
      "funding": {
        "type": "patreon",
        "url": "https://www.patreon.com/quenty"
      }
    },
    "node_modules/@quenty/promise": {
      "version": "1.2.0",
      "resolved": "https://registry.npmjs.org/@quenty/promise/-/promise-1.2.0.tgz",
      "integrity": "sha512-1NTRq5SlVpUqOXAQeIIE4kv4Yts1Xk4zOM6OEkRmWHNhi0XSn3VMFWav7/FoPM587xHpvts2MShqrbRO48QEOw==",
      "dependencies": {
        "@quenty/deferred": "^1.2.0",
        "@quenty/maid": "^1.2.0"
      },
      "funding": {
        "type": "patreon",
        "url": "https://www.patreon.com/quenty"
      },
      "peerDependencies": {
        "@quenty/loader": "^1.0.0"
      }
    }
  },
  "dependencies": {
    "@quenty/camerastoryutils": {
      "version": "1.2.0",
      "resolved": "https://registry.npmjs.org/@quenty/camerastoryutils/-/camerastoryutils-1.2.0.tgz",
      "integrity": "sha512-oqQ+Gb8+lVHa7YY+hQYySZh4M4Ew9HKpUwp0X5ko1EC3MkKboqJ94X93OOL8TiYtqH6qUE1nxdD6ZisWWtB9Qw==",
      "dev": true,
      "requires": {
        "@quenty/insertserviceutils": "^1.2.0",
        "@quenty/math": "^1.2.0",
        "@quenty/promise": "^1.2.0"
      }
    },
    "@quenty/deferred": {
      "version": "1.2.0",
      "resolved": "https://registry.npmjs.org/@quenty/deferred/-/deferred-1.2.0.tgz",
      "integrity": "sha512-kt4sz5v6b2WWoXIPhPtkm4nqWv/zF1q6tGTPY2AiUGzdbyGCUjsrrmkeWD/Qatdny1e6eTKakLRqLvmyjQRlgw=="
    },
    "@quenty/insertserviceutils": {
      "version": "1.2.0",
      "resolved": "https://registry.npmjs.org/@quenty/insertserviceutils/-/insertserviceutils-1.2.0.tgz",
      "integrity": "sha512-js+9YjgP9sjkhjL6JVuUGSTiF5qVsUgQFB1JGqsOqw48GFlM065C0kYLHleYHMHkhxjvy5VmBf44HRTg3wb2dQ==",
      "requires": {
        "@quenty/promise": "^1.2.0"
      }
    },
    "@quenty/loader": {
      "version": "1.2.0",
      "resolved": "https://registry.npmjs.org/@quenty/loader/-/loader-1.2.0.tgz",
      "integrity": "sha512-OSi2v7etGIJ0xt4JKcC/ALatC8ux9RcfoNqWSQ2syggnv8Ymnl5UVjTjq/udlIXyZfTY7SecVXPcWHiEyz0sKQ==",
      "peer": true
    },
    "@quenty/maid": {
      "version": "1.2.0",
      "resolved": "https://registry.npmjs.org/@quenty/maid/-/maid-1.2.0.tgz",
      "integrity": "sha512-oeTQte7klLiMx+XNzkH225Sw+VTADv+svHRGm7kCylY2X1h12/AqsWIhE3L8KAPpJeNv0i8kKyACT64MJjzzxg=="
    },
    "@quenty/math": {
      "version": "1.2.0",
      "resolved": "https://registry.npmjs.org/@quenty/math/-/math-1.2.0.tgz",
      "integrity": "sha512-eZN9AZVOlmzeA3H7gk1Mn8O2WNmcKExhPQ6cF41rqmD0X2dCh11nlmj/+rILZUPzp1xbPxxpWrDgLl7UcesH9g==",
      "dev": true
    },
    "@quenty/promise": {
      "version": "1.2.0",
      "resolved": "https://registry.npmjs.org/@quenty/promise/-/promise-1.2.0.tgz",
      "integrity": "sha512-1NTRq5SlVpUqOXAQeIIE4kv4Yts1Xk4zOM6OEkRmWHNhi0XSn3VMFWav7/FoPM587xHpvts2MShqrbRO48QEOw==",
      "requires": {
        "@quenty/deferred": "^1.2.0",
        "@quenty/maid": "^1.2.0"
      }
    }
  }
}
