{
  "name": "@quenty/applytagtotaggedchildren",
  "version": "3.0.0",
  "lockfileVersion": 2,
  "requires": true,
  "packages": {
    "": {
      "name": "@quenty/applytagtotaggedchildren",
      "version": "1.2.0",
      "license": "MIT",
      "dependencies": {
        "@quenty/baseobject": "file:../baseobject",
        "@quenty/loader": "file:../loader"
      },
      "funding": {
        "type": "patreon",
        "url": "https://www.patreon.com/quenty"
      }
    },
    "../baseobject": {
      "name": "@quenty/baseobject",
      "version": "1.2.0",
      "license": "MIT",
      "dependencies": {
        "@quenty/loader": "file:../loader",
        "@quenty/maid": "file:../maid"
      },
      "funding": {
        "type": "patreon",
        "url": "https://www.patreon.com/quenty"
      }
    },
    "../loader": {
      "name": "@quenty/loader",
      "version": "1.2.0",
      "license": "MIT",
      "funding": {
        "type": "patreon",
        "url": "https://www.patreon.com/quenty"
      }
    },
    "node_modules/@quenty/baseobject": {
      "resolved": "../baseobject",
      "link": true
    },
    "node_modules/@quenty/loader": {
      "resolved": "../loader",
      "link": true
    }
  },
  "dependencies": {
    "@quenty/baseobject": {
      "version": "file:../baseobject",
      "requires": {
        "@quenty/loader": "file:../loader",
        "@quenty/maid": "file:../maid"
      }
    },
    "@quenty/loader": {
      "version": "file:../loader"
    }
  }
}
