{
  "name": "@quenty/animationgroup",
  "version": "1.0.1",
  "lockfileVersion": 2,
  "requires": true,
  "packages": {
    "": {
      "name": "@quenty/animationgroup",
      "version": "1.0.0",
      "license": "MIT",
      "dependencies": {
        "@quenty/animationtrackutils": "^1.0.0",
        "@quenty/baseobject": "^1.0.0",
        "@quenty/maid": "^1.0.0"
      },
      "peerDependencies": {
        "@quenty/loader": "^1.0.0"
      }
    },
    "node_modules/@quenty/animationtrackutils": {
      "version": "1.0.0",
      "resolved": "https://registry.npmjs.org/@quenty/animationtrackutils/-/animationtrackutils-1.0.0.tgz",
      "integrity": "sha512-Fw9s/J4SEGU0SlimgARIYpvVZJM8I9RzWOKcGODUeUAfFtgLRgWskPQAjmXtgLC1c0anlsJD2Ta71hLxCvJ30w=="
    },
    "node_modules/@quenty/baseobject": {
      "version": "1.0.0",
      "resolved": "https://registry.npmjs.org/@quenty/baseobject/-/baseobject-1.0.0.tgz",
      "integrity": "sha512-I1OxMMawC7HOCHuN3iPg1to68GtwdARKmIeV78Gv5eyKf/THgdhl8of/phVKOEtOAtPaydMMzxfT+qzQDbv5Ng==",
      "dependencies": {
        "@quenty/maid": "^1.0.0"
      },
      "peerDependencies": {
        "@quenty/loader": "^1.0.0"
      }
    },
    "node_modules/@quenty/loader": {
      "version": "1.0.0",
      "resolved": "https://registry.npmjs.org/@quenty/loader/-/loader-1.0.0.tgz",
      "integrity": "sha512-pmBkbSqgm5wBMtGG3MEqc/kwKtjgFExuIbpQ7gJSDV50HBf7++DfvQNTCaNVzfu32KVtUvmM2Kw+8PJR1erJXQ==",
      "peer": true
    },
    "node_modules/@quenty/maid": {
      "version": "1.0.0",
      "resolved": "https://registry.npmjs.org/@quenty/maid/-/maid-1.0.0.tgz",
      "integrity": "sha512-YfpNjLTzcLbhgQfLkjnZeN0AkuFkuOhConI4fZoQxnTCvlhy/+BSM76CuvNvoLjznVBBtiUfc4SMQhfGwKHtUw=="
    }
  },
  "dependencies": {
    "@quenty/animationtrackutils": {
      "version": "1.0.0",
      "resolved": "https://registry.npmjs.org/@quenty/animationtrackutils/-/animationtrackutils-1.0.0.tgz",
      "integrity": "sha512-Fw9s/J4SEGU0SlimgARIYpvVZJM8I9RzWOKcGODUeUAfFtgLRgWskPQAjmXtgLC1c0anlsJD2Ta71hLxCvJ30w=="
    },
    "@quenty/baseobject": {
      "version": "1.0.0",
      "resolved": "https://registry.npmjs.org/@quenty/baseobject/-/baseobject-1.0.0.tgz",
      "integrity": "sha512-I1OxMMawC7HOCHuN3iPg1to68GtwdARKmIeV78Gv5eyKf/THgdhl8of/phVKOEtOAtPaydMMzxfT+qzQDbv5Ng==",
      "requires": {
        "@quenty/maid": "^1.0.0"
      }
    },
    "@quenty/loader": {
      "version": "1.0.0",
      "resolved": "https://registry.npmjs.org/@quenty/loader/-/loader-1.0.0.tgz",
      "integrity": "sha512-pmBkbSqgm5wBMtGG3MEqc/kwKtjgFExuIbpQ7gJSDV50HBf7++DfvQNTCaNVzfu32KVtUvmM2Kw+8PJR1erJXQ==",
      "peer": true
    },
    "@quenty/maid": {
      "version": "1.0.0",
      "resolved": "https://registry.npmjs.org/@quenty/maid/-/maid-1.0.0.tgz",
      "integrity": "sha512-YfpNjLTzcLbhgQfLkjnZeN0AkuFkuOhConI4fZoQxnTCvlhy/+BSM76CuvNvoLjznVBBtiUfc4SMQhfGwKHtUw=="
    }
  }
}
