{
  "name": "@quenty/animationgroup",
  "version": "0.0.0",
  "lockfileVersion": 2,
  "requires": true,
  "packages": {
    "": {
      "name": "@quenty/animationgroup",
      "version": "0.0.0",
      "license": "MIT",
      "dependencies": {
        "@quenty/animationtrackutils": "~0.0.0",
        "@quenty/baseobject": "~0.0.2",
        "@quenty/maid": "~0.0.2"
      },
      "peerDependencies": {
        "@quenty/loader": "~0.0.2"
      }
    },
    "node_modules/@quenty/animationtrackutils": {
      "version": "0.0.0",
      "resolved": "https://registry.npmjs.org/@quenty/animationtrackutils/-/animationtrackutils-0.0.0.tgz",
      "integrity": "sha512-3+/DXhdgUy4PKWicy22+zZBY0NVA5XdzU5RmLXY1KV2lT67LzjOMTQNBYZt4CjMTQh4T7Z1csByTSY3zpq07Yg=="
    },
    "node_modules/@quenty/baseobject": {
      "version": "0.0.2",
      "resolved": "https://registry.npmjs.org/@quenty/baseobject/-/baseobject-0.0.2.tgz",
      "integrity": "sha512-+4Lnxmpf6JRDrq24AqMRTpAxqyuPb5SoYJviXnIGNlEUjlYZACZBzebJ0wsjx3ZdXyG7k/3BakOORuLrHgGfvg==",
      "dependencies": {
        "@quenty/maid": "~0.0.1"
      },
      "peerDependencies": {
        "@quenty/loader": "~0.0.2"
      }
    },
    "node_modules/@quenty/loader": {
      "version": "0.0.2",
      "resolved": "https://registry.npmjs.org/@quenty/loader/-/loader-0.0.2.tgz",
      "integrity": "sha512-OgLqSDkAw8621oerYaXW+8SzwnLn1Nyg/obgrnS9SDYIYd+M3m+91Zwvz+eVQshva7BWUyXZTqVel2rrbvymtg==",
      "peer": true
    },
    "node_modules/@quenty/maid": {
      "version": "0.0.2",
      "resolved": "https://registry.npmjs.org/@quenty/maid/-/maid-0.0.2.tgz",
      "integrity": "sha512-XPdHteZ3lh6PUeiDbWfBv7Cmo/xn3+pFG1bZ+7HCVsZeKwa11F++Pviwe7sUdkr7G1pWeA0JnGpljdNQo7xobw=="
    }
  },
  "dependencies": {
    "@quenty/animationtrackutils": {
      "version": "0.0.0",
      "resolved": "https://registry.npmjs.org/@quenty/animationtrackutils/-/animationtrackutils-0.0.0.tgz",
      "integrity": "sha512-3+/DXhdgUy4PKWicy22+zZBY0NVA5XdzU5RmLXY1KV2lT67LzjOMTQNBYZt4CjMTQh4T7Z1csByTSY3zpq07Yg=="
    },
    "@quenty/baseobject": {
      "version": "0.0.2",
      "resolved": "https://registry.npmjs.org/@quenty/baseobject/-/baseobject-0.0.2.tgz",
      "integrity": "sha512-+4Lnxmpf6JRDrq24AqMRTpAxqyuPb5SoYJviXnIGNlEUjlYZACZBzebJ0wsjx3ZdXyG7k/3BakOORuLrHgGfvg==",
      "requires": {
        "@quenty/maid": "~0.0.1"
      }
    },
    "@quenty/loader": {
      "version": "0.0.2",
      "resolved": "https://registry.npmjs.org/@quenty/loader/-/loader-0.0.2.tgz",
      "integrity": "sha512-OgLqSDkAw8621oerYaXW+8SzwnLn1Nyg/obgrnS9SDYIYd+M3m+91Zwvz+eVQshva7BWUyXZTqVel2rrbvymtg==",
      "peer": true
    },
    "@quenty/maid": {
      "version": "0.0.2",
      "resolved": "https://registry.npmjs.org/@quenty/maid/-/maid-0.0.2.tgz",
      "integrity": "sha512-XPdHteZ3lh6PUeiDbWfBv7Cmo/xn3+pFG1bZ+7HCVsZeKwa11F++Pviwe7sUdkr7G1pWeA0JnGpljdNQo7xobw=="
    }
  }
}
