{
  "name": "@quenty/lipsum",
  "version": "1.0.2",
  "lockfileVersion": 2,
  "requires": true,
  "packages": {
    "": {
      "name": "@quenty/lipsum",
      "version": "1.0.1",
      "license": "MIT",
      "dependencies": {
        "@quenty/randomutils": "^1.0.1",
        "@quenty/string": "^1.0.1"
      },
      "devDependencies": {
        "@quenty/maid": "^1.0.1",
        "@quenty/textserviceutils": "^1.0.1",
        "@quenty/uiobjectutils": "^1.0.1"
      },
      "peerDependencies": {
        "@quenty/loader": "^1.0.0"
      }
    },
    "node_modules/@quenty/loader": {
      "version": "1.0.0",
      "resolved": "https://registry.npmjs.org/@quenty/loader/-/loader-1.0.0.tgz",
      "integrity": "sha512-pmBkbSqgm5wBMtGG3MEqc/kwKtjgFExuIbpQ7gJSDV50HBf7++DfvQNTCaNVzfu32KVtUvmM2Kw+8PJR1erJXQ==",
      "peer": true
    },
    "node_modules/@quenty/maid": {
      "version": "1.0.1",
      "resolved": "https://registry.npmjs.org/@quenty/maid/-/maid-1.0.1.tgz",
      "integrity": "sha512-2ySji+Yq0spxhEQ8vy4cpnyEFfsffjREnFy2rAUPrEuUlJfOOJBjbnZS/TR9I6sjGfKaHPwCxyrwfjeQ/HlcfQ==",
      "dev": true
    },
    "node_modules/@quenty/randomutils": {
      "version": "1.0.1",
      "resolved": "https://registry.npmjs.org/@quenty/randomutils/-/randomutils-1.0.1.tgz",
      "integrity": "sha512-fGAt1N6C3ZpTLSGZxMqs0EAw6rnR8bnmr2O5KRmQzhGnydFxSGw9Tn5f1xeOCzK4lazXn/VDplVanNEpRjaKNA=="
    },
    "node_modules/@quenty/string": {
      "version": "1.0.1",
      "resolved": "https://registry.npmjs.org/@quenty/string/-/string-1.0.1.tgz",
      "integrity": "sha512-kSt8LGsh3hwpsn6+6RI+32OdDBgWjwcsQxlQY3yU4AvCxx++YVu2gpDuNGAw99i++EtpKOPlclC1owba3pXX9g=="
    },
    "node_modules/@quenty/textserviceutils": {
      "version": "1.0.1",
      "resolved": "https://registry.npmjs.org/@quenty/textserviceutils/-/textserviceutils-1.0.1.tgz",
      "integrity": "sha512-yYRf3neT9nTWaZxWdfeiBT1xuqcU17ktcaMCBCnllRhbMYtKR45mn26pjYzymaSotVsjW7oCQ58tCwijOP0IMg==",
      "dev": true
    },
    "node_modules/@quenty/uiobjectutils": {
      "version": "1.0.1",
      "resolved": "https://registry.npmjs.org/@quenty/uiobjectutils/-/uiobjectutils-1.0.1.tgz",
      "integrity": "sha512-vxxOMqG9Qf4248p5KXoJNwhcYY6/rn3piJsO0eY99QTWeXV1pMCJNlMdXO4jkEI76dStLx7gl+su79DTIxsw0g==",
      "dev": true
    }
  },
  "dependencies": {
    "@quenty/loader": {
      "version": "1.0.0",
      "resolved": "https://registry.npmjs.org/@quenty/loader/-/loader-1.0.0.tgz",
      "integrity": "sha512-pmBkbSqgm5wBMtGG3MEqc/kwKtjgFExuIbpQ7gJSDV50HBf7++DfvQNTCaNVzfu32KVtUvmM2Kw+8PJR1erJXQ==",
      "peer": true
    },
    "@quenty/maid": {
      "version": "1.0.1",
      "resolved": "https://registry.npmjs.org/@quenty/maid/-/maid-1.0.1.tgz",
      "integrity": "sha512-2ySji+Yq0spxhEQ8vy4cpnyEFfsffjREnFy2rAUPrEuUlJfOOJBjbnZS/TR9I6sjGfKaHPwCxyrwfjeQ/HlcfQ==",
      "dev": true
    },
    "@quenty/randomutils": {
      "version": "1.0.1",
      "resolved": "https://registry.npmjs.org/@quenty/randomutils/-/randomutils-1.0.1.tgz",
      "integrity": "sha512-fGAt1N6C3ZpTLSGZxMqs0EAw6rnR8bnmr2O5KRmQzhGnydFxSGw9Tn5f1xeOCzK4lazXn/VDplVanNEpRjaKNA=="
    },
    "@quenty/string": {
      "version": "1.0.1",
      "resolved": "https://registry.npmjs.org/@quenty/string/-/string-1.0.1.tgz",
      "integrity": "sha512-kSt8LGsh3hwpsn6+6RI+32OdDBgWjwcsQxlQY3yU4AvCxx++YVu2gpDuNGAw99i++EtpKOPlclC1owba3pXX9g=="
    },
    "@quenty/textserviceutils": {
      "version": "1.0.1",
      "resolved": "https://registry.npmjs.org/@quenty/textserviceutils/-/textserviceutils-1.0.1.tgz",
      "integrity": "sha512-yYRf3neT9nTWaZxWdfeiBT1xuqcU17ktcaMCBCnllRhbMYtKR45mn26pjYzymaSotVsjW7oCQ58tCwijOP0IMg==",
      "dev": true
    },
    "@quenty/uiobjectutils": {
      "version": "1.0.1",
      "resolved": "https://registry.npmjs.org/@quenty/uiobjectutils/-/uiobjectutils-1.0.1.tgz",
      "integrity": "sha512-vxxOMqG9Qf4248p5KXoJNwhcYY6/rn3piJsO0eY99QTWeXV1pMCJNlMdXO4jkEI76dStLx7gl+su79DTIxsw0g==",
      "dev": true
    }
  }
}
