{
  "name": "@quenty/lipsum",
  "version": "1.0.0",
  "lockfileVersion": 2,
  "requires": true,
  "packages": {
    "": {
      "name": "@quenty/lipsum",
      "version": "1.0.0",
      "license": "MIT",
      "dependencies": {
        "@quenty/randomutils": "^1.0.0",
        "@quenty/string": "^1.0.0"
      },
      "devDependencies": {
        "@quenty/maid": "^1.0.0",
        "@quenty/textserviceutils": "^1.0.0",
        "@quenty/uiobjectutils": "^1.0.0"
      },
      "peerDependencies": {
        "@quenty/loader": "^1.0.0"
      }
    },
    "node_modules/@quenty/loader": {
      "version": "1.0.0",
      "resolved": "https://registry.npmjs.org/@quenty/loader/-/loader-1.0.0.tgz",
      "integrity": "sha512-pmBkbSqgm5wBMtGG3MEqc/kwKtjgFExuIbpQ7gJSDV50HBf7++DfvQNTCaNVzfu32KVtUvmM2Kw+8PJR1erJXQ==",
      "peer": true
    },
    "node_modules/@quenty/maid": {
      "version": "1.0.0",
      "resolved": "https://registry.npmjs.org/@quenty/maid/-/maid-1.0.0.tgz",
      "integrity": "sha512-YfpNjLTzcLbhgQfLkjnZeN0AkuFkuOhConI4fZoQxnTCvlhy/+BSM76CuvNvoLjznVBBtiUfc4SMQhfGwKHtUw==",
      "dev": true
    },
    "node_modules/@quenty/randomutils": {
      "version": "1.0.0",
      "resolved": "https://registry.npmjs.org/@quenty/randomutils/-/randomutils-1.0.0.tgz",
      "integrity": "sha512-mBJCkPLF2yvCP/1Knm0h8IyXqan6s3Cazn+oivPTE4D6cBwOTJiq8EkVjI6h2XoxAcokUMvpbni0wckNCtzSLg=="
    },
    "node_modules/@quenty/string": {
      "version": "1.0.0",
      "resolved": "https://registry.npmjs.org/@quenty/string/-/string-1.0.0.tgz",
      "integrity": "sha512-4Z29TVQAs/6zhfVPP9oooQ26kIih5RGdks/LshjY73UP2P6+Fmp+o9pLVEpwD8WuFeX+4SAnLWIFXuheES+CDQ=="
    },
    "node_modules/@quenty/textserviceutils": {
      "version": "1.0.0",
      "resolved": "https://registry.npmjs.org/@quenty/textserviceutils/-/textserviceutils-1.0.0.tgz",
      "integrity": "sha512-Qu+rYrZGzff+VkGMSrd1uCy6qY/eMpuG6XFX7h2ZM+heiEtWJ7wsZiG9TzIAQV34XCChlMR0KxtWlr+pe/Su7g==",
      "dev": true
    },
    "node_modules/@quenty/uiobjectutils": {
      "version": "1.0.0",
      "resolved": "https://registry.npmjs.org/@quenty/uiobjectutils/-/uiobjectutils-1.0.0.tgz",
      "integrity": "sha512-aSSXQKBB2qHkWjCLlOR3uZBGQjVBtNzGTFLWp/xsamxNN91OnLM/4ppCCoeAvN6H0XfsUA0CtVDPQZR+NLQ8Kw==",
      "dev": true
    }
  },
  "dependencies": {
    "@quenty/loader": {
      "version": "1.0.0",
      "resolved": "https://registry.npmjs.org/@quenty/loader/-/loader-1.0.0.tgz",
      "integrity": "sha512-pmBkbSqgm5wBMtGG3MEqc/kwKtjgFExuIbpQ7gJSDV50HBf7++DfvQNTCaNVzfu32KVtUvmM2Kw+8PJR1erJXQ==",
      "peer": true
    },
    "@quenty/maid": {
      "version": "1.0.0",
      "resolved": "https://registry.npmjs.org/@quenty/maid/-/maid-1.0.0.tgz",
      "integrity": "sha512-YfpNjLTzcLbhgQfLkjnZeN0AkuFkuOhConI4fZoQxnTCvlhy/+BSM76CuvNvoLjznVBBtiUfc4SMQhfGwKHtUw==",
      "dev": true
    },
    "@quenty/randomutils": {
      "version": "1.0.0",
      "resolved": "https://registry.npmjs.org/@quenty/randomutils/-/randomutils-1.0.0.tgz",
      "integrity": "sha512-mBJCkPLF2yvCP/1Knm0h8IyXqan6s3Cazn+oivPTE4D6cBwOTJiq8EkVjI6h2XoxAcokUMvpbni0wckNCtzSLg=="
    },
    "@quenty/string": {
      "version": "1.0.0",
      "resolved": "https://registry.npmjs.org/@quenty/string/-/string-1.0.0.tgz",
      "integrity": "sha512-4Z29TVQAs/6zhfVPP9oooQ26kIih5RGdks/LshjY73UP2P6+Fmp+o9pLVEpwD8WuFeX+4SAnLWIFXuheES+CDQ=="
    },
    "@quenty/textserviceutils": {
      "version": "1.0.0",
      "resolved": "https://registry.npmjs.org/@quenty/textserviceutils/-/textserviceutils-1.0.0.tgz",
      "integrity": "sha512-Qu+rYrZGzff+VkGMSrd1uCy6qY/eMpuG6XFX7h2ZM+heiEtWJ7wsZiG9TzIAQV34XCChlMR0KxtWlr+pe/Su7g==",
      "dev": true
    },
    "@quenty/uiobjectutils": {
      "version": "1.0.0",
      "resolved": "https://registry.npmjs.org/@quenty/uiobjectutils/-/uiobjectutils-1.0.0.tgz",
      "integrity": "sha512-aSSXQKBB2qHkWjCLlOR3uZBGQjVBtNzGTFLWp/xsamxNN91OnLM/4ppCCoeAvN6H0XfsUA0CtVDPQZR+NLQ8Kw==",
      "dev": true
    }
  }
}
