{
  "name": "@quenty/lipsum",
  "version": "1.0.0",
  "lockfileVersion": 2,
  "requires": true,
  "packages": {
    "": {
      "name": "@quenty/lipsum",
      "version": "0.0.2",
      "license": "MIT",
      "dependencies": {
        "@quenty/randomutils": "~0.0.0",
        "@quenty/string": "~0.0.0"
      },
      "devDependencies": {
        "@quenty/maid": "~0.0.2",
        "@quenty/textserviceutils": "~0.0.0",
        "@quenty/uiobjectutils": "~0.0.0"
      },
      "peerDependencies": {
        "@quenty/loader": "~0.0.2"
      }
    },
    "node_modules/@quenty/loader": {
      "version": "0.0.2",
      "resolved": "https://registry.npmjs.org/@quenty/loader/-/loader-0.0.2.tgz",
      "integrity": "sha512-OgLqSDkAw8621oerYaXW+8SzwnLn1Nyg/obgrnS9SDYIYd+M3m+91Zwvz+eVQshva7BWUyXZTqVel2rrbvymtg==",
      "peer": true
    },
    "node_modules/@quenty/maid": {
      "version": "0.0.2",
      "resolved": "https://registry.npmjs.org/@quenty/maid/-/maid-0.0.2.tgz",
      "integrity": "sha512-XPdHteZ3lh6PUeiDbWfBv7Cmo/xn3+pFG1bZ+7HCVsZeKwa11F++Pviwe7sUdkr7G1pWeA0JnGpljdNQo7xobw==",
      "dev": true
    },
    "node_modules/@quenty/randomutils": {
      "version": "0.0.0",
      "resolved": "https://registry.npmjs.org/@quenty/randomutils/-/randomutils-0.0.0.tgz",
      "integrity": "sha512-cOAf1W3yWgmZwpVgiKKPQudTaDjNRiLg+Px5xrpxz436fZ5ZxPAjMZg/wpO9T1OD66Jl5b/ffoRNNVB9U7uwXA=="
    },
    "node_modules/@quenty/string": {
      "version": "0.0.0",
      "resolved": "https://registry.npmjs.org/@quenty/string/-/string-0.0.0.tgz",
      "integrity": "sha512-NRoQdxAG5lu3rWAohSXguk9BKCN9ewoUFoZIkNDpuwcxxUtDpTty2nRjNIIlxfOe2lvMM5ErGdqV94ZMnKxcpg=="
    },
    "node_modules/@quenty/textserviceutils": {
      "version": "0.0.0",
      "resolved": "https://registry.npmjs.org/@quenty/textserviceutils/-/textserviceutils-0.0.0.tgz",
      "integrity": "sha512-aPyvTaMRV//rdSBYB6dGs7IMVG7OxpvqfKpsAiJ2BwieDN2rJse9oG2mBlx1PSkcF2dYYEhARaPamvGzCJSo+A==",
      "dev": true
    },
    "node_modules/@quenty/uiobjectutils": {
      "version": "0.0.0",
      "resolved": "https://registry.npmjs.org/@quenty/uiobjectutils/-/uiobjectutils-0.0.0.tgz",
      "integrity": "sha512-TAWSUaaiGQv3AttZZ9s8/eGHPbF9CNRPSeKAPMYmgNB7JSVQAZK3852xaSlFjsPCmD+6bIZD3HJAwoSc3XOcSQ==",
      "dev": true
    }
  },
  "dependencies": {
    "@quenty/loader": {
      "version": "0.0.2",
      "resolved": "https://registry.npmjs.org/@quenty/loader/-/loader-0.0.2.tgz",
      "integrity": "sha512-OgLqSDkAw8621oerYaXW+8SzwnLn1Nyg/obgrnS9SDYIYd+M3m+91Zwvz+eVQshva7BWUyXZTqVel2rrbvymtg==",
      "peer": true
    },
    "@quenty/maid": {
      "version": "0.0.2",
      "resolved": "https://registry.npmjs.org/@quenty/maid/-/maid-0.0.2.tgz",
      "integrity": "sha512-XPdHteZ3lh6PUeiDbWfBv7Cmo/xn3+pFG1bZ+7HCVsZeKwa11F++Pviwe7sUdkr7G1pWeA0JnGpljdNQo7xobw==",
      "dev": true
    },
    "@quenty/randomutils": {
      "version": "0.0.0",
      "resolved": "https://registry.npmjs.org/@quenty/randomutils/-/randomutils-0.0.0.tgz",
      "integrity": "sha512-cOAf1W3yWgmZwpVgiKKPQudTaDjNRiLg+Px5xrpxz436fZ5ZxPAjMZg/wpO9T1OD66Jl5b/ffoRNNVB9U7uwXA=="
    },
    "@quenty/string": {
      "version": "0.0.0",
      "resolved": "https://registry.npmjs.org/@quenty/string/-/string-0.0.0.tgz",
      "integrity": "sha512-NRoQdxAG5lu3rWAohSXguk9BKCN9ewoUFoZIkNDpuwcxxUtDpTty2nRjNIIlxfOe2lvMM5ErGdqV94ZMnKxcpg=="
    },
    "@quenty/textserviceutils": {
      "version": "0.0.0",
      "resolved": "https://registry.npmjs.org/@quenty/textserviceutils/-/textserviceutils-0.0.0.tgz",
      "integrity": "sha512-aPyvTaMRV//rdSBYB6dGs7IMVG7OxpvqfKpsAiJ2BwieDN2rJse9oG2mBlx1PSkcF2dYYEhARaPamvGzCJSo+A==",
      "dev": true
    },
    "@quenty/uiobjectutils": {
      "version": "0.0.0",
      "resolved": "https://registry.npmjs.org/@quenty/uiobjectutils/-/uiobjectutils-0.0.0.tgz",
      "integrity": "sha512-TAWSUaaiGQv3AttZZ9s8/eGHPbF9CNRPSeKAPMYmgNB7JSVQAZK3852xaSlFjsPCmD+6bIZD3HJAwoSc3XOcSQ==",
      "dev": true
    }
  }
}
