{
  "name": "@quenty/humanoidspeed",
  "version": "1.3.1",
  "lockfileVersion": 2,
  "requires": true,
  "packages": {
    "": {
      "name": "@quenty/humanoidspeed",
      "version": "1.0.0",
      "license": "MIT",
      "dependencies": {
        "@quenty/baseobject": "file:../baseobject",
        "@quenty/binder": "file:../binder",
        "@quenty/characterutils": "file:../characterutils",
        "@quenty/loader": "file:../loader",
        "@quenty/promise": "file:../promise",
        "@quenty/table": "file:../table"
      },
      "funding": {
        "type": "patreon",
        "url": "https://www.patreon.com/quenty"
      }
    },
    "../baseobject": {
      "name": "@quenty/baseobject",
      "version": "3.0.0",
      "license": "MIT",
      "dependencies": {
        "@quenty/loader": "file:../loader",
        "@quenty/maid": "file:../maid"
      },
      "funding": {
        "type": "patreon",
        "url": "https://www.patreon.com/quenty"
      }
    },
    "../binder": {
      "version": "4.0.0",
      "license": "MIT",
      "dependencies": {
        "@quenty/baseobject": "file:../baseobject",
        "@quenty/brio": "file:../brio",
        "@quenty/instanceutils": "file:../instanceutils",
        "@quenty/linkutils": "file:../linkutils",
        "@quenty/loader": "file:../loader",
        "@quenty/maid": "file:../maid",
        "@quenty/promise": "file:../promise",
        "@quenty/signal": "file:../signal",
        "@quenty/valueobject": "file:../valueobject"
      },
      "funding": {
        "type": "patreon",
        "url": "https://www.patreon.com/quenty"
      }
    },
    "../characterutils": {
      "name": "@quenty/characterutils",
      "version": "3.0.0",
      "license": "MIT",
      "dependencies": {
        "@quenty/deferred": "file:../deferred",
        "@quenty/loader": "file:../loader",
        "@quenty/maid": "file:../maid",
        "@quenty/promise": "file:../promise"
      },
      "funding": {
        "type": "patreon",
        "url": "https://www.patreon.com/quenty"
      }
    },
    "../loader": {
      "name": "@quenty/loader",
      "version": "3.0.0",
      "license": "MIT",
      "funding": {
        "type": "patreon",
        "url": "https://www.patreon.com/quenty"
      }
    },
    "../promise": {
      "name": "@quenty/promise",
      "version": "3.0.0",
      "license": "MIT",
      "dependencies": {
        "@quenty/deferred": "file:../deferred",
        "@quenty/loader": "file:../loader",
        "@quenty/maid": "file:../maid"
      },
      "funding": {
        "type": "patreon",
        "url": "https://www.patreon.com/quenty"
      }
    },
    "../table": {
      "name": "@quenty/table",
      "version": "2.0.0",
      "license": "MIT",
      "funding": {
        "type": "patreon",
        "url": "https://www.patreon.com/quenty"
      }
    },
    "node_modules/@quenty/baseobject": {
      "resolved": "../baseobject",
      "link": true
    },
    "node_modules/@quenty/binder": {
      "resolved": "../binder",
      "link": true
    },
    "node_modules/@quenty/characterutils": {
      "resolved": "../characterutils",
      "link": true
    },
    "node_modules/@quenty/loader": {
      "resolved": "../loader",
      "link": true
    },
    "node_modules/@quenty/promise": {
      "resolved": "../promise",
      "link": true
    },
    "node_modules/@quenty/table": {
      "resolved": "../table",
      "link": true
    }
  },
  "dependencies": {
    "@quenty/baseobject": {
      "version": "file:../baseobject",
      "requires": {
        "@quenty/loader": "file:../loader",
        "@quenty/maid": "file:../maid"
      }
    },
    "@quenty/binder": {
      "version": "file:../binder",
      "requires": {
        "@quenty/baseobject": "file:../baseobject",
        "@quenty/brio": "file:../brio",
        "@quenty/instanceutils": "file:../instanceutils",
        "@quenty/linkutils": "file:../linkutils",
        "@quenty/loader": "file:../loader",
        "@quenty/maid": "file:../maid",
        "@quenty/promise": "file:../promise",
        "@quenty/signal": "file:../signal",
        "@quenty/valueobject": "file:../valueobject"
      }
    },
    "@quenty/characterutils": {
      "version": "file:../characterutils",
      "requires": {
        "@quenty/deferred": "file:../deferred",
        "@quenty/loader": "file:../loader",
        "@quenty/maid": "file:../maid",
        "@quenty/promise": "file:../promise"
      }
    },
    "@quenty/loader": {
      "version": "file:../loader"
    },
    "@quenty/promise": {
      "version": "file:../promise",
      "requires": {
        "@quenty/deferred": "file:../deferred",
        "@quenty/loader": "file:../loader",
        "@quenty/maid": "file:../maid"
      }
    },
    "@quenty/table": {
      "version": "file:../table"
    }
  }
}
