{
  "name": "@quenty/rxbinderutils",
  "version": "4.8.0",
  "lockfileVersion": 2,
  "requires": true,
  "packages": {
    "": {
      "name": "@quenty/rxbinderutils",
      "version": "2.0.0",
      "license": "MIT",
      "dependencies": {
        "@quenty/binder": "file:../binder",
        "@quenty/brio": "file:../brio",
        "@quenty/instanceutils": "file:../instanceutils",
        "@quenty/linkutils": "file:../linkutils",
        "@quenty/loader": "file:../loader",
        "@quenty/maid": "file:../maid",
        "@quenty/rx": "file:../rx"
      },
      "funding": {
        "type": "patreon",
        "url": "https://www.patreon.com/quenty"
      }
    },
    "../binder": {
      "name": "@quenty/binder",
      "version": "2.0.0",
      "license": "MIT",
      "dependencies": {
        "@quenty/baseobject": "file:../baseobject",
        "@quenty/brio": "file:../brio",
        "@quenty/instanceutils": "file:../instanceutils",
        "@quenty/linkutils": "file:../linkutils",
        "@quenty/loader": "file:../loader",
        "@quenty/maid": "file:../maid",
        "@quenty/promise": "file:../promise",
        "@quenty/signal": "file:../signal",
        "@quenty/valueobject": "file:../valueobject"
      },
      "funding": {
        "type": "patreon",
        "url": "https://www.patreon.com/quenty"
      }
    },
    "../brio": {
      "name": "@quenty/brio",
      "version": "1.2.0",
      "license": "MIT",
      "dependencies": {
        "@quenty/maid": "file:../maid",
        "@quenty/rx": "file:../rx"
      },
      "funding": {
        "type": "patreon",
        "url": "https://www.patreon.com/quenty"
      }
    },
    "../instanceutils": {
      "name": "@quenty/instanceutils",
      "version": "1.2.0",
      "license": "MIT",
      "dependencies": {
        "@quenty/brio": "file:../brio",
        "@quenty/maid": "file:../maid",
        "@quenty/rx": "file:../rx"
      },
      "funding": {
        "type": "patreon",
        "url": "https://www.patreon.com/quenty"
      }
    },
    "../linkutils": {
      "name": "@quenty/linkutils",
      "version": "1.2.0",
      "license": "MIT",
      "dependencies": {
        "@quenty/brio": "file:../brio",
        "@quenty/instanceutils": "file:../instanceutils",
        "@quenty/loader": "file:../loader",
        "@quenty/promise": "file:../promise",
        "@quenty/rx": "file:../rx"
      },
      "funding": {
        "type": "patreon",
        "url": "https://www.patreon.com/quenty"
      }
    },
    "../loader": {
      "name": "@quenty/loader",
      "version": "1.2.0",
      "license": "MIT",
      "funding": {
        "type": "patreon",
        "url": "https://www.patreon.com/quenty"
      }
    },
    "../maid": {
      "name": "@quenty/maid",
      "version": "1.2.0",
      "license": "MIT",
      "funding": {
        "type": "patreon",
        "url": "https://www.patreon.com/quenty"
      }
    },
    "../rx": {
      "name": "@quenty/rx",
      "version": "1.2.0",
      "license": "MIT",
      "dependencies": {
        "@quenty/maid": "file:../maid",
        "@quenty/promise": "file:../promise",
        "@quenty/signal": "file:../signal",
        "@quenty/symbol": "file:../symbol",
        "@quenty/table": "file:../table",
        "@quenty/throttle": "file:../throttle"
      },
      "funding": {
        "type": "patreon",
        "url": "https://www.patreon.com/quenty"
      }
    },
    "node_modules/@quenty/binder": {
      "resolved": "../binder",
      "link": true
    },
    "node_modules/@quenty/brio": {
      "resolved": "../brio",
      "link": true
    },
    "node_modules/@quenty/instanceutils": {
      "resolved": "../instanceutils",
      "link": true
    },
    "node_modules/@quenty/linkutils": {
      "resolved": "../linkutils",
      "link": true
    },
    "node_modules/@quenty/loader": {
      "resolved": "../loader",
      "link": true
    },
    "node_modules/@quenty/maid": {
      "resolved": "../maid",
      "link": true
    },
    "node_modules/@quenty/rx": {
      "resolved": "../rx",
      "link": true
    }
  },
  "dependencies": {
    "@quenty/binder": {
      "version": "file:../binder",
      "requires": {
        "@quenty/baseobject": "file:../baseobject",
        "@quenty/brio": "file:../brio",
        "@quenty/instanceutils": "file:../instanceutils",
        "@quenty/linkutils": "file:../linkutils",
        "@quenty/loader": "file:../loader",
        "@quenty/maid": "file:../maid",
        "@quenty/promise": "file:../promise",
        "@quenty/signal": "file:../signal",
        "@quenty/valueobject": "file:../valueobject"
      }
    },
    "@quenty/brio": {
      "version": "file:../brio",
      "requires": {
        "@quenty/maid": "file:../maid",
        "@quenty/rx": "file:../rx"
      }
    },
    "@quenty/instanceutils": {
      "version": "file:../instanceutils",
      "requires": {
        "@quenty/brio": "file:../brio",
        "@quenty/maid": "file:../maid",
        "@quenty/rx": "file:../rx"
      }
    },
    "@quenty/linkutils": {
      "version": "file:../linkutils",
      "requires": {
        "@quenty/brio": "file:../brio",
        "@quenty/instanceutils": "file:../instanceutils",
        "@quenty/loader": "file:../loader",
        "@quenty/promise": "file:../promise",
        "@quenty/rx": "file:../rx"
      }
    },
    "@quenty/loader": {
      "version": "file:../loader"
    },
    "@quenty/maid": {
      "version": "file:../maid"
    },
    "@quenty/rx": {
      "version": "file:../rx",
      "requires": {
        "@quenty/maid": "file:../maid",
        "@quenty/promise": "file:../promise",
        "@quenty/signal": "file:../signal",
        "@quenty/symbol": "file:../symbol",
        "@quenty/table": "file:../table",
        "@quenty/throttle": "file:../throttle"
      }
    }
  }
}
