{
  "name": "@quenty/ragdoll",
  "version": "1.2.0",
  "lockfileVersion": 2,
  "requires": true,
  "packages": {
    "": {
      "name": "@quenty/ragdoll",
      "version": "1.0.1",
      "license": "MIT",
      "dependencies": {
        "@quenty/baseobject": "^1.0.1",
        "@quenty/binder": "^1.0.1",
        "@quenty/camera": "^1.0.1",
        "@quenty/characterutils": "^1.0.1",
        "@quenty/hapticfeedbackutils": "^1.0.1",
        "@quenty/humanoidanimatorutils": "^1.0.1",
        "@quenty/maid": "^1.0.1",
        "@quenty/promise": "^1.0.1",
        "@quenty/remoting": "^1.0.1",
        "@quenty/rx": "^1.0.1",
        "@quenty/table": "^1.0.1",
        "@quenty/valuebaseutils": "^1.0.1"
      },
      "peerDependencies": {
        "@quenty/loader": "^1.0.0"
      }
    },
    "node_modules/@quenty/acceltween": {
      "version": "1.0.1",
      "resolved": "https://registry.npmjs.org/@quenty/acceltween/-/acceltween-1.0.1.tgz",
      "integrity": "sha512-aADVRiuPYWonjFW25J3BQZDM12T9emexcS5lq2DZt42UManZJiqaCVV2Njx5glMbW0FclwE+xBx6HhXusX649w=="
    },
    "node_modules/@quenty/baseobject": {
      "version": "1.0.1",
      "resolved": "https://registry.npmjs.org/@quenty/baseobject/-/baseobject-1.0.1.tgz",
      "integrity": "sha512-M9cyqB28NkVVXnPPeOh1dOcT/m32Yl035qxQSdu9RAqglN4eVOxWrwY3D5iwaEG+fqKMjZaqzZvcGC0U2BNPDw==",
      "dependencies": {
        "@quenty/maid": "^1.0.1"
      },
      "peerDependencies": {
        "@quenty/loader": "^1.0.0"
      }
    },
    "node_modules/@quenty/binarysearch": {
      "version": "1.0.1",
      "resolved": "https://registry.npmjs.org/@quenty/binarysearch/-/binarysearch-1.0.1.tgz",
      "integrity": "sha512-NXxymtWG+XxnP5MzL9sYfTF0O4mCvnStlyV9Dx8250P9Q/YJpB3CYCcV4h9p4Z4PW+S+b0yM98tjkHps8QYypQ=="
    },
    "node_modules/@quenty/binder": {
      "version": "1.0.1",
      "resolved": "https://registry.npmjs.org/@quenty/binder/-/binder-1.0.1.tgz",
      "integrity": "sha512-vZnieue55x4qBWyLujWEICKayBn9a+fC5pM6fltnlRMnN9JUad2BERivl43QcH6m8mdCd6agyKLdaHRo3hUCpg==",
      "dependencies": {
        "@quenty/baseobject": "^1.0.1",
        "@quenty/brio": "^1.0.1",
        "@quenty/instanceutils": "^1.0.1",
        "@quenty/linkutils": "^1.0.1",
        "@quenty/maid": "^1.0.1",
        "@quenty/promise": "^1.0.1",
        "@quenty/rx": "^1.0.1",
        "@quenty/signal": "^1.0.1",
        "@quenty/valueobject": "^1.0.1"
      },
      "peerDependencies": {
        "@quenty/loader": "^1.0.0"
      }
    },
    "node_modules/@quenty/brio": {
      "version": "1.0.1",
      "resolved": "https://registry.npmjs.org/@quenty/brio/-/brio-1.0.1.tgz",
      "integrity": "sha512-BMEsU81q2X/Fesb79uq4HqSceeXJ/gYsU1v1BDKmiplovOnYYUI5iu6SBLoSR9QUPCMfCVZhD3700dB3Fchc8w==",
      "dependencies": {
        "@quenty/maid": "^1.0.1",
        "@quenty/rx": "^1.0.1"
      }
    },
    "node_modules/@quenty/camera": {
      "version": "1.0.1",
      "resolved": "https://registry.npmjs.org/@quenty/camera/-/camera-1.0.1.tgz",
      "integrity": "sha512-eosghMreLgsaS3Yn87Pm6LQnr6fAQbOD2TqAUsUZ9TZopKh3sP2Z2Ov1sKacWmkIS3Etl6MbAnBzka6f0Umb9A==",
      "dependencies": {
        "@quenty/acceltween": "^1.0.1",
        "@quenty/cframeutils": "^1.0.1",
        "@quenty/cubicspline": "^1.0.1",
        "@quenty/inputobjectutils": "^1.0.1",
        "@quenty/maid": "^1.0.1",
        "@quenty/math": "^1.0.1",
        "@quenty/qframe": "^1.0.1",
        "@quenty/spring": "^1.0.1"
      },
      "peerDependencies": {
        "@quenty/loader": "^1.0.0"
      }
    },
    "node_modules/@quenty/cframeutils": {
      "version": "1.0.1",
      "resolved": "https://registry.npmjs.org/@quenty/cframeutils/-/cframeutils-1.0.1.tgz",
      "integrity": "sha512-IJrc6e57k1+m/ZgnmFpOI4W/tEDuKucKCIdTv5va6tcViQACrBwTvOlD4Cf90c4qY9797s6NlZFimfmyDHvtRQ=="
    },
    "node_modules/@quenty/characterutils": {
      "version": "1.0.1",
      "resolved": "https://registry.npmjs.org/@quenty/characterutils/-/characterutils-1.0.1.tgz",
      "integrity": "sha512-vbg4bBcee2bxOxCSFbPmKvuuurEK1zn5QPMBSYRqgHvJ2mzMT1nGwuhIuZ4J4DeNCwRy1bnG+9i+cHOutD0lFg==",
      "dependencies": {
        "@quenty/deferred": "^1.0.1",
        "@quenty/maid": "^1.0.1",
        "@quenty/promise": "^1.0.1"
      },
      "peerDependencies": {
        "@quenty/loader": "^1.0.0"
      }
    },
    "node_modules/@quenty/cubicspline": {
      "version": "1.0.1",
      "resolved": "https://registry.npmjs.org/@quenty/cubicspline/-/cubicspline-1.0.1.tgz",
      "integrity": "sha512-1xF6Y/U5TaPCqO41uMqoWMep37hLbZWHNkfAkgfj1kJISar5yU11osynYtjuSqwQ8RnTK7mNMKIyfaNlMCzm0A==",
      "dependencies": {
        "@quenty/binarysearch": "^1.0.1",
        "@quenty/linearsystemssolver": "^1.0.1"
      },
      "peerDependencies": {
        "@quenty/loader": "^1.0.0"
      }
    },
    "node_modules/@quenty/deferred": {
      "version": "1.0.1",
      "resolved": "https://registry.npmjs.org/@quenty/deferred/-/deferred-1.0.1.tgz",
      "integrity": "sha512-9iIr5zBGLjBPn9B7hBAUx3CtBSSzgzeT9xZONzvTirMzPrIx0pAqShQq7KpRqhGIzAgw8zyGW+TSeOx9AFGzQA=="
    },
    "node_modules/@quenty/hapticfeedbackutils": {
      "version": "1.0.1",
      "resolved": "https://registry.npmjs.org/@quenty/hapticfeedbackutils/-/hapticfeedbackutils-1.0.1.tgz",
      "integrity": "sha512-jel65angXc7lqF7y6Qt9lNT1IJYjtGmSi/2hdLUGbcd+6FMcP5qSMwa6/Rm4WZnpmIlzNwQVRyVDPlQyKYfu9w=="
    },
    "node_modules/@quenty/humanoidanimatorutils": {
      "version": "1.0.1",
      "resolved": "https://registry.npmjs.org/@quenty/humanoidanimatorutils/-/humanoidanimatorutils-1.0.1.tgz",
      "integrity": "sha512-otLzxUsHtkryAbftQjIEBhzBHBqWZl0B0GM4uoJCxIUAc7BPL4e7FMkk06Sa2cQ7yY+oZK+0g4eVEOTKAtnBYQ=="
    },
    "node_modules/@quenty/inputobjectutils": {
      "version": "1.0.1",
      "resolved": "https://registry.npmjs.org/@quenty/inputobjectutils/-/inputobjectutils-1.0.1.tgz",
      "integrity": "sha512-7olC17evKh3GD6magNElK5iDNqM90g0OElTKTl0cLqsH/RCLaJ4cU1/U5BB0JQPuk76ReyMUK1EU1GPm2jJzIA=="
    },
    "node_modules/@quenty/instanceutils": {
      "version": "1.0.1",
      "resolved": "https://registry.npmjs.org/@quenty/instanceutils/-/instanceutils-1.0.1.tgz",
      "integrity": "sha512-DcfVLGOTUI6rj6FxcdohAniICcaV9EpFK0adDmp/2/r7HFz7melcJ3GnHU88W6nyt2ZD9X/CIBp7OxDe1wlMjw==",
      "dependencies": {
        "@quenty/brio": "^1.0.1",
        "@quenty/maid": "^1.0.1",
        "@quenty/rx": "^1.0.1"
      }
    },
    "node_modules/@quenty/linearsystemssolver": {
      "version": "1.0.1",
      "resolved": "https://registry.npmjs.org/@quenty/linearsystemssolver/-/linearsystemssolver-1.0.1.tgz",
      "integrity": "sha512-m9IrIsl0rxZMaaaDDyLH1qlYV/sJ7z6t/WKR7jOM0adi/KfkgF5V2bPRYHH2A+uVtDGw/OW6fhTx4XloXCuVPQ=="
    },
    "node_modules/@quenty/linkutils": {
      "version": "1.0.1",
      "resolved": "https://registry.npmjs.org/@quenty/linkutils/-/linkutils-1.0.1.tgz",
      "integrity": "sha512-8T0xlUMe7bgaw5mjJk5gvueevMfpJg1aflTz/ebQQ5/+xADXNU/vZS61EQci0s/egociJQZq7uhYFXkUC79z7Q==",
      "dependencies": {
        "@quenty/brio": "^1.0.1",
        "@quenty/instanceutils": "^1.0.1",
        "@quenty/promise": "^1.0.1",
        "@quenty/rx": "^1.0.1"
      },
      "peerDependencies": {
        "@quenty/loader": "^1.0.0"
      }
    },
    "node_modules/@quenty/loader": {
      "version": "1.0.0",
      "resolved": "https://registry.npmjs.org/@quenty/loader/-/loader-1.0.0.tgz",
      "integrity": "sha512-pmBkbSqgm5wBMtGG3MEqc/kwKtjgFExuIbpQ7gJSDV50HBf7++DfvQNTCaNVzfu32KVtUvmM2Kw+8PJR1erJXQ==",
      "peer": true
    },
    "node_modules/@quenty/maid": {
      "version": "1.0.1",
      "resolved": "https://registry.npmjs.org/@quenty/maid/-/maid-1.0.1.tgz",
      "integrity": "sha512-2ySji+Yq0spxhEQ8vy4cpnyEFfsffjREnFy2rAUPrEuUlJfOOJBjbnZS/TR9I6sjGfKaHPwCxyrwfjeQ/HlcfQ=="
    },
    "node_modules/@quenty/math": {
      "version": "1.0.1",
      "resolved": "https://registry.npmjs.org/@quenty/math/-/math-1.0.1.tgz",
      "integrity": "sha512-Gr/8+v0GXapVXguJy5Nd3JJ+8yKhTezN+Gau9+2M+sduPosuEZjBL3lD1IjeyXHoOirKRLKtrESwZ+336U45+w=="
    },
    "node_modules/@quenty/promise": {
      "version": "1.0.1",
      "resolved": "https://registry.npmjs.org/@quenty/promise/-/promise-1.0.1.tgz",
      "integrity": "sha512-ZzdqATzbmVy8ceeonaoZ6o5qMjogbj3JZlNi3ECnUE+3IQAeWvwGvIdHgo41J8iP5PKCVB7B5+IwKVQUIEtr1A==",
      "dependencies": {
        "@quenty/deferred": "^1.0.1",
        "@quenty/maid": "^1.0.1"
      },
      "peerDependencies": {
        "@quenty/loader": "^1.0.0"
      }
    },
    "node_modules/@quenty/qframe": {
      "version": "1.0.1",
      "resolved": "https://registry.npmjs.org/@quenty/qframe/-/qframe-1.0.1.tgz",
      "integrity": "sha512-26YjKZSmQL9k2RmXPJxS2/BpxKveOP3W119qZOeigcPj+RtkLCHymfFoNbMfmM5f4rVsIBIhWWtK8F5QX2VUiA==",
      "peerDependencies": {
        "@quenty/loader": "^1.0.0"
      }
    },
    "node_modules/@quenty/remoting": {
      "version": "1.0.1",
      "resolved": "https://registry.npmjs.org/@quenty/remoting/-/remoting-1.0.1.tgz",
      "integrity": "sha512-iv6X9+VVKeS7r/uu5WbmV8AY4K6uZKHdDXu/zCALr19nAAC/RYwT/XgcByn6olpjG2Xba5Ie29ru21pvTxylKQ==",
      "dependencies": {
        "@quenty/promise": "^1.0.1",
        "@quenty/table": "^1.0.1"
      },
      "peerDependencies": {
        "@quenty/loader": "^1.0.0"
      }
    },
    "node_modules/@quenty/rx": {
      "version": "1.0.1",
      "resolved": "https://registry.npmjs.org/@quenty/rx/-/rx-1.0.1.tgz",
      "integrity": "sha512-K9aD4y85LNqsuJzyUqAjX4RHbe/HpDbOHBXp4EjUaXxaQxVQcMDx+zb2zslCkPt61VvOKOq3CqVdIcTBpTXKuQ==",
      "dependencies": {
        "@quenty/maid": "^1.0.1",
        "@quenty/signal": "^1.0.1",
        "@quenty/symbol": "^1.0.1",
        "@quenty/table": "^1.0.1",
        "@quenty/throttle": "^1.0.1"
      }
    },
    "node_modules/@quenty/signal": {
      "version": "1.0.1",
      "resolved": "https://registry.npmjs.org/@quenty/signal/-/signal-1.0.1.tgz",
      "integrity": "sha512-Cm6YTbxF/prWhDeRPppNtBRWVets7GSEnw+A49tOc3hU1pWjIECKYiU+OIjtim2Nr2DzHx7bPgpPVexlUPqe2g=="
    },
    "node_modules/@quenty/spring": {
      "version": "1.0.1",
      "resolved": "https://registry.npmjs.org/@quenty/spring/-/spring-1.0.1.tgz",
      "integrity": "sha512-MDwanv1GJxuzgMXUTDYUFp6HiNFWYqHWAV7oZlI3g4rbPFMqjfBt0HDjZML9YyzMr4KtwEBqpYW0RybXVrjhbw=="
    },
    "node_modules/@quenty/symbol": {
      "version": "1.0.1",
      "resolved": "https://registry.npmjs.org/@quenty/symbol/-/symbol-1.0.1.tgz",
      "integrity": "sha512-GDlVBJ68h9jdC0uw0zrzn5gBowHyMJOyc0OjSgV4TuW6jYNdEZ3AQHFIxfc54+84bEZLArRibVoXKu44nut+Hw=="
    },
    "node_modules/@quenty/table": {
      "version": "1.0.1",
      "resolved": "https://registry.npmjs.org/@quenty/table/-/table-1.0.1.tgz",
      "integrity": "sha512-nnv2kIMtTsx0Il8Pe/8yV5acVFdd88NHGbfgn4ee/gdEnfsiHzup0mWSSrvWfjsCrrxNTTauLOUUINXXGwJsLg=="
    },
    "node_modules/@quenty/throttle": {
      "version": "1.0.1",
      "resolved": "https://registry.npmjs.org/@quenty/throttle/-/throttle-1.0.1.tgz",
      "integrity": "sha512-ZlhilH2nRbHZRbSTcv7A9gh7JJ9zfN3PPGYCvnHHjtkwP77weF+sS6zlfQP1ptljCBS5kVP6JKa72kslIMfSkQ==",
      "peerDependencies": {
        "@quenty/loader": "^1.0.0"
      }
    },
    "node_modules/@quenty/valuebaseutils": {
      "version": "1.0.1",
      "resolved": "https://registry.npmjs.org/@quenty/valuebaseutils/-/valuebaseutils-1.0.1.tgz",
      "integrity": "sha512-1geWxDAsr/zR26Xtnj8Il+RpvPzEtlA//gst+GyvkFdWztBbfY7TZIDq2phNY4GBSMp7HWbPpZs/T1xA0S8TWA==",
      "dependencies": {
        "@quenty/brio": "^1.0.1",
        "@quenty/instanceutils": "^1.0.1",
        "@quenty/promise": "^1.0.1"
      },
      "peerDependencies": {
        "@quenty/loader": "^1.0.0"
      }
    },
    "node_modules/@quenty/valueobject": {
      "version": "1.0.1",
      "resolved": "https://registry.npmjs.org/@quenty/valueobject/-/valueobject-1.0.1.tgz",
      "integrity": "sha512-vh9V2vyWvpT9zUW9CaUVnqo0n+1EeTNLnVtvn31u4yIXypggJ9ZSGXRaRKsIloEob7hbWXL8GBb0Dc3OGajhYQ==",
      "dependencies": {
        "@quenty/maid": "^1.0.1",
        "@quenty/rx": "^1.0.1",
        "@quenty/signal": "^1.0.1"
      }
    }
  },
  "dependencies": {
    "@quenty/acceltween": {
      "version": "1.0.1",
      "resolved": "https://registry.npmjs.org/@quenty/acceltween/-/acceltween-1.0.1.tgz",
      "integrity": "sha512-aADVRiuPYWonjFW25J3BQZDM12T9emexcS5lq2DZt42UManZJiqaCVV2Njx5glMbW0FclwE+xBx6HhXusX649w=="
    },
    "@quenty/baseobject": {
      "version": "1.0.1",
      "resolved": "https://registry.npmjs.org/@quenty/baseobject/-/baseobject-1.0.1.tgz",
      "integrity": "sha512-M9cyqB28NkVVXnPPeOh1dOcT/m32Yl035qxQSdu9RAqglN4eVOxWrwY3D5iwaEG+fqKMjZaqzZvcGC0U2BNPDw==",
      "requires": {
        "@quenty/maid": "^1.0.1"
      }
    },
    "@quenty/binarysearch": {
      "version": "1.0.1",
      "resolved": "https://registry.npmjs.org/@quenty/binarysearch/-/binarysearch-1.0.1.tgz",
      "integrity": "sha512-NXxymtWG+XxnP5MzL9sYfTF0O4mCvnStlyV9Dx8250P9Q/YJpB3CYCcV4h9p4Z4PW+S+b0yM98tjkHps8QYypQ=="
    },
    "@quenty/binder": {
      "version": "1.0.1",
      "resolved": "https://registry.npmjs.org/@quenty/binder/-/binder-1.0.1.tgz",
      "integrity": "sha512-vZnieue55x4qBWyLujWEICKayBn9a+fC5pM6fltnlRMnN9JUad2BERivl43QcH6m8mdCd6agyKLdaHRo3hUCpg==",
      "requires": {
        "@quenty/baseobject": "^1.0.1",
        "@quenty/brio": "^1.0.1",
        "@quenty/instanceutils": "^1.0.1",
        "@quenty/linkutils": "^1.0.1",
        "@quenty/maid": "^1.0.1",
        "@quenty/promise": "^1.0.1",
        "@quenty/rx": "^1.0.1",
        "@quenty/signal": "^1.0.1",
        "@quenty/valueobject": "^1.0.1"
      }
    },
    "@quenty/brio": {
      "version": "1.0.1",
      "resolved": "https://registry.npmjs.org/@quenty/brio/-/brio-1.0.1.tgz",
      "integrity": "sha512-BMEsU81q2X/Fesb79uq4HqSceeXJ/gYsU1v1BDKmiplovOnYYUI5iu6SBLoSR9QUPCMfCVZhD3700dB3Fchc8w==",
      "requires": {
        "@quenty/maid": "^1.0.1",
        "@quenty/rx": "^1.0.1"
      }
    },
    "@quenty/camera": {
      "version": "1.0.1",
      "resolved": "https://registry.npmjs.org/@quenty/camera/-/camera-1.0.1.tgz",
      "integrity": "sha512-eosghMreLgsaS3Yn87Pm6LQnr6fAQbOD2TqAUsUZ9TZopKh3sP2Z2Ov1sKacWmkIS3Etl6MbAnBzka6f0Umb9A==",
      "requires": {
        "@quenty/acceltween": "^1.0.1",
        "@quenty/cframeutils": "^1.0.1",
        "@quenty/cubicspline": "^1.0.1",
        "@quenty/inputobjectutils": "^1.0.1",
        "@quenty/maid": "^1.0.1",
        "@quenty/math": "^1.0.1",
        "@quenty/qframe": "^1.0.1",
        "@quenty/spring": "^1.0.1"
      }
    },
    "@quenty/cframeutils": {
      "version": "1.0.1",
      "resolved": "https://registry.npmjs.org/@quenty/cframeutils/-/cframeutils-1.0.1.tgz",
      "integrity": "sha512-IJrc6e57k1+m/ZgnmFpOI4W/tEDuKucKCIdTv5va6tcViQACrBwTvOlD4Cf90c4qY9797s6NlZFimfmyDHvtRQ=="
    },
    "@quenty/characterutils": {
      "version": "1.0.1",
      "resolved": "https://registry.npmjs.org/@quenty/characterutils/-/characterutils-1.0.1.tgz",
      "integrity": "sha512-vbg4bBcee2bxOxCSFbPmKvuuurEK1zn5QPMBSYRqgHvJ2mzMT1nGwuhIuZ4J4DeNCwRy1bnG+9i+cHOutD0lFg==",
      "requires": {
        "@quenty/deferred": "^1.0.1",
        "@quenty/maid": "^1.0.1",
        "@quenty/promise": "^1.0.1"
      }
    },
    "@quenty/cubicspline": {
      "version": "1.0.1",
      "resolved": "https://registry.npmjs.org/@quenty/cubicspline/-/cubicspline-1.0.1.tgz",
      "integrity": "sha512-1xF6Y/U5TaPCqO41uMqoWMep37hLbZWHNkfAkgfj1kJISar5yU11osynYtjuSqwQ8RnTK7mNMKIyfaNlMCzm0A==",
      "requires": {
        "@quenty/binarysearch": "^1.0.1",
        "@quenty/linearsystemssolver": "^1.0.1"
      }
    },
    "@quenty/deferred": {
      "version": "1.0.1",
      "resolved": "https://registry.npmjs.org/@quenty/deferred/-/deferred-1.0.1.tgz",
      "integrity": "sha512-9iIr5zBGLjBPn9B7hBAUx3CtBSSzgzeT9xZONzvTirMzPrIx0pAqShQq7KpRqhGIzAgw8zyGW+TSeOx9AFGzQA=="
    },
    "@quenty/hapticfeedbackutils": {
      "version": "1.0.1",
      "resolved": "https://registry.npmjs.org/@quenty/hapticfeedbackutils/-/hapticfeedbackutils-1.0.1.tgz",
      "integrity": "sha512-jel65angXc7lqF7y6Qt9lNT1IJYjtGmSi/2hdLUGbcd+6FMcP5qSMwa6/Rm4WZnpmIlzNwQVRyVDPlQyKYfu9w=="
    },
    "@quenty/humanoidanimatorutils": {
      "version": "1.0.1",
      "resolved": "https://registry.npmjs.org/@quenty/humanoidanimatorutils/-/humanoidanimatorutils-1.0.1.tgz",
      "integrity": "sha512-otLzxUsHtkryAbftQjIEBhzBHBqWZl0B0GM4uoJCxIUAc7BPL4e7FMkk06Sa2cQ7yY+oZK+0g4eVEOTKAtnBYQ=="
    },
    "@quenty/inputobjectutils": {
      "version": "1.0.1",
      "resolved": "https://registry.npmjs.org/@quenty/inputobjectutils/-/inputobjectutils-1.0.1.tgz",
      "integrity": "sha512-7olC17evKh3GD6magNElK5iDNqM90g0OElTKTl0cLqsH/RCLaJ4cU1/U5BB0JQPuk76ReyMUK1EU1GPm2jJzIA=="
    },
    "@quenty/instanceutils": {
      "version": "1.0.1",
      "resolved": "https://registry.npmjs.org/@quenty/instanceutils/-/instanceutils-1.0.1.tgz",
      "integrity": "sha512-DcfVLGOTUI6rj6FxcdohAniICcaV9EpFK0adDmp/2/r7HFz7melcJ3GnHU88W6nyt2ZD9X/CIBp7OxDe1wlMjw==",
      "requires": {
        "@quenty/brio": "^1.0.1",
        "@quenty/maid": "^1.0.1",
        "@quenty/rx": "^1.0.1"
      }
    },
    "@quenty/linearsystemssolver": {
      "version": "1.0.1",
      "resolved": "https://registry.npmjs.org/@quenty/linearsystemssolver/-/linearsystemssolver-1.0.1.tgz",
      "integrity": "sha512-m9IrIsl0rxZMaaaDDyLH1qlYV/sJ7z6t/WKR7jOM0adi/KfkgF5V2bPRYHH2A+uVtDGw/OW6fhTx4XloXCuVPQ=="
    },
    "@quenty/linkutils": {
      "version": "1.0.1",
      "resolved": "https://registry.npmjs.org/@quenty/linkutils/-/linkutils-1.0.1.tgz",
      "integrity": "sha512-8T0xlUMe7bgaw5mjJk5gvueevMfpJg1aflTz/ebQQ5/+xADXNU/vZS61EQci0s/egociJQZq7uhYFXkUC79z7Q==",
      "requires": {
        "@quenty/brio": "^1.0.1",
        "@quenty/instanceutils": "^1.0.1",
        "@quenty/promise": "^1.0.1",
        "@quenty/rx": "^1.0.1"
      }
    },
    "@quenty/loader": {
      "version": "1.0.0",
      "resolved": "https://registry.npmjs.org/@quenty/loader/-/loader-1.0.0.tgz",
      "integrity": "sha512-pmBkbSqgm5wBMtGG3MEqc/kwKtjgFExuIbpQ7gJSDV50HBf7++DfvQNTCaNVzfu32KVtUvmM2Kw+8PJR1erJXQ==",
      "peer": true
    },
    "@quenty/maid": {
      "version": "1.0.1",
      "resolved": "https://registry.npmjs.org/@quenty/maid/-/maid-1.0.1.tgz",
      "integrity": "sha512-2ySji+Yq0spxhEQ8vy4cpnyEFfsffjREnFy2rAUPrEuUlJfOOJBjbnZS/TR9I6sjGfKaHPwCxyrwfjeQ/HlcfQ=="
    },
    "@quenty/math": {
      "version": "1.0.1",
      "resolved": "https://registry.npmjs.org/@quenty/math/-/math-1.0.1.tgz",
      "integrity": "sha512-Gr/8+v0GXapVXguJy5Nd3JJ+8yKhTezN+Gau9+2M+sduPosuEZjBL3lD1IjeyXHoOirKRLKtrESwZ+336U45+w=="
    },
    "@quenty/promise": {
      "version": "1.0.1",
      "resolved": "https://registry.npmjs.org/@quenty/promise/-/promise-1.0.1.tgz",
      "integrity": "sha512-ZzdqATzbmVy8ceeonaoZ6o5qMjogbj3JZlNi3ECnUE+3IQAeWvwGvIdHgo41J8iP5PKCVB7B5+IwKVQUIEtr1A==",
      "requires": {
        "@quenty/deferred": "^1.0.1",
        "@quenty/maid": "^1.0.1"
      }
    },
    "@quenty/qframe": {
      "version": "1.0.1",
      "resolved": "https://registry.npmjs.org/@quenty/qframe/-/qframe-1.0.1.tgz",
      "integrity": "sha512-26YjKZSmQL9k2RmXPJxS2/BpxKveOP3W119qZOeigcPj+RtkLCHymfFoNbMfmM5f4rVsIBIhWWtK8F5QX2VUiA==",
      "requires": {}
    },
    "@quenty/remoting": {
      "version": "1.0.1",
      "resolved": "https://registry.npmjs.org/@quenty/remoting/-/remoting-1.0.1.tgz",
      "integrity": "sha512-iv6X9+VVKeS7r/uu5WbmV8AY4K6uZKHdDXu/zCALr19nAAC/RYwT/XgcByn6olpjG2Xba5Ie29ru21pvTxylKQ==",
      "requires": {
        "@quenty/promise": "^1.0.1",
        "@quenty/table": "^1.0.1"
      }
    },
    "@quenty/rx": {
      "version": "1.0.1",
      "resolved": "https://registry.npmjs.org/@quenty/rx/-/rx-1.0.1.tgz",
      "integrity": "sha512-K9aD4y85LNqsuJzyUqAjX4RHbe/HpDbOHBXp4EjUaXxaQxVQcMDx+zb2zslCkPt61VvOKOq3CqVdIcTBpTXKuQ==",
      "requires": {
        "@quenty/maid": "^1.0.1",
        "@quenty/signal": "^1.0.1",
        "@quenty/symbol": "^1.0.1",
        "@quenty/table": "^1.0.1",
        "@quenty/throttle": "^1.0.1"
      }
    },
    "@quenty/signal": {
      "version": "1.0.1",
      "resolved": "https://registry.npmjs.org/@quenty/signal/-/signal-1.0.1.tgz",
      "integrity": "sha512-Cm6YTbxF/prWhDeRPppNtBRWVets7GSEnw+A49tOc3hU1pWjIECKYiU+OIjtim2Nr2DzHx7bPgpPVexlUPqe2g=="
    },
    "@quenty/spring": {
      "version": "1.0.1",
      "resolved": "https://registry.npmjs.org/@quenty/spring/-/spring-1.0.1.tgz",
      "integrity": "sha512-MDwanv1GJxuzgMXUTDYUFp6HiNFWYqHWAV7oZlI3g4rbPFMqjfBt0HDjZML9YyzMr4KtwEBqpYW0RybXVrjhbw=="
    },
    "@quenty/symbol": {
      "version": "1.0.1",
      "resolved": "https://registry.npmjs.org/@quenty/symbol/-/symbol-1.0.1.tgz",
      "integrity": "sha512-GDlVBJ68h9jdC0uw0zrzn5gBowHyMJOyc0OjSgV4TuW6jYNdEZ3AQHFIxfc54+84bEZLArRibVoXKu44nut+Hw=="
    },
    "@quenty/table": {
      "version": "1.0.1",
      "resolved": "https://registry.npmjs.org/@quenty/table/-/table-1.0.1.tgz",
      "integrity": "sha512-nnv2kIMtTsx0Il8Pe/8yV5acVFdd88NHGbfgn4ee/gdEnfsiHzup0mWSSrvWfjsCrrxNTTauLOUUINXXGwJsLg=="
    },
    "@quenty/throttle": {
      "version": "1.0.1",
      "resolved": "https://registry.npmjs.org/@quenty/throttle/-/throttle-1.0.1.tgz",
      "integrity": "sha512-ZlhilH2nRbHZRbSTcv7A9gh7JJ9zfN3PPGYCvnHHjtkwP77weF+sS6zlfQP1ptljCBS5kVP6JKa72kslIMfSkQ==",
      "requires": {}
    },
    "@quenty/valuebaseutils": {
      "version": "1.0.1",
      "resolved": "https://registry.npmjs.org/@quenty/valuebaseutils/-/valuebaseutils-1.0.1.tgz",
      "integrity": "sha512-1geWxDAsr/zR26Xtnj8Il+RpvPzEtlA//gst+GyvkFdWztBbfY7TZIDq2phNY4GBSMp7HWbPpZs/T1xA0S8TWA==",
      "requires": {
        "@quenty/brio": "^1.0.1",
        "@quenty/instanceutils": "^1.0.1",
        "@quenty/promise": "^1.0.1"
      }
    },
    "@quenty/valueobject": {
      "version": "1.0.1",
      "resolved": "https://registry.npmjs.org/@quenty/valueobject/-/valueobject-1.0.1.tgz",
      "integrity": "sha512-vh9V2vyWvpT9zUW9CaUVnqo0n+1EeTNLnVtvn31u4yIXypggJ9ZSGXRaRKsIloEob7hbWXL8GBb0Dc3OGajhYQ==",
      "requires": {
        "@quenty/maid": "^1.0.1",
        "@quenty/rx": "^1.0.1",
        "@quenty/signal": "^1.0.1"
      }
    }
  }
}
