{
  "name": "@quenty/ragdoll",
  "version": "0.0.0",
  "lockfileVersion": 2,
  "requires": true,
  "packages": {
    "": {
      "name": "@quenty/ragdoll",
      "version": "0.0.0",
      "license": "MIT",
      "dependencies": {
        "@quenty/baseobject": "~0.0.2",
        "@quenty/binder": "~0.0.0",
        "@quenty/camera": "^0.0.1",
        "@quenty/characterutils": "~0.0.0",
        "@quenty/hapticfeedbackutils": "^0.0.0",
        "@quenty/humanoidanimatorutils": "~0.0.0",
        "@quenty/maid": "~0.0.2",
        "@quenty/promise": "~0.0.1",
        "@quenty/table": "~0.0.0"
      },
      "peerDependencies": {
        "@quenty/loader": "~0.0.2"
      }
    },
    "node_modules/@quenty/acceltween": {
      "version": "0.0.0",
      "resolved": "https://registry.npmjs.org/@quenty/acceltween/-/acceltween-0.0.0.tgz",
      "integrity": "sha512-53IYLZFb//nAcB2Yu/EtWPoPYvu9PwHhZ9NwR11bANieI7bkvBdQcfdktgzC4ONMNcnjt1l8M0943PZMjz/0MQ=="
    },
    "node_modules/@quenty/baseobject": {
      "version": "0.0.2",
      "resolved": "https://registry.npmjs.org/@quenty/baseobject/-/baseobject-0.0.2.tgz",
      "integrity": "sha512-+4Lnxmpf6JRDrq24AqMRTpAxqyuPb5SoYJviXnIGNlEUjlYZACZBzebJ0wsjx3ZdXyG7k/3BakOORuLrHgGfvg==",
      "dependencies": {
        "@quenty/maid": "~0.0.1"
      },
      "peerDependencies": {
        "@quenty/loader": "~0.0.2"
      }
    },
    "node_modules/@quenty/binarysearch": {
      "version": "0.0.0",
      "resolved": "https://registry.npmjs.org/@quenty/binarysearch/-/binarysearch-0.0.0.tgz",
      "integrity": "sha512-jNTbUX7uPV087icbWzqZj3ii1c0B0GSOYqnCdhGT5m61bz6oKN9gcEyK3g62Tgi4y6t14YYc0bJ24Pkq9wq84w=="
    },
    "node_modules/@quenty/binder": {
      "version": "0.0.0",
      "resolved": "https://registry.npmjs.org/@quenty/binder/-/binder-0.0.0.tgz",
      "integrity": "sha512-rwv1Dh2RWhaxxi1IL0Zspvag60Or4o+wSV5Yqi8HsC4Jxle7pV/qG6boLpsUtr6EQDaqT9BK/SRbJ+WPewVetQ==",
      "dependencies": {
        "@quenty/baseobject": "~0.0.2",
        "@quenty/maid": "~0.0.2",
        "@quenty/promise": "~0.0.1",
        "@quenty/rx": "~0.0.0",
        "@quenty/signal": "~0.0.0",
        "@quenty/valueobject": "~0.0.0"
      },
      "peerDependencies": {
        "@quenty/loader": "~0.0.2"
      }
    },
    "node_modules/@quenty/brio": {
      "version": "0.0.0",
      "resolved": "https://registry.npmjs.org/@quenty/brio/-/brio-0.0.0.tgz",
      "integrity": "sha512-ahJY/l5mnKyWP8tsf8+6x1LA/P56l9x5CGz7vhczxpaFH85ytO3SLVpGq5uVMIVcBO2dt3V2C/tYzusOfAQODA==",
      "dependencies": {
        "@quenty/maid": "~0.0.2"
      }
    },
    "node_modules/@quenty/camera": {
      "version": "0.0.1",
      "resolved": "https://registry.npmjs.org/@quenty/camera/-/camera-0.0.1.tgz",
      "integrity": "sha512-FjSeBLd6yRojMS2m0Bs/GMwamLjJF75yYavUZbEwy8VrhFZWpmuZJFTSTwsSVmr1EQZ6PSw9Z3ej+wYP5XpAuA==",
      "dependencies": {
        "@quenty/acceltween": "~0.0.0",
        "@quenty/cframeutils": "~0.0.0",
        "@quenty/cubicspline": "~0.0.0",
        "@quenty/inputobjectutils": "~0.0.1",
        "@quenty/maid": "~0.0.2",
        "@quenty/math": "^0.0.0",
        "@quenty/qframe": "~0.0.0",
        "@quenty/spring": "~0.0.0"
      },
      "peerDependencies": {
        "@quenty/loader": "~0.0.2"
      }
    },
    "node_modules/@quenty/cframeutils": {
      "version": "0.0.0",
      "resolved": "https://registry.npmjs.org/@quenty/cframeutils/-/cframeutils-0.0.0.tgz",
      "integrity": "sha512-EmAPcN4FamJVNIyXJBkKjZ35INc/4fu6+F7CEFD4P8Qd+LIo+/d7e1ZuZITTL7BRaFyKfcVzJo92m0N8LDD7rQ=="
    },
    "node_modules/@quenty/characterutils": {
      "version": "0.0.0",
      "resolved": "https://registry.npmjs.org/@quenty/characterutils/-/characterutils-0.0.0.tgz",
      "integrity": "sha512-uwDZDUD5Cao/8O0klnr6ZmOfUcMdC/mS7c2PnIIJ4x59/DsNwGxvdGV/TtBRyldUEGghkpzPf9eWr7RPKZ/WRA==",
      "dependencies": {
        "@quenty/deferred": "^0.0.1",
        "@quenty/maid": "^0.0.2",
        "@quenty/promise": "^0.0.1"
      },
      "peerDependencies": {
        "@quenty/loader": "~0.0.2"
      }
    },
    "node_modules/@quenty/cubicspline": {
      "version": "0.0.0",
      "resolved": "https://registry.npmjs.org/@quenty/cubicspline/-/cubicspline-0.0.0.tgz",
      "integrity": "sha512-opboCjMHdMGRP86pEcrLE25Ym0qczLBw5Ly8TClrcbZ9gtmAct9gXPe4vHJjht1JC42sU86Td1RrvHQK2OGpKA==",
      "dependencies": {
        "@quenty/binarysearch": "~0.0.0",
        "@quenty/linearsystemssolver": "~0.0.0"
      },
      "peerDependencies": {
        "@quenty/loader": "~0.0.2"
      }
    },
    "node_modules/@quenty/deferred": {
      "version": "0.0.1",
      "resolved": "https://registry.npmjs.org/@quenty/deferred/-/deferred-0.0.1.tgz",
      "integrity": "sha512-mgl8B/tP2dufMavh46ivwVyQ9qKCNclcT5NX4hG1NiRoVTMo13Z8ntUdxEjcakpl97zn4tIo5MbAi45mtoplMw=="
    },
    "node_modules/@quenty/hapticfeedbackutils": {
      "version": "0.0.0",
      "resolved": "https://registry.npmjs.org/@quenty/hapticfeedbackutils/-/hapticfeedbackutils-0.0.0.tgz",
      "integrity": "sha512-bfU42y7kO+2AF/55RKnhdp7zUsgHyMGIPw51RCEw8APsStTGGeSRfI8CXsiI4P3deRR9bxc+j5K3Jh2EOqvZ3A=="
    },
    "node_modules/@quenty/humanoidanimatorutils": {
      "version": "0.0.0",
      "resolved": "https://registry.npmjs.org/@quenty/humanoidanimatorutils/-/humanoidanimatorutils-0.0.0.tgz",
      "integrity": "sha512-efEcpeefp18pZClOQakwJ1sNLmXdl1nK3RPhpPsFO67L8GXszp54q7PVDi9FimlyqYgQVB3msekKlp7BRLSB4A=="
    },
    "node_modules/@quenty/inputobjectutils": {
      "version": "0.0.2",
      "resolved": "https://registry.npmjs.org/@quenty/inputobjectutils/-/inputobjectutils-0.0.2.tgz",
      "integrity": "sha512-yRXRKARSS61dKSjiWN9CY3kFtaGk/y7Jkuu7Hae0hOw49F4B6lbzGDTTXLYiYAHOsUX74+C9fzVfpo3TVMcBcA=="
    },
    "node_modules/@quenty/linearsystemssolver": {
      "version": "0.0.0",
      "resolved": "https://registry.npmjs.org/@quenty/linearsystemssolver/-/linearsystemssolver-0.0.0.tgz",
      "integrity": "sha512-8H5Wdx/2N+8U0laZC9usZvWdQlJxsGOBtQtK0inMS6aAnbZaP30rzdFy03CwSAuWL48z+pKEbJSJy4Gk3bCIUQ=="
    },
    "node_modules/@quenty/loader": {
      "version": "0.0.2",
      "resolved": "https://registry.npmjs.org/@quenty/loader/-/loader-0.0.2.tgz",
      "integrity": "sha512-OgLqSDkAw8621oerYaXW+8SzwnLn1Nyg/obgrnS9SDYIYd+M3m+91Zwvz+eVQshva7BWUyXZTqVel2rrbvymtg==",
      "peer": true
    },
    "node_modules/@quenty/maid": {
      "version": "0.0.2",
      "resolved": "https://registry.npmjs.org/@quenty/maid/-/maid-0.0.2.tgz",
      "integrity": "sha512-XPdHteZ3lh6PUeiDbWfBv7Cmo/xn3+pFG1bZ+7HCVsZeKwa11F++Pviwe7sUdkr7G1pWeA0JnGpljdNQo7xobw=="
    },
    "node_modules/@quenty/math": {
      "version": "0.0.0",
      "resolved": "https://registry.npmjs.org/@quenty/math/-/math-0.0.0.tgz",
      "integrity": "sha512-UowKPZAPC7SSjovFmqYnKRJnEutukIxAFpIYKKCyEv0zngYizvCIYQMmWy7rEigesAutAqNgeZyLKpdpuqNWfg=="
    },
    "node_modules/@quenty/promise": {
      "version": "0.0.1",
      "resolved": "https://registry.npmjs.org/@quenty/promise/-/promise-0.0.1.tgz",
      "integrity": "sha512-ckSlcRIccO9BHStsvNzLVQdslwOlKZ4lWv+9myOYfBsq1ti/4OUtVqTVJc95Z/Ux6NV6bWyO8qtlVF1QY3R32A==",
      "dependencies": {
        "@quenty/deferred": "~0.0.1",
        "@quenty/maid": "~0.0.1"
      },
      "peerDependencies": {
        "@quenty/loader": "~0.0.2"
      }
    },
    "node_modules/@quenty/qframe": {
      "version": "0.0.0",
      "resolved": "https://registry.npmjs.org/@quenty/qframe/-/qframe-0.0.0.tgz",
      "integrity": "sha512-4Pgz4AB7NxUJFhcxiYSIK4XSphR27kurbE6ypd7/ha11b8ABGZD0LmJAlBc71XsitmatQII7bdO7ium0m/jt8w==",
      "peerDependencies": {
        "@quenty/loader": "~0.0.2"
      }
    },
    "node_modules/@quenty/rx": {
      "version": "0.0.0",
      "resolved": "https://registry.npmjs.org/@quenty/rx/-/rx-0.0.0.tgz",
      "integrity": "sha512-Fz1AXqwizHJnxnjPg+PettUmx2zyWwWQsJuBW64tQSYug8NxhTg9IdoBrCXHQurVpojywYHitviP3lyOJuR7OA==",
      "dependencies": {
        "@quenty/brio": "~0.0.0",
        "@quenty/maid": "~0.0.2",
        "@quenty/signal": "~0.0.0",
        "@quenty/symbol": "~0.0.0",
        "@quenty/table": "~0.0.0",
        "@quenty/throttle": "~0.0.0"
      }
    },
    "node_modules/@quenty/signal": {
      "version": "0.0.0",
      "resolved": "https://registry.npmjs.org/@quenty/signal/-/signal-0.0.0.tgz",
      "integrity": "sha512-KDpBLxQ2qgfCL5xaDy2ZDXmsnJbfBIQkgeyAFXfInZ+s/475bRaKFczvQ60BGuNa3d8TY+JnNrxT3eUrzBlt/A=="
    },
    "node_modules/@quenty/spring": {
      "version": "0.0.0",
      "resolved": "https://registry.npmjs.org/@quenty/spring/-/spring-0.0.0.tgz",
      "integrity": "sha512-TnKK6K7p4hXr/wXc3PSTPtnBITGPB4HmQATRR5ypnXSzcVjLe3Ma3/B7lhKJJAaim34Glk7RGg+BrT4dJj7sPA=="
    },
    "node_modules/@quenty/symbol": {
      "version": "0.0.0",
      "resolved": "https://registry.npmjs.org/@quenty/symbol/-/symbol-0.0.0.tgz",
      "integrity": "sha512-+tpclLv+Sn+Be37Xs2AEynabcJPW093b0vGLcsZwWU68SANgkYAXkvr/+Uc39q6l9Kun87c2n36dyI8I/o55Ow=="
    },
    "node_modules/@quenty/table": {
      "version": "0.0.0",
      "resolved": "https://registry.npmjs.org/@quenty/table/-/table-0.0.0.tgz",
      "integrity": "sha512-W6NroDCUuhyXkZTdopVDhCbDo1ZxtXaWEcLEz8wx4FcyR/3oqUvLn3jN6i2Rlya+BrCStbHf0xE6fy+PjTeZ2g=="
    },
    "node_modules/@quenty/throttle": {
      "version": "0.0.1",
      "resolved": "https://registry.npmjs.org/@quenty/throttle/-/throttle-0.0.1.tgz",
      "integrity": "sha512-3JzH+dZT4msgdSSe54+6uEk+XDX3WaDdwMRBaUkjyqRjsJY6rrA3O18DaSDQ52L0Dt1It2rHPye0nrxBSTlkFw==",
      "peerDependencies": {
        "@quenty/loader": "~0.0.2"
      }
    },
    "node_modules/@quenty/valueobject": {
      "version": "0.0.0",
      "resolved": "https://registry.npmjs.org/@quenty/valueobject/-/valueobject-0.0.0.tgz",
      "integrity": "sha512-NMJzb3ESSFzE91REW7gLSHukPAmYY9gXblQZS/FQ3s9IQo9YUjJL+gEQt3iol4EPPMOwIbkBUr6MaSg1xq5Trw==",
      "dependencies": {
        "@quenty/maid": "~0.0.2",
        "@quenty/rx": "~0.0.0",
        "@quenty/signal": "~0.0.0"
      }
    }
  },
  "dependencies": {
    "@quenty/acceltween": {
      "version": "0.0.0",
      "resolved": "https://registry.npmjs.org/@quenty/acceltween/-/acceltween-0.0.0.tgz",
      "integrity": "sha512-53IYLZFb//nAcB2Yu/EtWPoPYvu9PwHhZ9NwR11bANieI7bkvBdQcfdktgzC4ONMNcnjt1l8M0943PZMjz/0MQ=="
    },
    "@quenty/baseobject": {
      "version": "0.0.2",
      "resolved": "https://registry.npmjs.org/@quenty/baseobject/-/baseobject-0.0.2.tgz",
      "integrity": "sha512-+4Lnxmpf6JRDrq24AqMRTpAxqyuPb5SoYJviXnIGNlEUjlYZACZBzebJ0wsjx3ZdXyG7k/3BakOORuLrHgGfvg==",
      "requires": {
        "@quenty/maid": "~0.0.1"
      }
    },
    "@quenty/binarysearch": {
      "version": "0.0.0",
      "resolved": "https://registry.npmjs.org/@quenty/binarysearch/-/binarysearch-0.0.0.tgz",
      "integrity": "sha512-jNTbUX7uPV087icbWzqZj3ii1c0B0GSOYqnCdhGT5m61bz6oKN9gcEyK3g62Tgi4y6t14YYc0bJ24Pkq9wq84w=="
    },
    "@quenty/binder": {
      "version": "0.0.0",
      "resolved": "https://registry.npmjs.org/@quenty/binder/-/binder-0.0.0.tgz",
      "integrity": "sha512-rwv1Dh2RWhaxxi1IL0Zspvag60Or4o+wSV5Yqi8HsC4Jxle7pV/qG6boLpsUtr6EQDaqT9BK/SRbJ+WPewVetQ==",
      "requires": {
        "@quenty/baseobject": "~0.0.2",
        "@quenty/maid": "~0.0.2",
        "@quenty/promise": "~0.0.1",
        "@quenty/rx": "~0.0.0",
        "@quenty/signal": "~0.0.0",
        "@quenty/valueobject": "~0.0.0"
      }
    },
    "@quenty/brio": {
      "version": "0.0.0",
      "resolved": "https://registry.npmjs.org/@quenty/brio/-/brio-0.0.0.tgz",
      "integrity": "sha512-ahJY/l5mnKyWP8tsf8+6x1LA/P56l9x5CGz7vhczxpaFH85ytO3SLVpGq5uVMIVcBO2dt3V2C/tYzusOfAQODA==",
      "requires": {
        "@quenty/maid": "~0.0.2"
      }
    },
    "@quenty/camera": {
      "version": "0.0.1",
      "resolved": "https://registry.npmjs.org/@quenty/camera/-/camera-0.0.1.tgz",
      "integrity": "sha512-FjSeBLd6yRojMS2m0Bs/GMwamLjJF75yYavUZbEwy8VrhFZWpmuZJFTSTwsSVmr1EQZ6PSw9Z3ej+wYP5XpAuA==",
      "requires": {
        "@quenty/acceltween": "~0.0.0",
        "@quenty/cframeutils": "~0.0.0",
        "@quenty/cubicspline": "~0.0.0",
        "@quenty/inputobjectutils": "~0.0.1",
        "@quenty/maid": "~0.0.2",
        "@quenty/math": "^0.0.0",
        "@quenty/qframe": "~0.0.0",
        "@quenty/spring": "~0.0.0"
      }
    },
    "@quenty/cframeutils": {
      "version": "0.0.0",
      "resolved": "https://registry.npmjs.org/@quenty/cframeutils/-/cframeutils-0.0.0.tgz",
      "integrity": "sha512-EmAPcN4FamJVNIyXJBkKjZ35INc/4fu6+F7CEFD4P8Qd+LIo+/d7e1ZuZITTL7BRaFyKfcVzJo92m0N8LDD7rQ=="
    },
    "@quenty/characterutils": {
      "version": "0.0.0",
      "resolved": "https://registry.npmjs.org/@quenty/characterutils/-/characterutils-0.0.0.tgz",
      "integrity": "sha512-uwDZDUD5Cao/8O0klnr6ZmOfUcMdC/mS7c2PnIIJ4x59/DsNwGxvdGV/TtBRyldUEGghkpzPf9eWr7RPKZ/WRA==",
      "requires": {
        "@quenty/deferred": "^0.0.1",
        "@quenty/maid": "^0.0.2",
        "@quenty/promise": "^0.0.1"
      }
    },
    "@quenty/cubicspline": {
      "version": "0.0.0",
      "resolved": "https://registry.npmjs.org/@quenty/cubicspline/-/cubicspline-0.0.0.tgz",
      "integrity": "sha512-opboCjMHdMGRP86pEcrLE25Ym0qczLBw5Ly8TClrcbZ9gtmAct9gXPe4vHJjht1JC42sU86Td1RrvHQK2OGpKA==",
      "requires": {
        "@quenty/binarysearch": "~0.0.0",
        "@quenty/linearsystemssolver": "~0.0.0"
      }
    },
    "@quenty/deferred": {
      "version": "0.0.1",
      "resolved": "https://registry.npmjs.org/@quenty/deferred/-/deferred-0.0.1.tgz",
      "integrity": "sha512-mgl8B/tP2dufMavh46ivwVyQ9qKCNclcT5NX4hG1NiRoVTMo13Z8ntUdxEjcakpl97zn4tIo5MbAi45mtoplMw=="
    },
    "@quenty/hapticfeedbackutils": {
      "version": "0.0.0",
      "resolved": "https://registry.npmjs.org/@quenty/hapticfeedbackutils/-/hapticfeedbackutils-0.0.0.tgz",
      "integrity": "sha512-bfU42y7kO+2AF/55RKnhdp7zUsgHyMGIPw51RCEw8APsStTGGeSRfI8CXsiI4P3deRR9bxc+j5K3Jh2EOqvZ3A=="
    },
    "@quenty/humanoidanimatorutils": {
      "version": "0.0.0",
      "resolved": "https://registry.npmjs.org/@quenty/humanoidanimatorutils/-/humanoidanimatorutils-0.0.0.tgz",
      "integrity": "sha512-efEcpeefp18pZClOQakwJ1sNLmXdl1nK3RPhpPsFO67L8GXszp54q7PVDi9FimlyqYgQVB3msekKlp7BRLSB4A=="
    },
    "@quenty/inputobjectutils": {
      "version": "0.0.2",
      "resolved": "https://registry.npmjs.org/@quenty/inputobjectutils/-/inputobjectutils-0.0.2.tgz",
      "integrity": "sha512-yRXRKARSS61dKSjiWN9CY3kFtaGk/y7Jkuu7Hae0hOw49F4B6lbzGDTTXLYiYAHOsUX74+C9fzVfpo3TVMcBcA=="
    },
    "@quenty/linearsystemssolver": {
      "version": "0.0.0",
      "resolved": "https://registry.npmjs.org/@quenty/linearsystemssolver/-/linearsystemssolver-0.0.0.tgz",
      "integrity": "sha512-8H5Wdx/2N+8U0laZC9usZvWdQlJxsGOBtQtK0inMS6aAnbZaP30rzdFy03CwSAuWL48z+pKEbJSJy4Gk3bCIUQ=="
    },
    "@quenty/loader": {
      "version": "0.0.2",
      "resolved": "https://registry.npmjs.org/@quenty/loader/-/loader-0.0.2.tgz",
      "integrity": "sha512-OgLqSDkAw8621oerYaXW+8SzwnLn1Nyg/obgrnS9SDYIYd+M3m+91Zwvz+eVQshva7BWUyXZTqVel2rrbvymtg==",
      "peer": true
    },
    "@quenty/maid": {
      "version": "0.0.2",
      "resolved": "https://registry.npmjs.org/@quenty/maid/-/maid-0.0.2.tgz",
      "integrity": "sha512-XPdHteZ3lh6PUeiDbWfBv7Cmo/xn3+pFG1bZ+7HCVsZeKwa11F++Pviwe7sUdkr7G1pWeA0JnGpljdNQo7xobw=="
    },
    "@quenty/math": {
      "version": "0.0.0",
      "resolved": "https://registry.npmjs.org/@quenty/math/-/math-0.0.0.tgz",
      "integrity": "sha512-UowKPZAPC7SSjovFmqYnKRJnEutukIxAFpIYKKCyEv0zngYizvCIYQMmWy7rEigesAutAqNgeZyLKpdpuqNWfg=="
    },
    "@quenty/promise": {
      "version": "0.0.1",
      "resolved": "https://registry.npmjs.org/@quenty/promise/-/promise-0.0.1.tgz",
      "integrity": "sha512-ckSlcRIccO9BHStsvNzLVQdslwOlKZ4lWv+9myOYfBsq1ti/4OUtVqTVJc95Z/Ux6NV6bWyO8qtlVF1QY3R32A==",
      "requires": {
        "@quenty/deferred": "~0.0.1",
        "@quenty/maid": "~0.0.1"
      }
    },
    "@quenty/qframe": {
      "version": "0.0.0",
      "resolved": "https://registry.npmjs.org/@quenty/qframe/-/qframe-0.0.0.tgz",
      "integrity": "sha512-4Pgz4AB7NxUJFhcxiYSIK4XSphR27kurbE6ypd7/ha11b8ABGZD0LmJAlBc71XsitmatQII7bdO7ium0m/jt8w==",
      "requires": {}
    },
    "@quenty/rx": {
      "version": "0.0.0",
      "resolved": "https://registry.npmjs.org/@quenty/rx/-/rx-0.0.0.tgz",
      "integrity": "sha512-Fz1AXqwizHJnxnjPg+PettUmx2zyWwWQsJuBW64tQSYug8NxhTg9IdoBrCXHQurVpojywYHitviP3lyOJuR7OA==",
      "requires": {
        "@quenty/brio": "~0.0.0",
        "@quenty/maid": "~0.0.2",
        "@quenty/signal": "~0.0.0",
        "@quenty/symbol": "~0.0.0",
        "@quenty/table": "~0.0.0",
        "@quenty/throttle": "~0.0.0"
      }
    },
    "@quenty/signal": {
      "version": "0.0.0",
      "resolved": "https://registry.npmjs.org/@quenty/signal/-/signal-0.0.0.tgz",
      "integrity": "sha512-KDpBLxQ2qgfCL5xaDy2ZDXmsnJbfBIQkgeyAFXfInZ+s/475bRaKFczvQ60BGuNa3d8TY+JnNrxT3eUrzBlt/A=="
    },
    "@quenty/spring": {
      "version": "0.0.0",
      "resolved": "https://registry.npmjs.org/@quenty/spring/-/spring-0.0.0.tgz",
      "integrity": "sha512-TnKK6K7p4hXr/wXc3PSTPtnBITGPB4HmQATRR5ypnXSzcVjLe3Ma3/B7lhKJJAaim34Glk7RGg+BrT4dJj7sPA=="
    },
    "@quenty/symbol": {
      "version": "0.0.0",
      "resolved": "https://registry.npmjs.org/@quenty/symbol/-/symbol-0.0.0.tgz",
      "integrity": "sha512-+tpclLv+Sn+Be37Xs2AEynabcJPW093b0vGLcsZwWU68SANgkYAXkvr/+Uc39q6l9Kun87c2n36dyI8I/o55Ow=="
    },
    "@quenty/table": {
      "version": "0.0.0",
      "resolved": "https://registry.npmjs.org/@quenty/table/-/table-0.0.0.tgz",
      "integrity": "sha512-W6NroDCUuhyXkZTdopVDhCbDo1ZxtXaWEcLEz8wx4FcyR/3oqUvLn3jN6i2Rlya+BrCStbHf0xE6fy+PjTeZ2g=="
    },
    "@quenty/throttle": {
      "version": "0.0.1",
      "resolved": "https://registry.npmjs.org/@quenty/throttle/-/throttle-0.0.1.tgz",
      "integrity": "sha512-3JzH+dZT4msgdSSe54+6uEk+XDX3WaDdwMRBaUkjyqRjsJY6rrA3O18DaSDQ52L0Dt1It2rHPye0nrxBSTlkFw==",
      "requires": {}
    },
    "@quenty/valueobject": {
      "version": "0.0.0",
      "resolved": "https://registry.npmjs.org/@quenty/valueobject/-/valueobject-0.0.0.tgz",
      "integrity": "sha512-NMJzb3ESSFzE91REW7gLSHukPAmYY9gXblQZS/FQ3s9IQo9YUjJL+gEQt3iol4EPPMOwIbkBUr6MaSg1xq5Trw==",
      "requires": {
        "@quenty/maid": "~0.0.2",
        "@quenty/rx": "~0.0.0",
        "@quenty/signal": "~0.0.0"
      }
    }
  }
}
