{
  "name": "@quenty/spring",
  "version": "3.2.0",
  "lockfileVersion": 2,
  "requires": true,
  "packages": {
    "": {
      "name": "@quenty/spring",
      "version": "3.2.0",
      "license": "MIT",
      "dependencies": {
        "@quenty/loader": "file:../loader"
      },
      "funding": {
        "type": "patreon",
        "url": "https://www.patreon.com/quenty"
      }
    },
    "../loader": {
      "name": "@quenty/loader",
      "version": "3.3.0",
      "license": "MIT",
      "funding": {
        "type": "patreon",
        "url": "https://www.patreon.com/quenty"
      }
    },
    "node_modules/@quenty/loader": {
      "resolved": "../loader",
      "link": true
    }
  },
  "dependencies": {
    "@quenty/loader": {
      "version": "file:../loader"
    }
  }
}
