{
  "name": "@quenty/camera",
  "version": "1.0.0",
  "lockfileVersion": 2,
  "requires": true,
  "packages": {
    "": {
      "name": "@quenty/camera",
      "version": "0.0.1",
      "license": "MIT",
      "dependencies": {
        "@quenty/acceltween": "~0.0.0",
        "@quenty/cframeutils": "~0.0.0",
        "@quenty/cubicspline": "~0.0.0",
        "@quenty/inputobjectutils": "~0.0.1",
        "@quenty/maid": "~0.0.2",
        "@quenty/math": "^0.0.0",
        "@quenty/qframe": "~0.0.0",
        "@quenty/spring": "~0.0.0"
      },
      "devDependencies": {
        "@quenty/camerastoryutils": "~0.0.0"
      },
      "peerDependencies": {
        "@quenty/loader": "~0.0.2"
      }
    },
    "node_modules/@quenty/acceltween": {
      "version": "0.0.0",
      "resolved": "https://registry.npmjs.org/@quenty/acceltween/-/acceltween-0.0.0.tgz",
      "integrity": "sha512-53IYLZFb//nAcB2Yu/EtWPoPYvu9PwHhZ9NwR11bANieI7bkvBdQcfdktgzC4ONMNcnjt1l8M0943PZMjz/0MQ=="
    },
    "node_modules/@quenty/binarysearch": {
      "version": "0.0.0",
      "resolved": "https://registry.npmjs.org/@quenty/binarysearch/-/binarysearch-0.0.0.tgz",
      "integrity": "sha512-jNTbUX7uPV087icbWzqZj3ii1c0B0GSOYqnCdhGT5m61bz6oKN9gcEyK3g62Tgi4y6t14YYc0bJ24Pkq9wq84w=="
    },
    "node_modules/@quenty/camerastoryutils": {
      "version": "0.0.0",
      "resolved": "https://registry.npmjs.org/@quenty/camerastoryutils/-/camerastoryutils-0.0.0.tgz",
      "integrity": "sha512-Doht9PmuGmDigBTVtTfpYbpQfaWFRsRVeoSbmuUaInr4UR/iB9EJFBe2B8igwlmpjdRZiq7l340DrdAypO+epA==",
      "dev": true,
      "dependencies": {
        "@quenty/insertserviceutils": "~0.0.0",
        "@quenty/math": "~0.0.0",
        "@quenty/promise": "~0.0.1"
      },
      "peerDependencies": {
        "@quenty/loader": "~0.0.2"
      }
    },
    "node_modules/@quenty/cframeutils": {
      "version": "0.0.0",
      "resolved": "https://registry.npmjs.org/@quenty/cframeutils/-/cframeutils-0.0.0.tgz",
      "integrity": "sha512-EmAPcN4FamJVNIyXJBkKjZ35INc/4fu6+F7CEFD4P8Qd+LIo+/d7e1ZuZITTL7BRaFyKfcVzJo92m0N8LDD7rQ=="
    },
    "node_modules/@quenty/cubicspline": {
      "version": "0.0.0",
      "resolved": "https://registry.npmjs.org/@quenty/cubicspline/-/cubicspline-0.0.0.tgz",
      "integrity": "sha512-opboCjMHdMGRP86pEcrLE25Ym0qczLBw5Ly8TClrcbZ9gtmAct9gXPe4vHJjht1JC42sU86Td1RrvHQK2OGpKA==",
      "dependencies": {
        "@quenty/binarysearch": "~0.0.0",
        "@quenty/linearsystemssolver": "~0.0.0"
      },
      "peerDependencies": {
        "@quenty/loader": "~0.0.2"
      }
    },
    "node_modules/@quenty/deferred": {
      "version": "0.0.1",
      "resolved": "https://registry.npmjs.org/@quenty/deferred/-/deferred-0.0.1.tgz",
      "integrity": "sha512-mgl8B/tP2dufMavh46ivwVyQ9qKCNclcT5NX4hG1NiRoVTMo13Z8ntUdxEjcakpl97zn4tIo5MbAi45mtoplMw==",
      "dev": true
    },
    "node_modules/@quenty/inputobjectutils": {
      "version": "0.0.2",
      "resolved": "https://registry.npmjs.org/@quenty/inputobjectutils/-/inputobjectutils-0.0.2.tgz",
      "integrity": "sha512-yRXRKARSS61dKSjiWN9CY3kFtaGk/y7Jkuu7Hae0hOw49F4B6lbzGDTTXLYiYAHOsUX74+C9fzVfpo3TVMcBcA=="
    },
    "node_modules/@quenty/insertserviceutils": {
      "version": "0.0.0",
      "resolved": "https://registry.npmjs.org/@quenty/insertserviceutils/-/insertserviceutils-0.0.0.tgz",
      "integrity": "sha512-DY+A1wEg2sp1E+8L/tG6pZqaDI9riH8wCZuEyJeWAjpQ8f8Org7A6QpT7tde4ZmSzCCXOzE7oIBQqXYtUURUIQ==",
      "dev": true,
      "dependencies": {
        "@quenty/promise": "^0.0.1"
      },
      "peerDependencies": {
        "@quenty/loader": "~0.0.2"
      }
    },
    "node_modules/@quenty/linearsystemssolver": {
      "version": "0.0.0",
      "resolved": "https://registry.npmjs.org/@quenty/linearsystemssolver/-/linearsystemssolver-0.0.0.tgz",
      "integrity": "sha512-8H5Wdx/2N+8U0laZC9usZvWdQlJxsGOBtQtK0inMS6aAnbZaP30rzdFy03CwSAuWL48z+pKEbJSJy4Gk3bCIUQ=="
    },
    "node_modules/@quenty/loader": {
      "version": "0.0.2",
      "resolved": "https://registry.npmjs.org/@quenty/loader/-/loader-0.0.2.tgz",
      "integrity": "sha512-OgLqSDkAw8621oerYaXW+8SzwnLn1Nyg/obgrnS9SDYIYd+M3m+91Zwvz+eVQshva7BWUyXZTqVel2rrbvymtg==",
      "peer": true
    },
    "node_modules/@quenty/maid": {
      "version": "0.0.2",
      "resolved": "https://registry.npmjs.org/@quenty/maid/-/maid-0.0.2.tgz",
      "integrity": "sha512-XPdHteZ3lh6PUeiDbWfBv7Cmo/xn3+pFG1bZ+7HCVsZeKwa11F++Pviwe7sUdkr7G1pWeA0JnGpljdNQo7xobw=="
    },
    "node_modules/@quenty/math": {
      "version": "0.0.0",
      "resolved": "https://registry.npmjs.org/@quenty/math/-/math-0.0.0.tgz",
      "integrity": "sha512-UowKPZAPC7SSjovFmqYnKRJnEutukIxAFpIYKKCyEv0zngYizvCIYQMmWy7rEigesAutAqNgeZyLKpdpuqNWfg=="
    },
    "node_modules/@quenty/promise": {
      "version": "0.0.1",
      "resolved": "https://registry.npmjs.org/@quenty/promise/-/promise-0.0.1.tgz",
      "integrity": "sha512-ckSlcRIccO9BHStsvNzLVQdslwOlKZ4lWv+9myOYfBsq1ti/4OUtVqTVJc95Z/Ux6NV6bWyO8qtlVF1QY3R32A==",
      "dev": true,
      "dependencies": {
        "@quenty/deferred": "~0.0.1",
        "@quenty/maid": "~0.0.1"
      },
      "peerDependencies": {
        "@quenty/loader": "~0.0.2"
      }
    },
    "node_modules/@quenty/qframe": {
      "version": "0.0.0",
      "resolved": "https://registry.npmjs.org/@quenty/qframe/-/qframe-0.0.0.tgz",
      "integrity": "sha512-4Pgz4AB7NxUJFhcxiYSIK4XSphR27kurbE6ypd7/ha11b8ABGZD0LmJAlBc71XsitmatQII7bdO7ium0m/jt8w==",
      "peerDependencies": {
        "@quenty/loader": "~0.0.2"
      }
    },
    "node_modules/@quenty/spring": {
      "version": "0.0.0",
      "resolved": "https://registry.npmjs.org/@quenty/spring/-/spring-0.0.0.tgz",
      "integrity": "sha512-TnKK6K7p4hXr/wXc3PSTPtnBITGPB4HmQATRR5ypnXSzcVjLe3Ma3/B7lhKJJAaim34Glk7RGg+BrT4dJj7sPA=="
    }
  },
  "dependencies": {
    "@quenty/acceltween": {
      "version": "0.0.0",
      "resolved": "https://registry.npmjs.org/@quenty/acceltween/-/acceltween-0.0.0.tgz",
      "integrity": "sha512-53IYLZFb//nAcB2Yu/EtWPoPYvu9PwHhZ9NwR11bANieI7bkvBdQcfdktgzC4ONMNcnjt1l8M0943PZMjz/0MQ=="
    },
    "@quenty/binarysearch": {
      "version": "0.0.0",
      "resolved": "https://registry.npmjs.org/@quenty/binarysearch/-/binarysearch-0.0.0.tgz",
      "integrity": "sha512-jNTbUX7uPV087icbWzqZj3ii1c0B0GSOYqnCdhGT5m61bz6oKN9gcEyK3g62Tgi4y6t14YYc0bJ24Pkq9wq84w=="
    },
    "@quenty/camerastoryutils": {
      "version": "0.0.0",
      "resolved": "https://registry.npmjs.org/@quenty/camerastoryutils/-/camerastoryutils-0.0.0.tgz",
      "integrity": "sha512-Doht9PmuGmDigBTVtTfpYbpQfaWFRsRVeoSbmuUaInr4UR/iB9EJFBe2B8igwlmpjdRZiq7l340DrdAypO+epA==",
      "dev": true,
      "requires": {
        "@quenty/insertserviceutils": "~0.0.0",
        "@quenty/math": "~0.0.0",
        "@quenty/promise": "~0.0.1"
      }
    },
    "@quenty/cframeutils": {
      "version": "0.0.0",
      "resolved": "https://registry.npmjs.org/@quenty/cframeutils/-/cframeutils-0.0.0.tgz",
      "integrity": "sha512-EmAPcN4FamJVNIyXJBkKjZ35INc/4fu6+F7CEFD4P8Qd+LIo+/d7e1ZuZITTL7BRaFyKfcVzJo92m0N8LDD7rQ=="
    },
    "@quenty/cubicspline": {
      "version": "0.0.0",
      "resolved": "https://registry.npmjs.org/@quenty/cubicspline/-/cubicspline-0.0.0.tgz",
      "integrity": "sha512-opboCjMHdMGRP86pEcrLE25Ym0qczLBw5Ly8TClrcbZ9gtmAct9gXPe4vHJjht1JC42sU86Td1RrvHQK2OGpKA==",
      "requires": {
        "@quenty/binarysearch": "~0.0.0",
        "@quenty/linearsystemssolver": "~0.0.0"
      }
    },
    "@quenty/deferred": {
      "version": "0.0.1",
      "resolved": "https://registry.npmjs.org/@quenty/deferred/-/deferred-0.0.1.tgz",
      "integrity": "sha512-mgl8B/tP2dufMavh46ivwVyQ9qKCNclcT5NX4hG1NiRoVTMo13Z8ntUdxEjcakpl97zn4tIo5MbAi45mtoplMw==",
      "dev": true
    },
    "@quenty/inputobjectutils": {
      "version": "0.0.2",
      "resolved": "https://registry.npmjs.org/@quenty/inputobjectutils/-/inputobjectutils-0.0.2.tgz",
      "integrity": "sha512-yRXRKARSS61dKSjiWN9CY3kFtaGk/y7Jkuu7Hae0hOw49F4B6lbzGDTTXLYiYAHOsUX74+C9fzVfpo3TVMcBcA=="
    },
    "@quenty/insertserviceutils": {
      "version": "0.0.0",
      "resolved": "https://registry.npmjs.org/@quenty/insertserviceutils/-/insertserviceutils-0.0.0.tgz",
      "integrity": "sha512-DY+A1wEg2sp1E+8L/tG6pZqaDI9riH8wCZuEyJeWAjpQ8f8Org7A6QpT7tde4ZmSzCCXOzE7oIBQqXYtUURUIQ==",
      "dev": true,
      "requires": {
        "@quenty/promise": "^0.0.1"
      }
    },
    "@quenty/linearsystemssolver": {
      "version": "0.0.0",
      "resolved": "https://registry.npmjs.org/@quenty/linearsystemssolver/-/linearsystemssolver-0.0.0.tgz",
      "integrity": "sha512-8H5Wdx/2N+8U0laZC9usZvWdQlJxsGOBtQtK0inMS6aAnbZaP30rzdFy03CwSAuWL48z+pKEbJSJy4Gk3bCIUQ=="
    },
    "@quenty/loader": {
      "version": "0.0.2",
      "resolved": "https://registry.npmjs.org/@quenty/loader/-/loader-0.0.2.tgz",
      "integrity": "sha512-OgLqSDkAw8621oerYaXW+8SzwnLn1Nyg/obgrnS9SDYIYd+M3m+91Zwvz+eVQshva7BWUyXZTqVel2rrbvymtg==",
      "peer": true
    },
    "@quenty/maid": {
      "version": "0.0.2",
      "resolved": "https://registry.npmjs.org/@quenty/maid/-/maid-0.0.2.tgz",
      "integrity": "sha512-XPdHteZ3lh6PUeiDbWfBv7Cmo/xn3+pFG1bZ+7HCVsZeKwa11F++Pviwe7sUdkr7G1pWeA0JnGpljdNQo7xobw=="
    },
    "@quenty/math": {
      "version": "0.0.0",
      "resolved": "https://registry.npmjs.org/@quenty/math/-/math-0.0.0.tgz",
      "integrity": "sha512-UowKPZAPC7SSjovFmqYnKRJnEutukIxAFpIYKKCyEv0zngYizvCIYQMmWy7rEigesAutAqNgeZyLKpdpuqNWfg=="
    },
    "@quenty/promise": {
      "version": "0.0.1",
      "resolved": "https://registry.npmjs.org/@quenty/promise/-/promise-0.0.1.tgz",
      "integrity": "sha512-ckSlcRIccO9BHStsvNzLVQdslwOlKZ4lWv+9myOYfBsq1ti/4OUtVqTVJc95Z/Ux6NV6bWyO8qtlVF1QY3R32A==",
      "dev": true,
      "requires": {
        "@quenty/deferred": "~0.0.1",
        "@quenty/maid": "~0.0.1"
      }
    },
    "@quenty/qframe": {
      "version": "0.0.0",
      "resolved": "https://registry.npmjs.org/@quenty/qframe/-/qframe-0.0.0.tgz",
      "integrity": "sha512-4Pgz4AB7NxUJFhcxiYSIK4XSphR27kurbE6ypd7/ha11b8ABGZD0LmJAlBc71XsitmatQII7bdO7ium0m/jt8w==",
      "requires": {}
    },
    "@quenty/spring": {
      "version": "0.0.0",
      "resolved": "https://registry.npmjs.org/@quenty/spring/-/spring-0.0.0.tgz",
      "integrity": "sha512-TnKK6K7p4hXr/wXc3PSTPtnBITGPB4HmQATRR5ypnXSzcVjLe3Ma3/B7lhKJJAaim34Glk7RGg+BrT4dJj7sPA=="
    }
  }
}
