{
  "name": "@quenty/camera",
  "version": "2.0.1",
  "lockfileVersion": 2,
  "requires": true,
  "packages": {
    "": {
      "name": "@quenty/camera",
      "version": "2.0.0",
      "license": "MIT",
      "dependencies": {
        "@quenty/acceltween": "^1.2.0",
        "@quenty/cframeutils": "^1.2.0",
        "@quenty/cubicspline": "^1.2.0",
        "@quenty/inputobjectutils": "^1.2.0",
        "@quenty/maid": "^1.2.0",
        "@quenty/math": "^1.2.0",
        "@quenty/qframe": "^1.2.0",
        "@quenty/servicebag": "^1.0.0",
        "@quenty/spring": "^1.2.0"
      },
      "devDependencies": {
        "@quenty/camerastoryutils": "^1.2.0"
      },
      "funding": {
        "type": "patreon",
        "url": "https://www.patreon.com/quenty"
      },
      "peerDependencies": {
        "@quenty/loader": "^1.0.0"
      }
    },
    "../qframe": {
      "name": "@quenty/qframe",
      "version": "1.2.0",
      "license": "MIT",
      "devDependencies": {
        "@quenty/camerastoryutils": "^1.2.0",
        "@quenty/cubicspline": "^1.2.0",
        "@quenty/maid": "^1.2.0"
      },
      "funding": {
        "type": "patreon",
        "url": "https://www.patreon.com/quenty"
      },
      "peerDependencies": {
        "@quenty/loader": "^1.0.0"
      }
    },
    "../servicebag": {
      "name": "@quenty/servicebag",
      "version": "1.0.0",
      "extraneous": true,
      "license": "MIT",
      "dependencies": {
        "@quenty/baseobject": "^1.2.0",
        "@quenty/signal": "^1.2.0"
      },
      "funding": {
        "type": "patreon",
        "url": "https://www.patreon.com/quenty"
      },
      "peerDependencies": {
        "@quenty/loader": "^1.0.0"
      }
    },
    "node_modules/@quenty/acceltween": {
      "version": "1.2.0",
      "resolved": "https://registry.npmjs.org/@quenty/acceltween/-/acceltween-1.2.0.tgz",
      "integrity": "sha512-GaoX9bZXD8G+LYROuegOzKOii3o6pvEF5NzQ2RSBgrJeMvpBQNbUwO2qP3to1tMD+xwtsBU4ym7goE8uu9Yfsw==",
      "funding": {
        "type": "patreon",
        "url": "https://www.patreon.com/quenty"
      }
    },
    "node_modules/@quenty/baseobject": {
      "version": "1.2.0",
      "resolved": "https://registry.npmjs.org/@quenty/baseobject/-/baseobject-1.2.0.tgz",
      "integrity": "sha512-Oo4s1zwsYikJsjCYcZMsYft3AfLvQSJDSNC0t86BjT2G6HM4Oa3ljWeYxrG9ESx2Vz8Dvl0iEjxeNeoQBRufOA==",
      "dependencies": {
        "@quenty/maid": "^1.2.0"
      },
      "funding": {
        "type": "patreon",
        "url": "https://www.patreon.com/quenty"
      },
      "peerDependencies": {
        "@quenty/loader": "^1.0.0"
      }
    },
    "node_modules/@quenty/binarysearch": {
      "version": "1.2.0",
      "resolved": "https://registry.npmjs.org/@quenty/binarysearch/-/binarysearch-1.2.0.tgz",
      "integrity": "sha512-0iA/P1iuIqghPvKIBFe4zVjZPhnQtfm3KGUv0miNKt2hgmgRabHQItX0qL/lVFLtot0nIQmtDFm34r0yrRCa0Q==",
      "funding": {
        "type": "patreon",
        "url": "https://www.patreon.com/quenty"
      }
    },
    "node_modules/@quenty/camerastoryutils": {
      "version": "1.2.0",
      "resolved": "https://registry.npmjs.org/@quenty/camerastoryutils/-/camerastoryutils-1.2.0.tgz",
      "integrity": "sha512-oqQ+Gb8+lVHa7YY+hQYySZh4M4Ew9HKpUwp0X5ko1EC3MkKboqJ94X93OOL8TiYtqH6qUE1nxdD6ZisWWtB9Qw==",
      "dev": true,
      "dependencies": {
        "@quenty/insertserviceutils": "^1.2.0",
        "@quenty/math": "^1.2.0",
        "@quenty/promise": "^1.2.0"
      },
      "funding": {
        "type": "patreon",
        "url": "https://www.patreon.com/quenty"
      },
      "peerDependencies": {
        "@quenty/loader": "^1.0.0"
      }
    },
    "node_modules/@quenty/cframeutils": {
      "version": "1.2.0",
      "resolved": "https://registry.npmjs.org/@quenty/cframeutils/-/cframeutils-1.2.0.tgz",
      "integrity": "sha512-u/BMeuVhqUbJI7Gzjp7tQFwaPuDkH90j0itc0jTtvwG1iDcUupkvkro4tfbb93RdsGbK89qsuCvlPoNekHx4/Q==",
      "funding": {
        "type": "patreon",
        "url": "https://www.patreon.com/quenty"
      }
    },
    "node_modules/@quenty/cubicspline": {
      "version": "1.2.0",
      "resolved": "https://registry.npmjs.org/@quenty/cubicspline/-/cubicspline-1.2.0.tgz",
      "integrity": "sha512-jvytjY+YZ2iU/BqvZSlJlDXMjKnqJAZwg0OUwmSJ5qVnEh+s68oatTq9YPdwu6yReuPVGX3FMd1CZ/enW6ypVg==",
      "dependencies": {
        "@quenty/binarysearch": "^1.2.0",
        "@quenty/linearsystemssolver": "^1.2.0"
      },
      "funding": {
        "type": "patreon",
        "url": "https://www.patreon.com/quenty"
      },
      "peerDependencies": {
        "@quenty/loader": "^1.0.0"
      }
    },
    "node_modules/@quenty/deferred": {
      "version": "1.2.0",
      "resolved": "https://registry.npmjs.org/@quenty/deferred/-/deferred-1.2.0.tgz",
      "integrity": "sha512-kt4sz5v6b2WWoXIPhPtkm4nqWv/zF1q6tGTPY2AiUGzdbyGCUjsrrmkeWD/Qatdny1e6eTKakLRqLvmyjQRlgw==",
      "dev": true,
      "funding": {
        "type": "patreon",
        "url": "https://www.patreon.com/quenty"
      }
    },
    "node_modules/@quenty/inputobjectutils": {
      "version": "1.2.0",
      "resolved": "https://registry.npmjs.org/@quenty/inputobjectutils/-/inputobjectutils-1.2.0.tgz",
      "integrity": "sha512-HQ9RoVbrZ5if2E+5JxWEBMOraR3js81J1vRrub59rtIIWRRT+X5TXYd7VeCtFyrXATS7sMUhyYtz21Ck0O5CWg==",
      "funding": {
        "type": "patreon",
        "url": "https://www.patreon.com/quenty"
      }
    },
    "node_modules/@quenty/insertserviceutils": {
      "version": "1.2.0",
      "resolved": "https://registry.npmjs.org/@quenty/insertserviceutils/-/insertserviceutils-1.2.0.tgz",
      "integrity": "sha512-js+9YjgP9sjkhjL6JVuUGSTiF5qVsUgQFB1JGqsOqw48GFlM065C0kYLHleYHMHkhxjvy5VmBf44HRTg3wb2dQ==",
      "dev": true,
      "dependencies": {
        "@quenty/promise": "^1.2.0"
      },
      "funding": {
        "type": "patreon",
        "url": "https://www.patreon.com/quenty"
      },
      "peerDependencies": {
        "@quenty/loader": "^1.0.0"
      }
    },
    "node_modules/@quenty/linearsystemssolver": {
      "version": "1.2.0",
      "resolved": "https://registry.npmjs.org/@quenty/linearsystemssolver/-/linearsystemssolver-1.2.0.tgz",
      "integrity": "sha512-LpJBKr8z0hbp8cvLpeDjODlC32g5l5XoE1gVIP2EjYlPCf397gX07IpL3QuxgmyMX6c1Er7FAccGxUPWHv3CSQ==",
      "funding": {
        "type": "patreon",
        "url": "https://www.patreon.com/quenty"
      }
    },
    "node_modules/@quenty/loader": {
      "version": "1.0.0",
      "resolved": "https://registry.npmjs.org/@quenty/loader/-/loader-1.0.0.tgz",
      "integrity": "sha512-pmBkbSqgm5wBMtGG3MEqc/kwKtjgFExuIbpQ7gJSDV50HBf7++DfvQNTCaNVzfu32KVtUvmM2Kw+8PJR1erJXQ==",
      "peer": true
    },
    "node_modules/@quenty/maid": {
      "version": "1.2.0",
      "resolved": "https://registry.npmjs.org/@quenty/maid/-/maid-1.2.0.tgz",
      "integrity": "sha512-oeTQte7klLiMx+XNzkH225Sw+VTADv+svHRGm7kCylY2X1h12/AqsWIhE3L8KAPpJeNv0i8kKyACT64MJjzzxg==",
      "funding": {
        "type": "patreon",
        "url": "https://www.patreon.com/quenty"
      }
    },
    "node_modules/@quenty/math": {
      "version": "1.2.0",
      "resolved": "https://registry.npmjs.org/@quenty/math/-/math-1.2.0.tgz",
      "integrity": "sha512-eZN9AZVOlmzeA3H7gk1Mn8O2WNmcKExhPQ6cF41rqmD0X2dCh11nlmj/+rILZUPzp1xbPxxpWrDgLl7UcesH9g==",
      "funding": {
        "type": "patreon",
        "url": "https://www.patreon.com/quenty"
      }
    },
    "node_modules/@quenty/promise": {
      "version": "1.2.0",
      "resolved": "https://registry.npmjs.org/@quenty/promise/-/promise-1.2.0.tgz",
      "integrity": "sha512-1NTRq5SlVpUqOXAQeIIE4kv4Yts1Xk4zOM6OEkRmWHNhi0XSn3VMFWav7/FoPM587xHpvts2MShqrbRO48QEOw==",
      "dev": true,
      "dependencies": {
        "@quenty/deferred": "^1.2.0",
        "@quenty/maid": "^1.2.0"
      },
      "funding": {
        "type": "patreon",
        "url": "https://www.patreon.com/quenty"
      },
      "peerDependencies": {
        "@quenty/loader": "^1.0.0"
      }
    },
    "node_modules/@quenty/qframe": {
      "resolved": "../qframe",
      "link": true
    },
    "node_modules/@quenty/servicebag": {
      "version": "1.0.0",
      "resolved": "https://registry.npmjs.org/@quenty/servicebag/-/servicebag-1.0.0.tgz",
      "integrity": "sha512-ZiCAipJz92qa6IRL+Wgsj9/4De5Zmhia3DvSyW0KfpDR/+q8V7wIIdIYpyYu/jgzi2S/vRz2ZGrGEiGrOQio1A==",
      "dependencies": {
        "@quenty/baseobject": "^1.2.0",
        "@quenty/signal": "^1.2.0"
      },
      "funding": {
        "type": "patreon",
        "url": "https://www.patreon.com/quenty"
      },
      "peerDependencies": {
        "@quenty/loader": "^1.0.0"
      }
    },
    "node_modules/@quenty/signal": {
      "version": "1.2.0",
      "resolved": "https://registry.npmjs.org/@quenty/signal/-/signal-1.2.0.tgz",
      "integrity": "sha512-TaUdqRqu3C/ApATndj7mjDAcM+XatX4qdv621aZPZNKHkpBc/SaxAkVVsQzOC9z8nrOneQ3lPZM0rBojM7d9Qg==",
      "funding": {
        "type": "patreon",
        "url": "https://www.patreon.com/quenty"
      }
    },
    "node_modules/@quenty/spring": {
      "version": "1.2.0",
      "resolved": "https://registry.npmjs.org/@quenty/spring/-/spring-1.2.0.tgz",
      "integrity": "sha512-sbXfTS0rje3fRYFBEXfULKzK2pSMHJS8PQTO5k2hI3RNQZP+NUzBhSErCS+H4IAl1Wx1OaHEPE03s5ZLH3Ru2A==",
      "funding": {
        "type": "patreon",
        "url": "https://www.patreon.com/quenty"
      }
    }
  },
  "dependencies": {
    "@quenty/acceltween": {
      "version": "1.2.0",
      "resolved": "https://registry.npmjs.org/@quenty/acceltween/-/acceltween-1.2.0.tgz",
      "integrity": "sha512-GaoX9bZXD8G+LYROuegOzKOii3o6pvEF5NzQ2RSBgrJeMvpBQNbUwO2qP3to1tMD+xwtsBU4ym7goE8uu9Yfsw=="
    },
    "@quenty/baseobject": {
      "version": "1.2.0",
      "resolved": "https://registry.npmjs.org/@quenty/baseobject/-/baseobject-1.2.0.tgz",
      "integrity": "sha512-Oo4s1zwsYikJsjCYcZMsYft3AfLvQSJDSNC0t86BjT2G6HM4Oa3ljWeYxrG9ESx2Vz8Dvl0iEjxeNeoQBRufOA==",
      "requires": {
        "@quenty/maid": "^1.2.0"
      }
    },
    "@quenty/binarysearch": {
      "version": "1.2.0",
      "resolved": "https://registry.npmjs.org/@quenty/binarysearch/-/binarysearch-1.2.0.tgz",
      "integrity": "sha512-0iA/P1iuIqghPvKIBFe4zVjZPhnQtfm3KGUv0miNKt2hgmgRabHQItX0qL/lVFLtot0nIQmtDFm34r0yrRCa0Q=="
    },
    "@quenty/camerastoryutils": {
      "version": "1.2.0",
      "resolved": "https://registry.npmjs.org/@quenty/camerastoryutils/-/camerastoryutils-1.2.0.tgz",
      "integrity": "sha512-oqQ+Gb8+lVHa7YY+hQYySZh4M4Ew9HKpUwp0X5ko1EC3MkKboqJ94X93OOL8TiYtqH6qUE1nxdD6ZisWWtB9Qw==",
      "dev": true,
      "requires": {
        "@quenty/insertserviceutils": "^1.2.0",
        "@quenty/math": "^1.2.0",
        "@quenty/promise": "^1.2.0"
      }
    },
    "@quenty/cframeutils": {
      "version": "1.2.0",
      "resolved": "https://registry.npmjs.org/@quenty/cframeutils/-/cframeutils-1.2.0.tgz",
      "integrity": "sha512-u/BMeuVhqUbJI7Gzjp7tQFwaPuDkH90j0itc0jTtvwG1iDcUupkvkro4tfbb93RdsGbK89qsuCvlPoNekHx4/Q=="
    },
    "@quenty/cubicspline": {
      "version": "1.2.0",
      "resolved": "https://registry.npmjs.org/@quenty/cubicspline/-/cubicspline-1.2.0.tgz",
      "integrity": "sha512-jvytjY+YZ2iU/BqvZSlJlDXMjKnqJAZwg0OUwmSJ5qVnEh+s68oatTq9YPdwu6yReuPVGX3FMd1CZ/enW6ypVg==",
      "requires": {
        "@quenty/binarysearch": "^1.2.0",
        "@quenty/linearsystemssolver": "^1.2.0"
      }
    },
    "@quenty/deferred": {
      "version": "1.2.0",
      "resolved": "https://registry.npmjs.org/@quenty/deferred/-/deferred-1.2.0.tgz",
      "integrity": "sha512-kt4sz5v6b2WWoXIPhPtkm4nqWv/zF1q6tGTPY2AiUGzdbyGCUjsrrmkeWD/Qatdny1e6eTKakLRqLvmyjQRlgw==",
      "dev": true
    },
    "@quenty/inputobjectutils": {
      "version": "1.2.0",
      "resolved": "https://registry.npmjs.org/@quenty/inputobjectutils/-/inputobjectutils-1.2.0.tgz",
      "integrity": "sha512-HQ9RoVbrZ5if2E+5JxWEBMOraR3js81J1vRrub59rtIIWRRT+X5TXYd7VeCtFyrXATS7sMUhyYtz21Ck0O5CWg=="
    },
    "@quenty/insertserviceutils": {
      "version": "1.2.0",
      "resolved": "https://registry.npmjs.org/@quenty/insertserviceutils/-/insertserviceutils-1.2.0.tgz",
      "integrity": "sha512-js+9YjgP9sjkhjL6JVuUGSTiF5qVsUgQFB1JGqsOqw48GFlM065C0kYLHleYHMHkhxjvy5VmBf44HRTg3wb2dQ==",
      "dev": true,
      "requires": {
        "@quenty/promise": "^1.2.0"
      }
    },
    "@quenty/linearsystemssolver": {
      "version": "1.2.0",
      "resolved": "https://registry.npmjs.org/@quenty/linearsystemssolver/-/linearsystemssolver-1.2.0.tgz",
      "integrity": "sha512-LpJBKr8z0hbp8cvLpeDjODlC32g5l5XoE1gVIP2EjYlPCf397gX07IpL3QuxgmyMX6c1Er7FAccGxUPWHv3CSQ=="
    },
    "@quenty/loader": {
      "version": "1.0.0",
      "resolved": "https://registry.npmjs.org/@quenty/loader/-/loader-1.0.0.tgz",
      "integrity": "sha512-pmBkbSqgm5wBMtGG3MEqc/kwKtjgFExuIbpQ7gJSDV50HBf7++DfvQNTCaNVzfu32KVtUvmM2Kw+8PJR1erJXQ==",
      "peer": true
    },
    "@quenty/maid": {
      "version": "1.2.0",
      "resolved": "https://registry.npmjs.org/@quenty/maid/-/maid-1.2.0.tgz",
      "integrity": "sha512-oeTQte7klLiMx+XNzkH225Sw+VTADv+svHRGm7kCylY2X1h12/AqsWIhE3L8KAPpJeNv0i8kKyACT64MJjzzxg=="
    },
    "@quenty/math": {
      "version": "1.2.0",
      "resolved": "https://registry.npmjs.org/@quenty/math/-/math-1.2.0.tgz",
      "integrity": "sha512-eZN9AZVOlmzeA3H7gk1Mn8O2WNmcKExhPQ6cF41rqmD0X2dCh11nlmj/+rILZUPzp1xbPxxpWrDgLl7UcesH9g=="
    },
    "@quenty/promise": {
      "version": "1.2.0",
      "resolved": "https://registry.npmjs.org/@quenty/promise/-/promise-1.2.0.tgz",
      "integrity": "sha512-1NTRq5SlVpUqOXAQeIIE4kv4Yts1Xk4zOM6OEkRmWHNhi0XSn3VMFWav7/FoPM587xHpvts2MShqrbRO48QEOw==",
      "dev": true,
      "requires": {
        "@quenty/deferred": "^1.2.0",
        "@quenty/maid": "^1.2.0"
      }
    },
    "@quenty/qframe": {
      "version": "file:../qframe",
      "requires": {
        "@quenty/camerastoryutils": "^1.2.0",
        "@quenty/cubicspline": "^1.2.0",
        "@quenty/maid": "^1.2.0"
      }
    },
    "@quenty/servicebag": {
      "version": "1.0.0",
      "resolved": "https://registry.npmjs.org/@quenty/servicebag/-/servicebag-1.0.0.tgz",
      "integrity": "sha512-ZiCAipJz92qa6IRL+Wgsj9/4De5Zmhia3DvSyW0KfpDR/+q8V7wIIdIYpyYu/jgzi2S/vRz2ZGrGEiGrOQio1A==",
      "requires": {
        "@quenty/baseobject": "^1.2.0",
        "@quenty/signal": "^1.2.0"
      }
    },
    "@quenty/signal": {
      "version": "1.2.0",
      "resolved": "https://registry.npmjs.org/@quenty/signal/-/signal-1.2.0.tgz",
      "integrity": "sha512-TaUdqRqu3C/ApATndj7mjDAcM+XatX4qdv621aZPZNKHkpBc/SaxAkVVsQzOC9z8nrOneQ3lPZM0rBojM7d9Qg=="
    },
    "@quenty/spring": {
      "version": "1.2.0",
      "resolved": "https://registry.npmjs.org/@quenty/spring/-/spring-1.2.0.tgz",
      "integrity": "sha512-sbXfTS0rje3fRYFBEXfULKzK2pSMHJS8PQTO5k2hI3RNQZP+NUzBhSErCS+H4IAl1Wx1OaHEPE03s5ZLH3Ru2A=="
    }
  }
}
