{
  "name": "@quenty/generatewithmixin",
  "version": "1.0.1",
  "lockfileVersion": 2,
  "requires": true,
  "packages": {
    "": {
      "name": "@quenty/generatewithmixin",
      "version": "1.0.0",
      "license": "MIT",
      "dependencies": {
        "@quenty/string": "^1.0.0"
      },
      "peerDependencies": {
        "@quenty/loader": "^1.0.0"
      }
    },
    "node_modules/@quenty/loader": {
      "version": "1.0.0",
      "resolved": "https://registry.npmjs.org/@quenty/loader/-/loader-1.0.0.tgz",
      "integrity": "sha512-pmBkbSqgm5wBMtGG3MEqc/kwKtjgFExuIbpQ7gJSDV50HBf7++DfvQNTCaNVzfu32KVtUvmM2Kw+8PJR1erJXQ==",
      "peer": true
    },
    "node_modules/@quenty/string": {
      "version": "1.0.0",
      "resolved": "https://registry.npmjs.org/@quenty/string/-/string-1.0.0.tgz",
      "integrity": "sha512-4Z29TVQAs/6zhfVPP9oooQ26kIih5RGdks/LshjY73UP2P6+Fmp+o9pLVEpwD8WuFeX+4SAnLWIFXuheES+CDQ=="
    }
  },
  "dependencies": {
    "@quenty/loader": {
      "version": "1.0.0",
      "resolved": "https://registry.npmjs.org/@quenty/loader/-/loader-1.0.0.tgz",
      "integrity": "sha512-pmBkbSqgm5wBMtGG3MEqc/kwKtjgFExuIbpQ7gJSDV50HBf7++DfvQNTCaNVzfu32KVtUvmM2Kw+8PJR1erJXQ==",
      "peer": true
    },
    "@quenty/string": {
      "version": "1.0.0",
      "resolved": "https://registry.npmjs.org/@quenty/string/-/string-1.0.0.tgz",
      "integrity": "sha512-4Z29TVQAs/6zhfVPP9oooQ26kIih5RGdks/LshjY73UP2P6+Fmp+o9pLVEpwD8WuFeX+4SAnLWIFXuheES+CDQ=="
    }
  }
}
