{
  "name": "@quenty/parttouchingcalculator",
  "version": "1.0.1",
  "lockfileVersion": 2,
  "requires": true,
  "packages": {
    "": {
      "name": "@quenty/parttouchingcalculator",
      "version": "1.0.0",
      "license": "MIT",
      "dependencies": {
        "@quenty/binder": "^1.0.0",
        "@quenty/boundingboxutils": "^1.0.0",
        "@quenty/characterutils": "^1.0.0",
        "@quenty/qgui": "^1.0.0"
      },
      "peerDependencies": {
        "@quenty/loader": "^1.0.0"
      }
    },
    "node_modules/@quenty/baseobject": {
      "version": "1.0.0",
      "resolved": "https://registry.npmjs.org/@quenty/baseobject/-/baseobject-1.0.0.tgz",
      "integrity": "sha512-I1OxMMawC7HOCHuN3iPg1to68GtwdARKmIeV78Gv5eyKf/THgdhl8of/phVKOEtOAtPaydMMzxfT+qzQDbv5Ng==",
      "dependencies": {
        "@quenty/maid": "^1.0.0"
      },
      "peerDependencies": {
        "@quenty/loader": "^1.0.0"
      }
    },
    "node_modules/@quenty/binder": {
      "version": "1.0.0",
      "resolved": "https://registry.npmjs.org/@quenty/binder/-/binder-1.0.0.tgz",
      "integrity": "sha512-KuBJdGkNNy+IMN8JCC8ZAlA4ZjHds9SNcQqOvhktu7I3wO6Bd/647K661Zq+V+wny/D4QBMbnMQHbKTYqszSnA==",
      "dependencies": {
        "@quenty/baseobject": "^1.0.0",
        "@quenty/brio": "^1.0.0",
        "@quenty/instanceutils": "^1.0.0",
        "@quenty/linkutils": "^1.0.0",
        "@quenty/maid": "^1.0.0",
        "@quenty/promise": "^1.0.0",
        "@quenty/rx": "^1.0.0",
        "@quenty/signal": "^1.0.0",
        "@quenty/valueobject": "^1.0.0"
      },
      "peerDependencies": {
        "@quenty/loader": "^1.0.0"
      }
    },
    "node_modules/@quenty/boundingboxutils": {
      "version": "1.0.0",
      "resolved": "https://registry.npmjs.org/@quenty/boundingboxutils/-/boundingboxutils-1.0.0.tgz",
      "integrity": "sha512-DFMTSqtXScbXurJiFhwD2Nin3MxOlA3gBbNs18NolLYcRKQUGLu/7+4FgiufRvW0hw+oLnRvsnF6R74rE864eg=="
    },
    "node_modules/@quenty/brio": {
      "version": "1.0.0",
      "resolved": "https://registry.npmjs.org/@quenty/brio/-/brio-1.0.0.tgz",
      "integrity": "sha512-JdWEZ4KUFOYqRc7NaC5GT53n0y7yHx7YQuKp+xKyoKa4IbB2KPhXDA6iDEovfo8Uj2fWFvRQ93BXi2JgMjCqZA==",
      "dependencies": {
        "@quenty/maid": "^1.0.0",
        "@quenty/rx": "^1.0.0"
      }
    },
    "node_modules/@quenty/characterutils": {
      "version": "1.0.0",
      "resolved": "https://registry.npmjs.org/@quenty/characterutils/-/characterutils-1.0.0.tgz",
      "integrity": "sha512-tiHCF+KN+mTx+6f05WijT9EVT9oOTEs2OwglC9TnPk3Nb2gi2l6ku6IR8DTWE2jnO4r9xcs5+RbSWDD8YZYrrA==",
      "dependencies": {
        "@quenty/deferred": "^1.0.0",
        "@quenty/maid": "^1.0.0",
        "@quenty/promise": "^1.0.0"
      },
      "peerDependencies": {
        "@quenty/loader": "^1.0.0"
      }
    },
    "node_modules/@quenty/deferred": {
      "version": "1.0.0",
      "resolved": "https://registry.npmjs.org/@quenty/deferred/-/deferred-1.0.0.tgz",
      "integrity": "sha512-5NEtiX0edrh3wfAJuKKTuO+zgxkSYnYBXDiDkJl5k3+e8gGTsEti58K0JsVwozXLVMzl1pAJ4yzPzVi98YRCJQ=="
    },
    "node_modules/@quenty/instanceutils": {
      "version": "1.0.0",
      "resolved": "https://registry.npmjs.org/@quenty/instanceutils/-/instanceutils-1.0.0.tgz",
      "integrity": "sha512-kotx15Q4xbkEgWveVNH5Uyksojf9F+5KNaJenfKqt3V0hFOgW3hNwPpdbDqK89uMR1yK2dArml9puP+ER1yfQw==",
      "dependencies": {
        "@quenty/brio": "^1.0.0",
        "@quenty/maid": "^1.0.0",
        "@quenty/rx": "^1.0.0"
      }
    },
    "node_modules/@quenty/linkutils": {
      "version": "1.0.0",
      "resolved": "https://registry.npmjs.org/@quenty/linkutils/-/linkutils-1.0.0.tgz",
      "integrity": "sha512-JngKFutNwyNKYuerJ/Q4Gz9LwQCk+EZMw+3/VJBUurtpgFC4H1Ua66H85pvt19ypKFeyUBwz7Xe9kM9vfHdxIg==",
      "dependencies": {
        "@quenty/brio": "^1.0.0",
        "@quenty/instanceutils": "^1.0.0",
        "@quenty/promise": "^1.0.0",
        "@quenty/rx": "^1.0.0"
      },
      "peerDependencies": {
        "@quenty/loader": "^1.0.0"
      }
    },
    "node_modules/@quenty/loader": {
      "version": "1.0.0",
      "resolved": "https://registry.npmjs.org/@quenty/loader/-/loader-1.0.0.tgz",
      "integrity": "sha512-pmBkbSqgm5wBMtGG3MEqc/kwKtjgFExuIbpQ7gJSDV50HBf7++DfvQNTCaNVzfu32KVtUvmM2Kw+8PJR1erJXQ==",
      "peer": true
    },
    "node_modules/@quenty/maid": {
      "version": "1.0.0",
      "resolved": "https://registry.npmjs.org/@quenty/maid/-/maid-1.0.0.tgz",
      "integrity": "sha512-YfpNjLTzcLbhgQfLkjnZeN0AkuFkuOhConI4fZoQxnTCvlhy/+BSM76CuvNvoLjznVBBtiUfc4SMQhfGwKHtUw=="
    },
    "node_modules/@quenty/promise": {
      "version": "1.0.0",
      "resolved": "https://registry.npmjs.org/@quenty/promise/-/promise-1.0.0.tgz",
      "integrity": "sha512-DBkVNy98ZXGBtqrv+7s7S+wG3wE1owJtHKgOZ8Wdap2Tv10cJ9oaKMm+g11OH2+ExUzShKKu4CA9yg/IDWi01Q==",
      "dependencies": {
        "@quenty/deferred": "^1.0.0",
        "@quenty/maid": "^1.0.0"
      },
      "peerDependencies": {
        "@quenty/loader": "^1.0.0"
      }
    },
    "node_modules/@quenty/qgui": {
      "version": "1.0.0",
      "resolved": "https://registry.npmjs.org/@quenty/qgui/-/qgui-1.0.0.tgz",
      "integrity": "sha512-bigCIIydfWRiJbd8M3BHI1CjlaW/T5fWqqIhCFrH4DoZDqjhr7J1YnHjGygf0VtAGEzlup2k31cXI15gGF4h0A=="
    },
    "node_modules/@quenty/rx": {
      "version": "1.0.0",
      "resolved": "https://registry.npmjs.org/@quenty/rx/-/rx-1.0.0.tgz",
      "integrity": "sha512-0ElaV63ZWZKX5hhXV5kx0t0n3zfJfiTXvtkVKBesTt99/4WZzIvbvShysq+foT0iQbIU+lJbLlMVCUamS/uuXQ==",
      "dependencies": {
        "@quenty/maid": "^1.0.0",
        "@quenty/signal": "^1.0.0",
        "@quenty/symbol": "^1.0.0",
        "@quenty/table": "^1.0.0",
        "@quenty/throttle": "^1.0.0"
      }
    },
    "node_modules/@quenty/signal": {
      "version": "1.0.0",
      "resolved": "https://registry.npmjs.org/@quenty/signal/-/signal-1.0.0.tgz",
      "integrity": "sha512-ISXlZHT7P9J40+ht462AeB3oE1CiGQXWhp75NAd6DUUCBD/QI0E/Wk6S4kxbkuFXpl/DNV1RE/y/r/ONmZWsPQ=="
    },
    "node_modules/@quenty/symbol": {
      "version": "1.0.0",
      "resolved": "https://registry.npmjs.org/@quenty/symbol/-/symbol-1.0.0.tgz",
      "integrity": "sha512-Ovg1apHXOe4/lagYWI9xgKZe19ITV7Cg3rbfRbEu+dC2f3DJRxzqEc62mjem4el2n6mP3ZBjgHqppiYzrXFupQ=="
    },
    "node_modules/@quenty/table": {
      "version": "1.0.0",
      "resolved": "https://registry.npmjs.org/@quenty/table/-/table-1.0.0.tgz",
      "integrity": "sha512-Lr3ATNRtaYNRRS1+CZR2guSCkjwwhzquWe9CH0zthXWWW0t1fw1Doq0vB4bem0mVkF+YKr1ILCigrac5Ym8UiQ=="
    },
    "node_modules/@quenty/throttle": {
      "version": "1.0.0",
      "resolved": "https://registry.npmjs.org/@quenty/throttle/-/throttle-1.0.0.tgz",
      "integrity": "sha512-V4M5mE8HQ5nKi0ZTfONrmDudKdAAzMr90PwNxkqiB2cQD43f1stkOmiNS/ZD6TSldyGw4KZCjgGgCtd/eNf+Bw==",
      "peerDependencies": {
        "@quenty/loader": "^1.0.0"
      }
    },
    "node_modules/@quenty/valueobject": {
      "version": "1.0.0",
      "resolved": "https://registry.npmjs.org/@quenty/valueobject/-/valueobject-1.0.0.tgz",
      "integrity": "sha512-F7FGfHETsCQ9bm8N3TRUNKW5mXXN8m6+YBasl5lEGV8wBeuS6fwG0OCC6j8TxdGH7GHwW9PNL9GDtiUIVBgnkw==",
      "dependencies": {
        "@quenty/maid": "^1.0.0",
        "@quenty/rx": "^1.0.0",
        "@quenty/signal": "^1.0.0"
      }
    }
  },
  "dependencies": {
    "@quenty/baseobject": {
      "version": "1.0.0",
      "resolved": "https://registry.npmjs.org/@quenty/baseobject/-/baseobject-1.0.0.tgz",
      "integrity": "sha512-I1OxMMawC7HOCHuN3iPg1to68GtwdARKmIeV78Gv5eyKf/THgdhl8of/phVKOEtOAtPaydMMzxfT+qzQDbv5Ng==",
      "requires": {
        "@quenty/maid": "^1.0.0"
      }
    },
    "@quenty/binder": {
      "version": "1.0.0",
      "resolved": "https://registry.npmjs.org/@quenty/binder/-/binder-1.0.0.tgz",
      "integrity": "sha512-KuBJdGkNNy+IMN8JCC8ZAlA4ZjHds9SNcQqOvhktu7I3wO6Bd/647K661Zq+V+wny/D4QBMbnMQHbKTYqszSnA==",
      "requires": {
        "@quenty/baseobject": "^1.0.0",
        "@quenty/brio": "^1.0.0",
        "@quenty/instanceutils": "^1.0.0",
        "@quenty/linkutils": "^1.0.0",
        "@quenty/maid": "^1.0.0",
        "@quenty/promise": "^1.0.0",
        "@quenty/rx": "^1.0.0",
        "@quenty/signal": "^1.0.0",
        "@quenty/valueobject": "^1.0.0"
      }
    },
    "@quenty/boundingboxutils": {
      "version": "1.0.0",
      "resolved": "https://registry.npmjs.org/@quenty/boundingboxutils/-/boundingboxutils-1.0.0.tgz",
      "integrity": "sha512-DFMTSqtXScbXurJiFhwD2Nin3MxOlA3gBbNs18NolLYcRKQUGLu/7+4FgiufRvW0hw+oLnRvsnF6R74rE864eg=="
    },
    "@quenty/brio": {
      "version": "1.0.0",
      "resolved": "https://registry.npmjs.org/@quenty/brio/-/brio-1.0.0.tgz",
      "integrity": "sha512-JdWEZ4KUFOYqRc7NaC5GT53n0y7yHx7YQuKp+xKyoKa4IbB2KPhXDA6iDEovfo8Uj2fWFvRQ93BXi2JgMjCqZA==",
      "requires": {
        "@quenty/maid": "^1.0.0",
        "@quenty/rx": "^1.0.0"
      }
    },
    "@quenty/characterutils": {
      "version": "1.0.0",
      "resolved": "https://registry.npmjs.org/@quenty/characterutils/-/characterutils-1.0.0.tgz",
      "integrity": "sha512-tiHCF+KN+mTx+6f05WijT9EVT9oOTEs2OwglC9TnPk3Nb2gi2l6ku6IR8DTWE2jnO4r9xcs5+RbSWDD8YZYrrA==",
      "requires": {
        "@quenty/deferred": "^1.0.0",
        "@quenty/maid": "^1.0.0",
        "@quenty/promise": "^1.0.0"
      }
    },
    "@quenty/deferred": {
      "version": "1.0.0",
      "resolved": "https://registry.npmjs.org/@quenty/deferred/-/deferred-1.0.0.tgz",
      "integrity": "sha512-5NEtiX0edrh3wfAJuKKTuO+zgxkSYnYBXDiDkJl5k3+e8gGTsEti58K0JsVwozXLVMzl1pAJ4yzPzVi98YRCJQ=="
    },
    "@quenty/instanceutils": {
      "version": "1.0.0",
      "resolved": "https://registry.npmjs.org/@quenty/instanceutils/-/instanceutils-1.0.0.tgz",
      "integrity": "sha512-kotx15Q4xbkEgWveVNH5Uyksojf9F+5KNaJenfKqt3V0hFOgW3hNwPpdbDqK89uMR1yK2dArml9puP+ER1yfQw==",
      "requires": {
        "@quenty/brio": "^1.0.0",
        "@quenty/maid": "^1.0.0",
        "@quenty/rx": "^1.0.0"
      }
    },
    "@quenty/linkutils": {
      "version": "1.0.0",
      "resolved": "https://registry.npmjs.org/@quenty/linkutils/-/linkutils-1.0.0.tgz",
      "integrity": "sha512-JngKFutNwyNKYuerJ/Q4Gz9LwQCk+EZMw+3/VJBUurtpgFC4H1Ua66H85pvt19ypKFeyUBwz7Xe9kM9vfHdxIg==",
      "requires": {
        "@quenty/brio": "^1.0.0",
        "@quenty/instanceutils": "^1.0.0",
        "@quenty/promise": "^1.0.0",
        "@quenty/rx": "^1.0.0"
      }
    },
    "@quenty/loader": {
      "version": "1.0.0",
      "resolved": "https://registry.npmjs.org/@quenty/loader/-/loader-1.0.0.tgz",
      "integrity": "sha512-pmBkbSqgm5wBMtGG3MEqc/kwKtjgFExuIbpQ7gJSDV50HBf7++DfvQNTCaNVzfu32KVtUvmM2Kw+8PJR1erJXQ==",
      "peer": true
    },
    "@quenty/maid": {
      "version": "1.0.0",
      "resolved": "https://registry.npmjs.org/@quenty/maid/-/maid-1.0.0.tgz",
      "integrity": "sha512-YfpNjLTzcLbhgQfLkjnZeN0AkuFkuOhConI4fZoQxnTCvlhy/+BSM76CuvNvoLjznVBBtiUfc4SMQhfGwKHtUw=="
    },
    "@quenty/promise": {
      "version": "1.0.0",
      "resolved": "https://registry.npmjs.org/@quenty/promise/-/promise-1.0.0.tgz",
      "integrity": "sha512-DBkVNy98ZXGBtqrv+7s7S+wG3wE1owJtHKgOZ8Wdap2Tv10cJ9oaKMm+g11OH2+ExUzShKKu4CA9yg/IDWi01Q==",
      "requires": {
        "@quenty/deferred": "^1.0.0",
        "@quenty/maid": "^1.0.0"
      }
    },
    "@quenty/qgui": {
      "version": "1.0.0",
      "resolved": "https://registry.npmjs.org/@quenty/qgui/-/qgui-1.0.0.tgz",
      "integrity": "sha512-bigCIIydfWRiJbd8M3BHI1CjlaW/T5fWqqIhCFrH4DoZDqjhr7J1YnHjGygf0VtAGEzlup2k31cXI15gGF4h0A=="
    },
    "@quenty/rx": {
      "version": "1.0.0",
      "resolved": "https://registry.npmjs.org/@quenty/rx/-/rx-1.0.0.tgz",
      "integrity": "sha512-0ElaV63ZWZKX5hhXV5kx0t0n3zfJfiTXvtkVKBesTt99/4WZzIvbvShysq+foT0iQbIU+lJbLlMVCUamS/uuXQ==",
      "requires": {
        "@quenty/maid": "^1.0.0",
        "@quenty/signal": "^1.0.0",
        "@quenty/symbol": "^1.0.0",
        "@quenty/table": "^1.0.0",
        "@quenty/throttle": "^1.0.0"
      }
    },
    "@quenty/signal": {
      "version": "1.0.0",
      "resolved": "https://registry.npmjs.org/@quenty/signal/-/signal-1.0.0.tgz",
      "integrity": "sha512-ISXlZHT7P9J40+ht462AeB3oE1CiGQXWhp75NAd6DUUCBD/QI0E/Wk6S4kxbkuFXpl/DNV1RE/y/r/ONmZWsPQ=="
    },
    "@quenty/symbol": {
      "version": "1.0.0",
      "resolved": "https://registry.npmjs.org/@quenty/symbol/-/symbol-1.0.0.tgz",
      "integrity": "sha512-Ovg1apHXOe4/lagYWI9xgKZe19ITV7Cg3rbfRbEu+dC2f3DJRxzqEc62mjem4el2n6mP3ZBjgHqppiYzrXFupQ=="
    },
    "@quenty/table": {
      "version": "1.0.0",
      "resolved": "https://registry.npmjs.org/@quenty/table/-/table-1.0.0.tgz",
      "integrity": "sha512-Lr3ATNRtaYNRRS1+CZR2guSCkjwwhzquWe9CH0zthXWWW0t1fw1Doq0vB4bem0mVkF+YKr1ILCigrac5Ym8UiQ=="
    },
    "@quenty/throttle": {
      "version": "1.0.0",
      "resolved": "https://registry.npmjs.org/@quenty/throttle/-/throttle-1.0.0.tgz",
      "integrity": "sha512-V4M5mE8HQ5nKi0ZTfONrmDudKdAAzMr90PwNxkqiB2cQD43f1stkOmiNS/ZD6TSldyGw4KZCjgGgCtd/eNf+Bw==",
      "requires": {}
    },
    "@quenty/valueobject": {
      "version": "1.0.0",
      "resolved": "https://registry.npmjs.org/@quenty/valueobject/-/valueobject-1.0.0.tgz",
      "integrity": "sha512-F7FGfHETsCQ9bm8N3TRUNKW5mXXN8m6+YBasl5lEGV8wBeuS6fwG0OCC6j8TxdGH7GHwW9PNL9GDtiUIVBgnkw==",
      "requires": {
        "@quenty/maid": "^1.0.0",
        "@quenty/rx": "^1.0.0",
        "@quenty/signal": "^1.0.0"
      }
    }
  }
}
