{
  "name": "@quenty/cmdrservice",
  "version": "3.3.0",
  "lockfileVersion": 2,
  "requires": true,
  "packages": {
    "": {
      "name": "@quenty/cmdrservice",
      "version": "1.0.1",
      "license": "MIT",
      "dependencies": {
        "@quenty/loader": "file:../loader",
        "@quenty/permissionprovider": "file:../permissionprovider",
        "@quenty/promise": "file:../promise",
        "@quenty/remoting": "file:../remoting",
        "@quenty/servicebag": "file:../servicebag"
      },
      "funding": {
        "type": "patreon",
        "url": "https://www.patreon.com/quenty"
      },
      "peerDependencies": {
        "@quentystudios/cmdr": "^1.8.4-quenty.1"
      }
    },
    "../loader": {
      "name": "@quenty/loader",
      "version": "1.2.0",
      "license": "MIT",
      "funding": {
        "type": "patreon",
        "url": "https://www.patreon.com/quenty"
      }
    },
    "../permissionprovider": {
      "name": "@quenty/permissionprovider",
      "version": "2.0.1",
      "license": "MIT",
      "dependencies": {
        "@quenty/baseobject": "file:../baseobject",
        "@quenty/grouputils": "file:../grouputils",
        "@quenty/loader": "file:../loader",
        "@quenty/promise": "file:../promise",
        "@quenty/remoting": "file:../remoting",
        "@quenty/servicebag": "file:../servicebag",
        "@quenty/table": "file:../table"
      },
      "funding": {
        "type": "patreon",
        "url": "https://www.patreon.com/quenty"
      }
    },
    "../promise": {
      "name": "@quenty/promise",
      "version": "1.2.0",
      "license": "MIT",
      "dependencies": {
        "@quenty/deferred": "file:../deferred",
        "@quenty/loader": "file:../loader",
        "@quenty/maid": "file:../maid"
      },
      "funding": {
        "type": "patreon",
        "url": "https://www.patreon.com/quenty"
      }
    },
    "../remoting": {
      "name": "@quenty/remoting",
      "version": "1.2.0",
      "license": "MIT",
      "dependencies": {
        "@quenty/loader": "file:../loader",
        "@quenty/promise": "file:../promise",
        "@quenty/table": "file:../table"
      },
      "funding": {
        "type": "patreon",
        "url": "https://www.patreon.com/quenty"
      }
    },
    "../servicebag": {
      "name": "@quenty/servicebag",
      "version": "1.0.0",
      "license": "MIT",
      "dependencies": {
        "@quenty/baseobject": "file:../baseobject",
        "@quenty/loader": "file:../loader",
        "@quenty/signal": "file:../signal"
      },
      "funding": {
        "type": "patreon",
        "url": "https://www.patreon.com/quenty"
      }
    },
    "node_modules/@quenty/loader": {
      "resolved": "../loader",
      "link": true
    },
    "node_modules/@quenty/permissionprovider": {
      "resolved": "../permissionprovider",
      "link": true
    },
    "node_modules/@quenty/promise": {
      "resolved": "../promise",
      "link": true
    },
    "node_modules/@quenty/remoting": {
      "resolved": "../remoting",
      "link": true
    },
    "node_modules/@quenty/servicebag": {
      "resolved": "../servicebag",
      "link": true
    },
    "node_modules/@quentystudios/cmdr": {
      "version": "1.8.4-quenty.1",
      "resolved": "https://npm.pkg.github.com/download/@quentystudios/cmdr/1.8.4-quenty.1/08feeb0b0d23fc0113bfeac01c263f082b607e1b07c628efb5e66def08b3e29f",
      "integrity": "sha512-E2CUhCCLFqIL+aWWp6k61G1o0y66PVVryWVbXl+Y1vn5geAlWkH9E9OBssrx9imCWnCR28YTTZrK1018UU3onw==",
      "license": "ISC",
      "peer": true
    }
  },
  "dependencies": {
    "@quenty/loader": {
      "version": "file:../loader"
    },
    "@quenty/permissionprovider": {
      "version": "file:../permissionprovider",
      "requires": {
        "@quenty/baseobject": "file:../baseobject",
        "@quenty/grouputils": "file:../grouputils",
        "@quenty/loader": "file:../loader",
        "@quenty/promise": "file:../promise",
        "@quenty/remoting": "file:../remoting",
        "@quenty/servicebag": "file:../servicebag",
        "@quenty/table": "file:../table"
      }
    },
    "@quenty/promise": {
      "version": "file:../promise",
      "requires": {
        "@quenty/deferred": "file:../deferred",
        "@quenty/loader": "file:../loader",
        "@quenty/maid": "file:../maid"
      }
    },
    "@quenty/remoting": {
      "version": "file:../remoting",
      "requires": {
        "@quenty/loader": "file:../loader",
        "@quenty/promise": "file:../promise",
        "@quenty/table": "file:../table"
      }
    },
    "@quenty/servicebag": {
      "version": "file:../servicebag",
      "requires": {
        "@quenty/baseobject": "file:../baseobject",
        "@quenty/loader": "file:../loader",
        "@quenty/signal": "file:../signal"
      }
    },
    "@quentystudios/cmdr": {
      "version": "1.8.4-quenty.1",
      "resolved": "https://npm.pkg.github.com/download/@quentystudios/cmdr/1.8.4-quenty.1/08feeb0b0d23fc0113bfeac01c263f082b607e1b07c628efb5e66def08b3e29f",
      "integrity": "sha512-E2CUhCCLFqIL+aWWp6k61G1o0y66PVVryWVbXl+Y1vn5geAlWkH9E9OBssrx9imCWnCR28YTTZrK1018UU3onw==",
      "peer": true
    }
  }
}
