{
  "name": "@quenty/setmechanismcframe",
  "version": "1.2.0",
  "lockfileVersion": 2,
  "requires": true,
  "packages": {
    "": {
      "name": "@quenty/setmechanismcframe",
      "version": "1.0.1",
      "license": "MIT",
      "dependencies": {
        "@quenty/getmechanismparts": "^1.0.1"
      },
      "peerDependencies": {
        "@quenty/loader": "^1.0.0"
      }
    },
    "node_modules/@quenty/getmechanismparts": {
      "version": "1.0.1",
      "resolved": "https://registry.npmjs.org/@quenty/getmechanismparts/-/getmechanismparts-1.0.1.tgz",
      "integrity": "sha512-EwfedVMMrgsGWG/5KuDPCVaMJI0Tg+5a9t7KK3ckGJFrTf11iwywF84wl4M/kcpaabBeYgfkvF4NErAcxvDN0g=="
    },
    "node_modules/@quenty/loader": {
      "version": "1.0.0",
      "resolved": "https://registry.npmjs.org/@quenty/loader/-/loader-1.0.0.tgz",
      "integrity": "sha512-pmBkbSqgm5wBMtGG3MEqc/kwKtjgFExuIbpQ7gJSDV50HBf7++DfvQNTCaNVzfu32KVtUvmM2Kw+8PJR1erJXQ==",
      "peer": true
    }
  },
  "dependencies": {
    "@quenty/getmechanismparts": {
      "version": "1.0.1",
      "resolved": "https://registry.npmjs.org/@quenty/getmechanismparts/-/getmechanismparts-1.0.1.tgz",
      "integrity": "sha512-EwfedVMMrgsGWG/5KuDPCVaMJI0Tg+5a9t7KK3ckGJFrTf11iwywF84wl4M/kcpaabBeYgfkvF4NErAcxvDN0g=="
    },
    "@quenty/loader": {
      "version": "1.0.0",
      "resolved": "https://registry.npmjs.org/@quenty/loader/-/loader-1.0.0.tgz",
      "integrity": "sha512-pmBkbSqgm5wBMtGG3MEqc/kwKtjgFExuIbpQ7gJSDV50HBf7++DfvQNTCaNVzfu32KVtUvmM2Kw+8PJR1erJXQ==",
      "peer": true
    }
  }
}
