{
  "name": "@quenty/setmechanismcframe",
  "version": "3.1.1",
  "lockfileVersion": 2,
  "requires": true,
  "packages": {
    "": {
      "name": "@quenty/setmechanismcframe",
      "version": "1.2.0",
      "license": "MIT",
      "dependencies": {
        "@quenty/getmechanismparts": "file:../getmechanismparts",
        "@quenty/loader": "file:../loader"
      },
      "funding": {
        "type": "patreon",
        "url": "https://www.patreon.com/quenty"
      }
    },
    "../getmechanismparts": {
      "name": "@quenty/getmechanismparts",
      "version": "1.2.0",
      "license": "MIT",
      "funding": {
        "type": "patreon",
        "url": "https://www.patreon.com/quenty"
      }
    },
    "../loader": {
      "name": "@quenty/loader",
      "version": "1.2.0",
      "license": "MIT",
      "funding": {
        "type": "patreon",
        "url": "https://www.patreon.com/quenty"
      }
    },
    "node_modules/@quenty/getmechanismparts": {
      "resolved": "../getmechanismparts",
      "link": true
    },
    "node_modules/@quenty/loader": {
      "resolved": "../loader",
      "link": true
    }
  },
  "dependencies": {
    "@quenty/getmechanismparts": {
      "version": "file:../getmechanismparts"
    },
    "@quenty/loader": {
      "version": "file:../loader"
    }
  }
}
