{
  "name": "@quenty/hintscoringutils",
  "version": "1.0.1",
  "lockfileVersion": 2,
  "requires": true,
  "packages": {
    "": {
      "name": "@quenty/hintscoringutils",
      "version": "1.0.0",
      "license": "MIT",
      "dependencies": {
        "@quenty/adorneeutils": "^1.0.0",
        "@quenty/boundingboxutils": "^1.0.0",
        "@quenty/camera": "^1.0.0",
        "@quenty/draw": "^1.0.0",
        "@quenty/maid": "^1.0.0",
        "@quenty/math": "^1.0.0",
        "@quenty/region3utils": "^1.0.0",
        "@quenty/vector3utils": "^1.0.0"
      },
      "peerDependencies": {
        "@quenty/loader": "^1.0.0"
      }
    },
    "node_modules/@quenty/acceltween": {
      "version": "1.0.0",
      "resolved": "https://registry.npmjs.org/@quenty/acceltween/-/acceltween-1.0.0.tgz",
      "integrity": "sha512-4I7KiJkDu6NyEG9W2PBfv7N9e0WTF2utba63ZfR0CElIstuuFvASQbw9uDfIY6OQwAJqn2ZM7mJYMPepIWbyRQ=="
    },
    "node_modules/@quenty/adorneeutils": {
      "version": "1.0.0",
      "resolved": "https://registry.npmjs.org/@quenty/adorneeutils/-/adorneeutils-1.0.0.tgz",
      "integrity": "sha512-DCF3i9XZAi1axlrQdB9kmQFe46CaaSnYyPPY34bd9CkcRqo1/hpezH3quRfJCIfY0/ugiAx0oraWbZi3Ev3B8A=="
    },
    "node_modules/@quenty/binarysearch": {
      "version": "1.0.0",
      "resolved": "https://registry.npmjs.org/@quenty/binarysearch/-/binarysearch-1.0.0.tgz",
      "integrity": "sha512-EQEizvf+LaZ16p87Jw53bFF4M+hRhjG1FKhYrlR8PLxY/+gCuMx4l2nciEZarXotv9gHxz/xlydjUFxRJieIKw=="
    },
    "node_modules/@quenty/boundingboxutils": {
      "version": "1.0.0",
      "resolved": "https://registry.npmjs.org/@quenty/boundingboxutils/-/boundingboxutils-1.0.0.tgz",
      "integrity": "sha512-DFMTSqtXScbXurJiFhwD2Nin3MxOlA3gBbNs18NolLYcRKQUGLu/7+4FgiufRvW0hw+oLnRvsnF6R74rE864eg=="
    },
    "node_modules/@quenty/camera": {
      "version": "1.0.0",
      "resolved": "https://registry.npmjs.org/@quenty/camera/-/camera-1.0.0.tgz",
      "integrity": "sha512-PnJEMuIpoZIIKcsC7Rflj/vkOinmwIpxO1SDUs1Q+EO7YQlQtuGnkg0ah5WpyXE2JJ0YVZnEYB4MwNgKuFGtMg==",
      "dependencies": {
        "@quenty/acceltween": "^1.0.0",
        "@quenty/cframeutils": "^1.0.0",
        "@quenty/cubicspline": "^1.0.0",
        "@quenty/inputobjectutils": "^1.0.0",
        "@quenty/maid": "^1.0.0",
        "@quenty/math": "^1.0.0",
        "@quenty/qframe": "^1.0.0",
        "@quenty/spring": "^1.0.0"
      },
      "peerDependencies": {
        "@quenty/loader": "^1.0.0"
      }
    },
    "node_modules/@quenty/cframeutils": {
      "version": "1.0.0",
      "resolved": "https://registry.npmjs.org/@quenty/cframeutils/-/cframeutils-1.0.0.tgz",
      "integrity": "sha512-boSRmbP7QD72qQBd2IeF1xRQao8tUfBimdiPiaINZRNj7bl+zqr7jKGyEfo6am08swnTODwbVJr6XrrRF1WCag=="
    },
    "node_modules/@quenty/cubicspline": {
      "version": "1.0.0",
      "resolved": "https://registry.npmjs.org/@quenty/cubicspline/-/cubicspline-1.0.0.tgz",
      "integrity": "sha512-4mKuw2m44LjYscNFyaFMEX4vUr3QHwMEHT/evjj4IMdTRCgodbUV/4W+w+w53wU38uO0/GLuGXiUmKOWFjcrZQ==",
      "dependencies": {
        "@quenty/binarysearch": "^1.0.0",
        "@quenty/linearsystemssolver": "^1.0.0"
      },
      "peerDependencies": {
        "@quenty/loader": "^1.0.0"
      }
    },
    "node_modules/@quenty/draw": {
      "version": "1.0.0",
      "resolved": "https://registry.npmjs.org/@quenty/draw/-/draw-1.0.0.tgz",
      "integrity": "sha512-zblh4PQkm2p6zHDwYJOH6smEXiJ+i4xr+rk4fNHzUTIHrdkbBwk1+J/J/PMwUR+b1Y+KXKz65sAZD2Gq+bGR4g=="
    },
    "node_modules/@quenty/inputobjectutils": {
      "version": "1.0.0",
      "resolved": "https://registry.npmjs.org/@quenty/inputobjectutils/-/inputobjectutils-1.0.0.tgz",
      "integrity": "sha512-4QUpb3sx9eqUP+7YP6Kf5OaHwZP5dyDP5b1I74bj7Jz01DGEqzIiboQOQeUo7e8ZJoDE51J2jCy+xadoUs02Ug=="
    },
    "node_modules/@quenty/linearsystemssolver": {
      "version": "1.0.0",
      "resolved": "https://registry.npmjs.org/@quenty/linearsystemssolver/-/linearsystemssolver-1.0.0.tgz",
      "integrity": "sha512-Z03kpBPsLlVOEEEC3P3owFIXGRf1tX2EHqZD6BwYDqgVivEWXemMgacZEmh6wyZyDMuI8SAxQCQPHqSua86YWQ=="
    },
    "node_modules/@quenty/loader": {
      "version": "1.0.0",
      "resolved": "https://registry.npmjs.org/@quenty/loader/-/loader-1.0.0.tgz",
      "integrity": "sha512-pmBkbSqgm5wBMtGG3MEqc/kwKtjgFExuIbpQ7gJSDV50HBf7++DfvQNTCaNVzfu32KVtUvmM2Kw+8PJR1erJXQ==",
      "peer": true
    },
    "node_modules/@quenty/maid": {
      "version": "1.0.0",
      "resolved": "https://registry.npmjs.org/@quenty/maid/-/maid-1.0.0.tgz",
      "integrity": "sha512-YfpNjLTzcLbhgQfLkjnZeN0AkuFkuOhConI4fZoQxnTCvlhy/+BSM76CuvNvoLjznVBBtiUfc4SMQhfGwKHtUw=="
    },
    "node_modules/@quenty/math": {
      "version": "1.0.0",
      "resolved": "https://registry.npmjs.org/@quenty/math/-/math-1.0.0.tgz",
      "integrity": "sha512-Gim+2lzUlpxnlAcBCyXAK2/wIWaRVbDbpKMpHP6jLMmEWIp9QaDM/dU23ZvsXTb/JK5siM2xy8g27CabxaRrMA=="
    },
    "node_modules/@quenty/qframe": {
      "version": "1.0.0",
      "resolved": "https://registry.npmjs.org/@quenty/qframe/-/qframe-1.0.0.tgz",
      "integrity": "sha512-9s+CY6Kb0wpSfiGd8WAboAOBq606Ir9uDukz9seaxLiGfMj8952IcHMEWS3FJ/CU+8pj8ggt9MFtzjhlofJsmQ==",
      "peerDependencies": {
        "@quenty/loader": "^1.0.0"
      }
    },
    "node_modules/@quenty/region3utils": {
      "version": "1.0.0",
      "resolved": "https://registry.npmjs.org/@quenty/region3utils/-/region3utils-1.0.0.tgz",
      "integrity": "sha512-/kDtpt+ohKba1Rskx28QJt2YxsAfplcY6nP1opkQgDZiLtARgazVUoPhiNpk4bWwp/9DWN8Tgwt9VY0HWATwhA==",
      "dependencies": {
        "@quenty/boundingboxutils": "^1.0.0"
      },
      "peerDependencies": {
        "@quenty/loader": "^1.0.0"
      }
    },
    "node_modules/@quenty/spring": {
      "version": "1.0.0",
      "resolved": "https://registry.npmjs.org/@quenty/spring/-/spring-1.0.0.tgz",
      "integrity": "sha512-/gjq/puGu14jwcpTKTMlOOO4U4FJiqGqlERVwapp3I3c6bZXkt8ZtWD516BMxpIspe/m9u3E7eIz+t1K1HI6TA=="
    },
    "node_modules/@quenty/vector3utils": {
      "version": "1.0.0",
      "resolved": "https://registry.npmjs.org/@quenty/vector3utils/-/vector3utils-1.0.0.tgz",
      "integrity": "sha512-KvisAmSj2dhaBVxzEVw0exBW3XMuaOnwfAqDcWrSR0p05UOvUhhU1SggUKcExeRXL8KmetfHxT/q4H24uEaDZg==",
      "dependencies": {
        "@quenty/math": "^1.0.0"
      },
      "peerDependencies": {
        "@quenty/loader": "^1.0.0"
      }
    }
  },
  "dependencies": {
    "@quenty/acceltween": {
      "version": "1.0.0",
      "resolved": "https://registry.npmjs.org/@quenty/acceltween/-/acceltween-1.0.0.tgz",
      "integrity": "sha512-4I7KiJkDu6NyEG9W2PBfv7N9e0WTF2utba63ZfR0CElIstuuFvASQbw9uDfIY6OQwAJqn2ZM7mJYMPepIWbyRQ=="
    },
    "@quenty/adorneeutils": {
      "version": "1.0.0",
      "resolved": "https://registry.npmjs.org/@quenty/adorneeutils/-/adorneeutils-1.0.0.tgz",
      "integrity": "sha512-DCF3i9XZAi1axlrQdB9kmQFe46CaaSnYyPPY34bd9CkcRqo1/hpezH3quRfJCIfY0/ugiAx0oraWbZi3Ev3B8A=="
    },
    "@quenty/binarysearch": {
      "version": "1.0.0",
      "resolved": "https://registry.npmjs.org/@quenty/binarysearch/-/binarysearch-1.0.0.tgz",
      "integrity": "sha512-EQEizvf+LaZ16p87Jw53bFF4M+hRhjG1FKhYrlR8PLxY/+gCuMx4l2nciEZarXotv9gHxz/xlydjUFxRJieIKw=="
    },
    "@quenty/boundingboxutils": {
      "version": "1.0.0",
      "resolved": "https://registry.npmjs.org/@quenty/boundingboxutils/-/boundingboxutils-1.0.0.tgz",
      "integrity": "sha512-DFMTSqtXScbXurJiFhwD2Nin3MxOlA3gBbNs18NolLYcRKQUGLu/7+4FgiufRvW0hw+oLnRvsnF6R74rE864eg=="
    },
    "@quenty/camera": {
      "version": "1.0.0",
      "resolved": "https://registry.npmjs.org/@quenty/camera/-/camera-1.0.0.tgz",
      "integrity": "sha512-PnJEMuIpoZIIKcsC7Rflj/vkOinmwIpxO1SDUs1Q+EO7YQlQtuGnkg0ah5WpyXE2JJ0YVZnEYB4MwNgKuFGtMg==",
      "requires": {
        "@quenty/acceltween": "^1.0.0",
        "@quenty/cframeutils": "^1.0.0",
        "@quenty/cubicspline": "^1.0.0",
        "@quenty/inputobjectutils": "^1.0.0",
        "@quenty/maid": "^1.0.0",
        "@quenty/math": "^1.0.0",
        "@quenty/qframe": "^1.0.0",
        "@quenty/spring": "^1.0.0"
      }
    },
    "@quenty/cframeutils": {
      "version": "1.0.0",
      "resolved": "https://registry.npmjs.org/@quenty/cframeutils/-/cframeutils-1.0.0.tgz",
      "integrity": "sha512-boSRmbP7QD72qQBd2IeF1xRQao8tUfBimdiPiaINZRNj7bl+zqr7jKGyEfo6am08swnTODwbVJr6XrrRF1WCag=="
    },
    "@quenty/cubicspline": {
      "version": "1.0.0",
      "resolved": "https://registry.npmjs.org/@quenty/cubicspline/-/cubicspline-1.0.0.tgz",
      "integrity": "sha512-4mKuw2m44LjYscNFyaFMEX4vUr3QHwMEHT/evjj4IMdTRCgodbUV/4W+w+w53wU38uO0/GLuGXiUmKOWFjcrZQ==",
      "requires": {
        "@quenty/binarysearch": "^1.0.0",
        "@quenty/linearsystemssolver": "^1.0.0"
      }
    },
    "@quenty/draw": {
      "version": "1.0.0",
      "resolved": "https://registry.npmjs.org/@quenty/draw/-/draw-1.0.0.tgz",
      "integrity": "sha512-zblh4PQkm2p6zHDwYJOH6smEXiJ+i4xr+rk4fNHzUTIHrdkbBwk1+J/J/PMwUR+b1Y+KXKz65sAZD2Gq+bGR4g=="
    },
    "@quenty/inputobjectutils": {
      "version": "1.0.0",
      "resolved": "https://registry.npmjs.org/@quenty/inputobjectutils/-/inputobjectutils-1.0.0.tgz",
      "integrity": "sha512-4QUpb3sx9eqUP+7YP6Kf5OaHwZP5dyDP5b1I74bj7Jz01DGEqzIiboQOQeUo7e8ZJoDE51J2jCy+xadoUs02Ug=="
    },
    "@quenty/linearsystemssolver": {
      "version": "1.0.0",
      "resolved": "https://registry.npmjs.org/@quenty/linearsystemssolver/-/linearsystemssolver-1.0.0.tgz",
      "integrity": "sha512-Z03kpBPsLlVOEEEC3P3owFIXGRf1tX2EHqZD6BwYDqgVivEWXemMgacZEmh6wyZyDMuI8SAxQCQPHqSua86YWQ=="
    },
    "@quenty/loader": {
      "version": "1.0.0",
      "resolved": "https://registry.npmjs.org/@quenty/loader/-/loader-1.0.0.tgz",
      "integrity": "sha512-pmBkbSqgm5wBMtGG3MEqc/kwKtjgFExuIbpQ7gJSDV50HBf7++DfvQNTCaNVzfu32KVtUvmM2Kw+8PJR1erJXQ==",
      "peer": true
    },
    "@quenty/maid": {
      "version": "1.0.0",
      "resolved": "https://registry.npmjs.org/@quenty/maid/-/maid-1.0.0.tgz",
      "integrity": "sha512-YfpNjLTzcLbhgQfLkjnZeN0AkuFkuOhConI4fZoQxnTCvlhy/+BSM76CuvNvoLjznVBBtiUfc4SMQhfGwKHtUw=="
    },
    "@quenty/math": {
      "version": "1.0.0",
      "resolved": "https://registry.npmjs.org/@quenty/math/-/math-1.0.0.tgz",
      "integrity": "sha512-Gim+2lzUlpxnlAcBCyXAK2/wIWaRVbDbpKMpHP6jLMmEWIp9QaDM/dU23ZvsXTb/JK5siM2xy8g27CabxaRrMA=="
    },
    "@quenty/qframe": {
      "version": "1.0.0",
      "resolved": "https://registry.npmjs.org/@quenty/qframe/-/qframe-1.0.0.tgz",
      "integrity": "sha512-9s+CY6Kb0wpSfiGd8WAboAOBq606Ir9uDukz9seaxLiGfMj8952IcHMEWS3FJ/CU+8pj8ggt9MFtzjhlofJsmQ==",
      "requires": {}
    },
    "@quenty/region3utils": {
      "version": "1.0.0",
      "resolved": "https://registry.npmjs.org/@quenty/region3utils/-/region3utils-1.0.0.tgz",
      "integrity": "sha512-/kDtpt+ohKba1Rskx28QJt2YxsAfplcY6nP1opkQgDZiLtARgazVUoPhiNpk4bWwp/9DWN8Tgwt9VY0HWATwhA==",
      "requires": {
        "@quenty/boundingboxutils": "^1.0.0"
      }
    },
    "@quenty/spring": {
      "version": "1.0.0",
      "resolved": "https://registry.npmjs.org/@quenty/spring/-/spring-1.0.0.tgz",
      "integrity": "sha512-/gjq/puGu14jwcpTKTMlOOO4U4FJiqGqlERVwapp3I3c6bZXkt8ZtWD516BMxpIspe/m9u3E7eIz+t1K1HI6TA=="
    },
    "@quenty/vector3utils": {
      "version": "1.0.0",
      "resolved": "https://registry.npmjs.org/@quenty/vector3utils/-/vector3utils-1.0.0.tgz",
      "integrity": "sha512-KvisAmSj2dhaBVxzEVw0exBW3XMuaOnwfAqDcWrSR0p05UOvUhhU1SggUKcExeRXL8KmetfHxT/q4H24uEaDZg==",
      "requires": {
        "@quenty/math": "^1.0.0"
      }
    }
  }
}
