{
  "name": "@quenty/hintscoringutils",
  "version": "2.0.0",
  "lockfileVersion": 2,
  "requires": true,
  "packages": {
    "": {
      "name": "@quenty/hintscoringutils",
      "version": "1.0.1",
      "license": "MIT",
      "dependencies": {
        "@quenty/adorneeutils": "^1.0.1",
        "@quenty/boundingboxutils": "^1.0.1",
        "@quenty/camera": "^1.0.1",
        "@quenty/draw": "^1.0.1",
        "@quenty/maid": "^1.0.1",
        "@quenty/math": "^1.0.1",
        "@quenty/region3utils": "^1.0.1",
        "@quenty/vector3utils": "^1.0.1"
      },
      "peerDependencies": {
        "@quenty/loader": "^1.0.0"
      }
    },
    "node_modules/@quenty/acceltween": {
      "version": "1.0.1",
      "resolved": "https://registry.npmjs.org/@quenty/acceltween/-/acceltween-1.0.1.tgz",
      "integrity": "sha512-aADVRiuPYWonjFW25J3BQZDM12T9emexcS5lq2DZt42UManZJiqaCVV2Njx5glMbW0FclwE+xBx6HhXusX649w=="
    },
    "node_modules/@quenty/adorneeutils": {
      "version": "1.0.1",
      "resolved": "https://registry.npmjs.org/@quenty/adorneeutils/-/adorneeutils-1.0.1.tgz",
      "integrity": "sha512-CXtT9xRGToGhGsgK+2aWWd0s93r+KuJ2KZZS4nsFy+lhxu8OLvZMMsyIt3r26xCNbQc/2XWn3ectFCbgzzJCIg=="
    },
    "node_modules/@quenty/binarysearch": {
      "version": "1.0.1",
      "resolved": "https://registry.npmjs.org/@quenty/binarysearch/-/binarysearch-1.0.1.tgz",
      "integrity": "sha512-NXxymtWG+XxnP5MzL9sYfTF0O4mCvnStlyV9Dx8250P9Q/YJpB3CYCcV4h9p4Z4PW+S+b0yM98tjkHps8QYypQ=="
    },
    "node_modules/@quenty/boundingboxutils": {
      "version": "1.0.1",
      "resolved": "https://registry.npmjs.org/@quenty/boundingboxutils/-/boundingboxutils-1.0.1.tgz",
      "integrity": "sha512-Vy1MgZyNBtz3xYAZhOh3FhvJA5kp9sVDZkKwvbLId8ATDxuPDaqXUyUeyWQec20UDGlO5uHlvbTTGIYGu6hJ3A=="
    },
    "node_modules/@quenty/camera": {
      "version": "1.0.1",
      "resolved": "https://registry.npmjs.org/@quenty/camera/-/camera-1.0.1.tgz",
      "integrity": "sha512-eosghMreLgsaS3Yn87Pm6LQnr6fAQbOD2TqAUsUZ9TZopKh3sP2Z2Ov1sKacWmkIS3Etl6MbAnBzka6f0Umb9A==",
      "dependencies": {
        "@quenty/acceltween": "^1.0.1",
        "@quenty/cframeutils": "^1.0.1",
        "@quenty/cubicspline": "^1.0.1",
        "@quenty/inputobjectutils": "^1.0.1",
        "@quenty/maid": "^1.0.1",
        "@quenty/math": "^1.0.1",
        "@quenty/qframe": "^1.0.1",
        "@quenty/spring": "^1.0.1"
      },
      "peerDependencies": {
        "@quenty/loader": "^1.0.0"
      }
    },
    "node_modules/@quenty/cframeutils": {
      "version": "1.0.1",
      "resolved": "https://registry.npmjs.org/@quenty/cframeutils/-/cframeutils-1.0.1.tgz",
      "integrity": "sha512-IJrc6e57k1+m/ZgnmFpOI4W/tEDuKucKCIdTv5va6tcViQACrBwTvOlD4Cf90c4qY9797s6NlZFimfmyDHvtRQ=="
    },
    "node_modules/@quenty/cubicspline": {
      "version": "1.0.1",
      "resolved": "https://registry.npmjs.org/@quenty/cubicspline/-/cubicspline-1.0.1.tgz",
      "integrity": "sha512-1xF6Y/U5TaPCqO41uMqoWMep37hLbZWHNkfAkgfj1kJISar5yU11osynYtjuSqwQ8RnTK7mNMKIyfaNlMCzm0A==",
      "dependencies": {
        "@quenty/binarysearch": "^1.0.1",
        "@quenty/linearsystemssolver": "^1.0.1"
      },
      "peerDependencies": {
        "@quenty/loader": "^1.0.0"
      }
    },
    "node_modules/@quenty/draw": {
      "version": "1.0.1",
      "resolved": "https://registry.npmjs.org/@quenty/draw/-/draw-1.0.1.tgz",
      "integrity": "sha512-Th//DYOH5u67eqbl7wtsxQaQy2rzyiBBazzfF7ZR9myw9c3F2T9JSMZH44t+H4+/ZNrB5hSdSc4MsFFxqAI4Rw=="
    },
    "node_modules/@quenty/inputobjectutils": {
      "version": "1.0.1",
      "resolved": "https://registry.npmjs.org/@quenty/inputobjectutils/-/inputobjectutils-1.0.1.tgz",
      "integrity": "sha512-7olC17evKh3GD6magNElK5iDNqM90g0OElTKTl0cLqsH/RCLaJ4cU1/U5BB0JQPuk76ReyMUK1EU1GPm2jJzIA=="
    },
    "node_modules/@quenty/linearsystemssolver": {
      "version": "1.0.1",
      "resolved": "https://registry.npmjs.org/@quenty/linearsystemssolver/-/linearsystemssolver-1.0.1.tgz",
      "integrity": "sha512-m9IrIsl0rxZMaaaDDyLH1qlYV/sJ7z6t/WKR7jOM0adi/KfkgF5V2bPRYHH2A+uVtDGw/OW6fhTx4XloXCuVPQ=="
    },
    "node_modules/@quenty/loader": {
      "version": "1.0.0",
      "resolved": "https://registry.npmjs.org/@quenty/loader/-/loader-1.0.0.tgz",
      "integrity": "sha512-pmBkbSqgm5wBMtGG3MEqc/kwKtjgFExuIbpQ7gJSDV50HBf7++DfvQNTCaNVzfu32KVtUvmM2Kw+8PJR1erJXQ==",
      "peer": true
    },
    "node_modules/@quenty/maid": {
      "version": "1.0.1",
      "resolved": "https://registry.npmjs.org/@quenty/maid/-/maid-1.0.1.tgz",
      "integrity": "sha512-2ySji+Yq0spxhEQ8vy4cpnyEFfsffjREnFy2rAUPrEuUlJfOOJBjbnZS/TR9I6sjGfKaHPwCxyrwfjeQ/HlcfQ=="
    },
    "node_modules/@quenty/math": {
      "version": "1.0.1",
      "resolved": "https://registry.npmjs.org/@quenty/math/-/math-1.0.1.tgz",
      "integrity": "sha512-Gr/8+v0GXapVXguJy5Nd3JJ+8yKhTezN+Gau9+2M+sduPosuEZjBL3lD1IjeyXHoOirKRLKtrESwZ+336U45+w=="
    },
    "node_modules/@quenty/qframe": {
      "version": "1.0.1",
      "resolved": "https://registry.npmjs.org/@quenty/qframe/-/qframe-1.0.1.tgz",
      "integrity": "sha512-26YjKZSmQL9k2RmXPJxS2/BpxKveOP3W119qZOeigcPj+RtkLCHymfFoNbMfmM5f4rVsIBIhWWtK8F5QX2VUiA==",
      "peerDependencies": {
        "@quenty/loader": "^1.0.0"
      }
    },
    "node_modules/@quenty/region3utils": {
      "version": "1.0.1",
      "resolved": "https://registry.npmjs.org/@quenty/region3utils/-/region3utils-1.0.1.tgz",
      "integrity": "sha512-xrWybgtgpown95mhccDjiD5zCLrVxEPlDQV/1e5jvbPwyLnZOdaKs0CAxNbvQXTUtMIUR64mCn0m2e9e1wopcA==",
      "dependencies": {
        "@quenty/boundingboxutils": "^1.0.1"
      },
      "peerDependencies": {
        "@quenty/loader": "^1.0.0"
      }
    },
    "node_modules/@quenty/spring": {
      "version": "1.0.1",
      "resolved": "https://registry.npmjs.org/@quenty/spring/-/spring-1.0.1.tgz",
      "integrity": "sha512-MDwanv1GJxuzgMXUTDYUFp6HiNFWYqHWAV7oZlI3g4rbPFMqjfBt0HDjZML9YyzMr4KtwEBqpYW0RybXVrjhbw=="
    },
    "node_modules/@quenty/vector3utils": {
      "version": "1.0.1",
      "resolved": "https://registry.npmjs.org/@quenty/vector3utils/-/vector3utils-1.0.1.tgz",
      "integrity": "sha512-ZJzSobY3aRHOuRUmNf1K+rClM+gvYymyHDUFXah3YNoIpsQ3kf+224mybObBoJsjSu5PU0MzMuVBxIlanER/KQ==",
      "dependencies": {
        "@quenty/math": "^1.0.1"
      },
      "peerDependencies": {
        "@quenty/loader": "^1.0.0"
      }
    }
  },
  "dependencies": {
    "@quenty/acceltween": {
      "version": "1.0.1",
      "resolved": "https://registry.npmjs.org/@quenty/acceltween/-/acceltween-1.0.1.tgz",
      "integrity": "sha512-aADVRiuPYWonjFW25J3BQZDM12T9emexcS5lq2DZt42UManZJiqaCVV2Njx5glMbW0FclwE+xBx6HhXusX649w=="
    },
    "@quenty/adorneeutils": {
      "version": "1.0.1",
      "resolved": "https://registry.npmjs.org/@quenty/adorneeutils/-/adorneeutils-1.0.1.tgz",
      "integrity": "sha512-CXtT9xRGToGhGsgK+2aWWd0s93r+KuJ2KZZS4nsFy+lhxu8OLvZMMsyIt3r26xCNbQc/2XWn3ectFCbgzzJCIg=="
    },
    "@quenty/binarysearch": {
      "version": "1.0.1",
      "resolved": "https://registry.npmjs.org/@quenty/binarysearch/-/binarysearch-1.0.1.tgz",
      "integrity": "sha512-NXxymtWG+XxnP5MzL9sYfTF0O4mCvnStlyV9Dx8250P9Q/YJpB3CYCcV4h9p4Z4PW+S+b0yM98tjkHps8QYypQ=="
    },
    "@quenty/boundingboxutils": {
      "version": "1.0.1",
      "resolved": "https://registry.npmjs.org/@quenty/boundingboxutils/-/boundingboxutils-1.0.1.tgz",
      "integrity": "sha512-Vy1MgZyNBtz3xYAZhOh3FhvJA5kp9sVDZkKwvbLId8ATDxuPDaqXUyUeyWQec20UDGlO5uHlvbTTGIYGu6hJ3A=="
    },
    "@quenty/camera": {
      "version": "1.0.1",
      "resolved": "https://registry.npmjs.org/@quenty/camera/-/camera-1.0.1.tgz",
      "integrity": "sha512-eosghMreLgsaS3Yn87Pm6LQnr6fAQbOD2TqAUsUZ9TZopKh3sP2Z2Ov1sKacWmkIS3Etl6MbAnBzka6f0Umb9A==",
      "requires": {
        "@quenty/acceltween": "^1.0.1",
        "@quenty/cframeutils": "^1.0.1",
        "@quenty/cubicspline": "^1.0.1",
        "@quenty/inputobjectutils": "^1.0.1",
        "@quenty/maid": "^1.0.1",
        "@quenty/math": "^1.0.1",
        "@quenty/qframe": "^1.0.1",
        "@quenty/spring": "^1.0.1"
      }
    },
    "@quenty/cframeutils": {
      "version": "1.0.1",
      "resolved": "https://registry.npmjs.org/@quenty/cframeutils/-/cframeutils-1.0.1.tgz",
      "integrity": "sha512-IJrc6e57k1+m/ZgnmFpOI4W/tEDuKucKCIdTv5va6tcViQACrBwTvOlD4Cf90c4qY9797s6NlZFimfmyDHvtRQ=="
    },
    "@quenty/cubicspline": {
      "version": "1.0.1",
      "resolved": "https://registry.npmjs.org/@quenty/cubicspline/-/cubicspline-1.0.1.tgz",
      "integrity": "sha512-1xF6Y/U5TaPCqO41uMqoWMep37hLbZWHNkfAkgfj1kJISar5yU11osynYtjuSqwQ8RnTK7mNMKIyfaNlMCzm0A==",
      "requires": {
        "@quenty/binarysearch": "^1.0.1",
        "@quenty/linearsystemssolver": "^1.0.1"
      }
    },
    "@quenty/draw": {
      "version": "1.0.1",
      "resolved": "https://registry.npmjs.org/@quenty/draw/-/draw-1.0.1.tgz",
      "integrity": "sha512-Th//DYOH5u67eqbl7wtsxQaQy2rzyiBBazzfF7ZR9myw9c3F2T9JSMZH44t+H4+/ZNrB5hSdSc4MsFFxqAI4Rw=="
    },
    "@quenty/inputobjectutils": {
      "version": "1.0.1",
      "resolved": "https://registry.npmjs.org/@quenty/inputobjectutils/-/inputobjectutils-1.0.1.tgz",
      "integrity": "sha512-7olC17evKh3GD6magNElK5iDNqM90g0OElTKTl0cLqsH/RCLaJ4cU1/U5BB0JQPuk76ReyMUK1EU1GPm2jJzIA=="
    },
    "@quenty/linearsystemssolver": {
      "version": "1.0.1",
      "resolved": "https://registry.npmjs.org/@quenty/linearsystemssolver/-/linearsystemssolver-1.0.1.tgz",
      "integrity": "sha512-m9IrIsl0rxZMaaaDDyLH1qlYV/sJ7z6t/WKR7jOM0adi/KfkgF5V2bPRYHH2A+uVtDGw/OW6fhTx4XloXCuVPQ=="
    },
    "@quenty/loader": {
      "version": "1.0.0",
      "resolved": "https://registry.npmjs.org/@quenty/loader/-/loader-1.0.0.tgz",
      "integrity": "sha512-pmBkbSqgm5wBMtGG3MEqc/kwKtjgFExuIbpQ7gJSDV50HBf7++DfvQNTCaNVzfu32KVtUvmM2Kw+8PJR1erJXQ==",
      "peer": true
    },
    "@quenty/maid": {
      "version": "1.0.1",
      "resolved": "https://registry.npmjs.org/@quenty/maid/-/maid-1.0.1.tgz",
      "integrity": "sha512-2ySji+Yq0spxhEQ8vy4cpnyEFfsffjREnFy2rAUPrEuUlJfOOJBjbnZS/TR9I6sjGfKaHPwCxyrwfjeQ/HlcfQ=="
    },
    "@quenty/math": {
      "version": "1.0.1",
      "resolved": "https://registry.npmjs.org/@quenty/math/-/math-1.0.1.tgz",
      "integrity": "sha512-Gr/8+v0GXapVXguJy5Nd3JJ+8yKhTezN+Gau9+2M+sduPosuEZjBL3lD1IjeyXHoOirKRLKtrESwZ+336U45+w=="
    },
    "@quenty/qframe": {
      "version": "1.0.1",
      "resolved": "https://registry.npmjs.org/@quenty/qframe/-/qframe-1.0.1.tgz",
      "integrity": "sha512-26YjKZSmQL9k2RmXPJxS2/BpxKveOP3W119qZOeigcPj+RtkLCHymfFoNbMfmM5f4rVsIBIhWWtK8F5QX2VUiA==",
      "requires": {}
    },
    "@quenty/region3utils": {
      "version": "1.0.1",
      "resolved": "https://registry.npmjs.org/@quenty/region3utils/-/region3utils-1.0.1.tgz",
      "integrity": "sha512-xrWybgtgpown95mhccDjiD5zCLrVxEPlDQV/1e5jvbPwyLnZOdaKs0CAxNbvQXTUtMIUR64mCn0m2e9e1wopcA==",
      "requires": {
        "@quenty/boundingboxutils": "^1.0.1"
      }
    },
    "@quenty/spring": {
      "version": "1.0.1",
      "resolved": "https://registry.npmjs.org/@quenty/spring/-/spring-1.0.1.tgz",
      "integrity": "sha512-MDwanv1GJxuzgMXUTDYUFp6HiNFWYqHWAV7oZlI3g4rbPFMqjfBt0HDjZML9YyzMr4KtwEBqpYW0RybXVrjhbw=="
    },
    "@quenty/vector3utils": {
      "version": "1.0.1",
      "resolved": "https://registry.npmjs.org/@quenty/vector3utils/-/vector3utils-1.0.1.tgz",
      "integrity": "sha512-ZJzSobY3aRHOuRUmNf1K+rClM+gvYymyHDUFXah3YNoIpsQ3kf+224mybObBoJsjSu5PU0MzMuVBxIlanER/KQ==",
      "requires": {
        "@quenty/math": "^1.0.1"
      }
    }
  }
}
