{
  "name": "@quenty/cubicspline",
  "version": "1.0.2",
  "lockfileVersion": 2,
  "requires": true,
  "packages": {
    "": {
      "name": "@quenty/cubicspline",
      "version": "1.0.1",
      "license": "MIT",
      "dependencies": {
        "@quenty/binarysearch": "^1.0.1",
        "@quenty/linearsystemssolver": "^1.0.1"
      },
      "peerDependencies": {
        "@quenty/loader": "^1.0.0"
      }
    },
    "node_modules/@quenty/binarysearch": {
      "version": "1.0.1",
      "resolved": "https://registry.npmjs.org/@quenty/binarysearch/-/binarysearch-1.0.1.tgz",
      "integrity": "sha512-NXxymtWG+XxnP5MzL9sYfTF0O4mCvnStlyV9Dx8250P9Q/YJpB3CYCcV4h9p4Z4PW+S+b0yM98tjkHps8QYypQ=="
    },
    "node_modules/@quenty/linearsystemssolver": {
      "version": "1.0.1",
      "resolved": "https://registry.npmjs.org/@quenty/linearsystemssolver/-/linearsystemssolver-1.0.1.tgz",
      "integrity": "sha512-m9IrIsl0rxZMaaaDDyLH1qlYV/sJ7z6t/WKR7jOM0adi/KfkgF5V2bPRYHH2A+uVtDGw/OW6fhTx4XloXCuVPQ=="
    },
    "node_modules/@quenty/loader": {
      "version": "1.0.0",
      "resolved": "https://registry.npmjs.org/@quenty/loader/-/loader-1.0.0.tgz",
      "integrity": "sha512-pmBkbSqgm5wBMtGG3MEqc/kwKtjgFExuIbpQ7gJSDV50HBf7++DfvQNTCaNVzfu32KVtUvmM2Kw+8PJR1erJXQ==",
      "peer": true
    }
  },
  "dependencies": {
    "@quenty/binarysearch": {
      "version": "1.0.1",
      "resolved": "https://registry.npmjs.org/@quenty/binarysearch/-/binarysearch-1.0.1.tgz",
      "integrity": "sha512-NXxymtWG+XxnP5MzL9sYfTF0O4mCvnStlyV9Dx8250P9Q/YJpB3CYCcV4h9p4Z4PW+S+b0yM98tjkHps8QYypQ=="
    },
    "@quenty/linearsystemssolver": {
      "version": "1.0.1",
      "resolved": "https://registry.npmjs.org/@quenty/linearsystemssolver/-/linearsystemssolver-1.0.1.tgz",
      "integrity": "sha512-m9IrIsl0rxZMaaaDDyLH1qlYV/sJ7z6t/WKR7jOM0adi/KfkgF5V2bPRYHH2A+uVtDGw/OW6fhTx4XloXCuVPQ=="
    },
    "@quenty/loader": {
      "version": "1.0.0",
      "resolved": "https://registry.npmjs.org/@quenty/loader/-/loader-1.0.0.tgz",
      "integrity": "sha512-pmBkbSqgm5wBMtGG3MEqc/kwKtjgFExuIbpQ7gJSDV50HBf7++DfvQNTCaNVzfu32KVtUvmM2Kw+8PJR1erJXQ==",
      "peer": true
    }
  }
}
