{
  "name": "@quenty/valueobject",
  "version": "2.1.0",
  "lockfileVersion": 2,
  "requires": true,
  "packages": {
    "": {
      "name": "@quenty/valueobject",
      "version": "1.2.0",
      "license": "MIT",
      "dependencies": {
        "@quenty/brio": "file:../brio",
        "@quenty/maid": "file:../maid",
        "@quenty/rx": "file:../rx",
        "@quenty/signal": "file:../signal"
      },
      "funding": {
        "type": "patreon",
        "url": "https://www.patreon.com/quenty"
      }
    },
    "../brio": {
      "name": "@quenty/brio",
      "version": "1.2.0",
      "license": "MIT",
      "dependencies": {
        "@quenty/maid": "file:../maid",
        "@quenty/rx": "file:../rx"
      },
      "funding": {
        "type": "patreon",
        "url": "https://www.patreon.com/quenty"
      }
    },
    "../maid": {
      "name": "@quenty/maid",
      "version": "1.2.0",
      "license": "MIT",
      "funding": {
        "type": "patreon",
        "url": "https://www.patreon.com/quenty"
      }
    },
    "../rx": {
      "name": "@quenty/rx",
      "version": "1.2.0",
      "license": "MIT",
      "dependencies": {
        "@quenty/maid": "file:../maid",
        "@quenty/promise": "file:../promise",
        "@quenty/signal": "file:../signal",
        "@quenty/symbol": "file:../symbol",
        "@quenty/table": "file:../table",
        "@quenty/throttle": "file:../throttle"
      },
      "funding": {
        "type": "patreon",
        "url": "https://www.patreon.com/quenty"
      }
    },
    "../signal": {
      "name": "@quenty/signal",
      "version": "1.2.0",
      "license": "MIT",
      "funding": {
        "type": "patreon",
        "url": "https://www.patreon.com/quenty"
      }
    },
    "node_modules/@quenty/brio": {
      "resolved": "../brio",
      "link": true
    },
    "node_modules/@quenty/maid": {
      "resolved": "../maid",
      "link": true
    },
    "node_modules/@quenty/rx": {
      "resolved": "../rx",
      "link": true
    },
    "node_modules/@quenty/signal": {
      "resolved": "../signal",
      "link": true
    }
  },
  "dependencies": {
    "@quenty/brio": {
      "version": "file:../brio",
      "requires": {
        "@quenty/maid": "file:../maid",
        "@quenty/rx": "file:../rx"
      }
    },
    "@quenty/maid": {
      "version": "file:../maid"
    },
    "@quenty/rx": {
      "version": "file:../rx",
      "requires": {
        "@quenty/maid": "file:../maid",
        "@quenty/promise": "file:../promise",
        "@quenty/signal": "file:../signal",
        "@quenty/symbol": "file:../symbol",
        "@quenty/table": "file:../table",
        "@quenty/throttle": "file:../throttle"
      }
    },
    "@quenty/signal": {
      "version": "file:../signal"
    }
  }
}
