{
  "name": "@quenty/playerhumanoidbinder",
  "version": "1.0.1",
  "lockfileVersion": 2,
  "requires": true,
  "packages": {
    "": {
      "name": "@quenty/playerhumanoidbinder",
      "version": "1.0.1",
      "license": "MIT",
      "dependencies": {
        "@quenty/binder": "^1.0.1",
        "@quenty/humanoidtracker": "^1.0.1",
        "@quenty/maid": "^1.0.1"
      },
      "peerDependencies": {
        "@quenty/loader": "^1.0.0"
      }
    },
    "node_modules/@quenty/baseobject": {
      "version": "1.0.1",
      "resolved": "https://registry.npmjs.org/@quenty/baseobject/-/baseobject-1.0.1.tgz",
      "integrity": "sha512-M9cyqB28NkVVXnPPeOh1dOcT/m32Yl035qxQSdu9RAqglN4eVOxWrwY3D5iwaEG+fqKMjZaqzZvcGC0U2BNPDw==",
      "dependencies": {
        "@quenty/maid": "^1.0.1"
      },
      "peerDependencies": {
        "@quenty/loader": "^1.0.0"
      }
    },
    "node_modules/@quenty/binder": {
      "version": "1.0.1",
      "resolved": "https://registry.npmjs.org/@quenty/binder/-/binder-1.0.1.tgz",
      "integrity": "sha512-vZnieue55x4qBWyLujWEICKayBn9a+fC5pM6fltnlRMnN9JUad2BERivl43QcH6m8mdCd6agyKLdaHRo3hUCpg==",
      "dependencies": {
        "@quenty/baseobject": "^1.0.1",
        "@quenty/brio": "^1.0.1",
        "@quenty/instanceutils": "^1.0.1",
        "@quenty/linkutils": "^1.0.1",
        "@quenty/maid": "^1.0.1",
        "@quenty/promise": "^1.0.1",
        "@quenty/rx": "^1.0.1",
        "@quenty/signal": "^1.0.1",
        "@quenty/valueobject": "^1.0.1"
      },
      "peerDependencies": {
        "@quenty/loader": "^1.0.0"
      }
    },
    "node_modules/@quenty/brio": {
      "version": "1.0.1",
      "resolved": "https://registry.npmjs.org/@quenty/brio/-/brio-1.0.1.tgz",
      "integrity": "sha512-BMEsU81q2X/Fesb79uq4HqSceeXJ/gYsU1v1BDKmiplovOnYYUI5iu6SBLoSR9QUPCMfCVZhD3700dB3Fchc8w==",
      "dependencies": {
        "@quenty/maid": "^1.0.1",
        "@quenty/rx": "^1.0.1"
      }
    },
    "node_modules/@quenty/deferred": {
      "version": "1.0.1",
      "resolved": "https://registry.npmjs.org/@quenty/deferred/-/deferred-1.0.1.tgz",
      "integrity": "sha512-9iIr5zBGLjBPn9B7hBAUx3CtBSSzgzeT9xZONzvTirMzPrIx0pAqShQq7KpRqhGIzAgw8zyGW+TSeOx9AFGzQA=="
    },
    "node_modules/@quenty/humanoidtracker": {
      "version": "1.0.1",
      "resolved": "https://registry.npmjs.org/@quenty/humanoidtracker/-/humanoidtracker-1.0.1.tgz",
      "integrity": "sha512-d3DEJ4HPmJd0eJMlOt1JRUICzoU8I+Jpsh+zqUbGenIDcvS3NrP9GWZ2YgLtut3S5ouI9AFZXQqIuPsZh8izhQ==",
      "dependencies": {
        "@quenty/maid": "^1.0.1",
        "@quenty/promise": "^1.0.1",
        "@quenty/signal": "^1.0.1",
        "@quenty/valueobject": "^1.0.1"
      },
      "peerDependencies": {
        "@quenty/loader": "^1.0.0"
      }
    },
    "node_modules/@quenty/instanceutils": {
      "version": "1.0.1",
      "resolved": "https://registry.npmjs.org/@quenty/instanceutils/-/instanceutils-1.0.1.tgz",
      "integrity": "sha512-DcfVLGOTUI6rj6FxcdohAniICcaV9EpFK0adDmp/2/r7HFz7melcJ3GnHU88W6nyt2ZD9X/CIBp7OxDe1wlMjw==",
      "dependencies": {
        "@quenty/brio": "^1.0.1",
        "@quenty/maid": "^1.0.1",
        "@quenty/rx": "^1.0.1"
      }
    },
    "node_modules/@quenty/linkutils": {
      "version": "1.0.1",
      "resolved": "https://registry.npmjs.org/@quenty/linkutils/-/linkutils-1.0.1.tgz",
      "integrity": "sha512-8T0xlUMe7bgaw5mjJk5gvueevMfpJg1aflTz/ebQQ5/+xADXNU/vZS61EQci0s/egociJQZq7uhYFXkUC79z7Q==",
      "dependencies": {
        "@quenty/brio": "^1.0.1",
        "@quenty/instanceutils": "^1.0.1",
        "@quenty/promise": "^1.0.1",
        "@quenty/rx": "^1.0.1"
      },
      "peerDependencies": {
        "@quenty/loader": "^1.0.0"
      }
    },
    "node_modules/@quenty/loader": {
      "version": "1.0.0",
      "resolved": "https://registry.npmjs.org/@quenty/loader/-/loader-1.0.0.tgz",
      "integrity": "sha512-pmBkbSqgm5wBMtGG3MEqc/kwKtjgFExuIbpQ7gJSDV50HBf7++DfvQNTCaNVzfu32KVtUvmM2Kw+8PJR1erJXQ==",
      "peer": true
    },
    "node_modules/@quenty/maid": {
      "version": "1.0.1",
      "resolved": "https://registry.npmjs.org/@quenty/maid/-/maid-1.0.1.tgz",
      "integrity": "sha512-2ySji+Yq0spxhEQ8vy4cpnyEFfsffjREnFy2rAUPrEuUlJfOOJBjbnZS/TR9I6sjGfKaHPwCxyrwfjeQ/HlcfQ=="
    },
    "node_modules/@quenty/promise": {
      "version": "1.0.1",
      "resolved": "https://registry.npmjs.org/@quenty/promise/-/promise-1.0.1.tgz",
      "integrity": "sha512-ZzdqATzbmVy8ceeonaoZ6o5qMjogbj3JZlNi3ECnUE+3IQAeWvwGvIdHgo41J8iP5PKCVB7B5+IwKVQUIEtr1A==",
      "dependencies": {
        "@quenty/deferred": "^1.0.1",
        "@quenty/maid": "^1.0.1"
      },
      "peerDependencies": {
        "@quenty/loader": "^1.0.0"
      }
    },
    "node_modules/@quenty/rx": {
      "version": "1.0.1",
      "resolved": "https://registry.npmjs.org/@quenty/rx/-/rx-1.0.1.tgz",
      "integrity": "sha512-K9aD4y85LNqsuJzyUqAjX4RHbe/HpDbOHBXp4EjUaXxaQxVQcMDx+zb2zslCkPt61VvOKOq3CqVdIcTBpTXKuQ==",
      "dependencies": {
        "@quenty/maid": "^1.0.1",
        "@quenty/signal": "^1.0.1",
        "@quenty/symbol": "^1.0.1",
        "@quenty/table": "^1.0.1",
        "@quenty/throttle": "^1.0.1"
      }
    },
    "node_modules/@quenty/signal": {
      "version": "1.0.1",
      "resolved": "https://registry.npmjs.org/@quenty/signal/-/signal-1.0.1.tgz",
      "integrity": "sha512-Cm6YTbxF/prWhDeRPppNtBRWVets7GSEnw+A49tOc3hU1pWjIECKYiU+OIjtim2Nr2DzHx7bPgpPVexlUPqe2g=="
    },
    "node_modules/@quenty/symbol": {
      "version": "1.0.1",
      "resolved": "https://registry.npmjs.org/@quenty/symbol/-/symbol-1.0.1.tgz",
      "integrity": "sha512-GDlVBJ68h9jdC0uw0zrzn5gBowHyMJOyc0OjSgV4TuW6jYNdEZ3AQHFIxfc54+84bEZLArRibVoXKu44nut+Hw=="
    },
    "node_modules/@quenty/table": {
      "version": "1.0.1",
      "resolved": "https://registry.npmjs.org/@quenty/table/-/table-1.0.1.tgz",
      "integrity": "sha512-nnv2kIMtTsx0Il8Pe/8yV5acVFdd88NHGbfgn4ee/gdEnfsiHzup0mWSSrvWfjsCrrxNTTauLOUUINXXGwJsLg=="
    },
    "node_modules/@quenty/throttle": {
      "version": "1.0.1",
      "resolved": "https://registry.npmjs.org/@quenty/throttle/-/throttle-1.0.1.tgz",
      "integrity": "sha512-ZlhilH2nRbHZRbSTcv7A9gh7JJ9zfN3PPGYCvnHHjtkwP77weF+sS6zlfQP1ptljCBS5kVP6JKa72kslIMfSkQ==",
      "peerDependencies": {
        "@quenty/loader": "^1.0.0"
      }
    },
    "node_modules/@quenty/valueobject": {
      "version": "1.0.1",
      "resolved": "https://registry.npmjs.org/@quenty/valueobject/-/valueobject-1.0.1.tgz",
      "integrity": "sha512-vh9V2vyWvpT9zUW9CaUVnqo0n+1EeTNLnVtvn31u4yIXypggJ9ZSGXRaRKsIloEob7hbWXL8GBb0Dc3OGajhYQ==",
      "dependencies": {
        "@quenty/maid": "^1.0.1",
        "@quenty/rx": "^1.0.1",
        "@quenty/signal": "^1.0.1"
      }
    }
  },
  "dependencies": {
    "@quenty/baseobject": {
      "version": "1.0.1",
      "resolved": "https://registry.npmjs.org/@quenty/baseobject/-/baseobject-1.0.1.tgz",
      "integrity": "sha512-M9cyqB28NkVVXnPPeOh1dOcT/m32Yl035qxQSdu9RAqglN4eVOxWrwY3D5iwaEG+fqKMjZaqzZvcGC0U2BNPDw==",
      "requires": {
        "@quenty/maid": "^1.0.1"
      }
    },
    "@quenty/binder": {
      "version": "1.0.1",
      "resolved": "https://registry.npmjs.org/@quenty/binder/-/binder-1.0.1.tgz",
      "integrity": "sha512-vZnieue55x4qBWyLujWEICKayBn9a+fC5pM6fltnlRMnN9JUad2BERivl43QcH6m8mdCd6agyKLdaHRo3hUCpg==",
      "requires": {
        "@quenty/baseobject": "^1.0.1",
        "@quenty/brio": "^1.0.1",
        "@quenty/instanceutils": "^1.0.1",
        "@quenty/linkutils": "^1.0.1",
        "@quenty/maid": "^1.0.1",
        "@quenty/promise": "^1.0.1",
        "@quenty/rx": "^1.0.1",
        "@quenty/signal": "^1.0.1",
        "@quenty/valueobject": "^1.0.1"
      }
    },
    "@quenty/brio": {
      "version": "1.0.1",
      "resolved": "https://registry.npmjs.org/@quenty/brio/-/brio-1.0.1.tgz",
      "integrity": "sha512-BMEsU81q2X/Fesb79uq4HqSceeXJ/gYsU1v1BDKmiplovOnYYUI5iu6SBLoSR9QUPCMfCVZhD3700dB3Fchc8w==",
      "requires": {
        "@quenty/maid": "^1.0.1",
        "@quenty/rx": "^1.0.1"
      }
    },
    "@quenty/deferred": {
      "version": "1.0.1",
      "resolved": "https://registry.npmjs.org/@quenty/deferred/-/deferred-1.0.1.tgz",
      "integrity": "sha512-9iIr5zBGLjBPn9B7hBAUx3CtBSSzgzeT9xZONzvTirMzPrIx0pAqShQq7KpRqhGIzAgw8zyGW+TSeOx9AFGzQA=="
    },
    "@quenty/humanoidtracker": {
      "version": "1.0.1",
      "resolved": "https://registry.npmjs.org/@quenty/humanoidtracker/-/humanoidtracker-1.0.1.tgz",
      "integrity": "sha512-d3DEJ4HPmJd0eJMlOt1JRUICzoU8I+Jpsh+zqUbGenIDcvS3NrP9GWZ2YgLtut3S5ouI9AFZXQqIuPsZh8izhQ==",
      "requires": {
        "@quenty/maid": "^1.0.1",
        "@quenty/promise": "^1.0.1",
        "@quenty/signal": "^1.0.1",
        "@quenty/valueobject": "^1.0.1"
      }
    },
    "@quenty/instanceutils": {
      "version": "1.0.1",
      "resolved": "https://registry.npmjs.org/@quenty/instanceutils/-/instanceutils-1.0.1.tgz",
      "integrity": "sha512-DcfVLGOTUI6rj6FxcdohAniICcaV9EpFK0adDmp/2/r7HFz7melcJ3GnHU88W6nyt2ZD9X/CIBp7OxDe1wlMjw==",
      "requires": {
        "@quenty/brio": "^1.0.1",
        "@quenty/maid": "^1.0.1",
        "@quenty/rx": "^1.0.1"
      }
    },
    "@quenty/linkutils": {
      "version": "1.0.1",
      "resolved": "https://registry.npmjs.org/@quenty/linkutils/-/linkutils-1.0.1.tgz",
      "integrity": "sha512-8T0xlUMe7bgaw5mjJk5gvueevMfpJg1aflTz/ebQQ5/+xADXNU/vZS61EQci0s/egociJQZq7uhYFXkUC79z7Q==",
      "requires": {
        "@quenty/brio": "^1.0.1",
        "@quenty/instanceutils": "^1.0.1",
        "@quenty/promise": "^1.0.1",
        "@quenty/rx": "^1.0.1"
      }
    },
    "@quenty/loader": {
      "version": "1.0.0",
      "resolved": "https://registry.npmjs.org/@quenty/loader/-/loader-1.0.0.tgz",
      "integrity": "sha512-pmBkbSqgm5wBMtGG3MEqc/kwKtjgFExuIbpQ7gJSDV50HBf7++DfvQNTCaNVzfu32KVtUvmM2Kw+8PJR1erJXQ==",
      "peer": true
    },
    "@quenty/maid": {
      "version": "1.0.1",
      "resolved": "https://registry.npmjs.org/@quenty/maid/-/maid-1.0.1.tgz",
      "integrity": "sha512-2ySji+Yq0spxhEQ8vy4cpnyEFfsffjREnFy2rAUPrEuUlJfOOJBjbnZS/TR9I6sjGfKaHPwCxyrwfjeQ/HlcfQ=="
    },
    "@quenty/promise": {
      "version": "1.0.1",
      "resolved": "https://registry.npmjs.org/@quenty/promise/-/promise-1.0.1.tgz",
      "integrity": "sha512-ZzdqATzbmVy8ceeonaoZ6o5qMjogbj3JZlNi3ECnUE+3IQAeWvwGvIdHgo41J8iP5PKCVB7B5+IwKVQUIEtr1A==",
      "requires": {
        "@quenty/deferred": "^1.0.1",
        "@quenty/maid": "^1.0.1"
      }
    },
    "@quenty/rx": {
      "version": "1.0.1",
      "resolved": "https://registry.npmjs.org/@quenty/rx/-/rx-1.0.1.tgz",
      "integrity": "sha512-K9aD4y85LNqsuJzyUqAjX4RHbe/HpDbOHBXp4EjUaXxaQxVQcMDx+zb2zslCkPt61VvOKOq3CqVdIcTBpTXKuQ==",
      "requires": {
        "@quenty/maid": "^1.0.1",
        "@quenty/signal": "^1.0.1",
        "@quenty/symbol": "^1.0.1",
        "@quenty/table": "^1.0.1",
        "@quenty/throttle": "^1.0.1"
      }
    },
    "@quenty/signal": {
      "version": "1.0.1",
      "resolved": "https://registry.npmjs.org/@quenty/signal/-/signal-1.0.1.tgz",
      "integrity": "sha512-Cm6YTbxF/prWhDeRPppNtBRWVets7GSEnw+A49tOc3hU1pWjIECKYiU+OIjtim2Nr2DzHx7bPgpPVexlUPqe2g=="
    },
    "@quenty/symbol": {
      "version": "1.0.1",
      "resolved": "https://registry.npmjs.org/@quenty/symbol/-/symbol-1.0.1.tgz",
      "integrity": "sha512-GDlVBJ68h9jdC0uw0zrzn5gBowHyMJOyc0OjSgV4TuW6jYNdEZ3AQHFIxfc54+84bEZLArRibVoXKu44nut+Hw=="
    },
    "@quenty/table": {
      "version": "1.0.1",
      "resolved": "https://registry.npmjs.org/@quenty/table/-/table-1.0.1.tgz",
      "integrity": "sha512-nnv2kIMtTsx0Il8Pe/8yV5acVFdd88NHGbfgn4ee/gdEnfsiHzup0mWSSrvWfjsCrrxNTTauLOUUINXXGwJsLg=="
    },
    "@quenty/throttle": {
      "version": "1.0.1",
      "resolved": "https://registry.npmjs.org/@quenty/throttle/-/throttle-1.0.1.tgz",
      "integrity": "sha512-ZlhilH2nRbHZRbSTcv7A9gh7JJ9zfN3PPGYCvnHHjtkwP77weF+sS6zlfQP1ptljCBS5kVP6JKa72kslIMfSkQ==",
      "requires": {}
    },
    "@quenty/valueobject": {
      "version": "1.0.1",
      "resolved": "https://registry.npmjs.org/@quenty/valueobject/-/valueobject-1.0.1.tgz",
      "integrity": "sha512-vh9V2vyWvpT9zUW9CaUVnqo0n+1EeTNLnVtvn31u4yIXypggJ9ZSGXRaRKsIloEob7hbWXL8GBb0Dc3OGajhYQ==",
      "requires": {
        "@quenty/maid": "^1.0.1",
        "@quenty/rx": "^1.0.1",
        "@quenty/signal": "^1.0.1"
      }
    }
  }
}
