{
  "name": "@quenty/remotefunctionutils",
  "version": "3.2.1",
  "lockfileVersion": 2,
  "requires": true,
  "packages": {
    "": {
      "name": "@quenty/remotefunctionutils",
      "version": "1.2.0",
      "license": "MIT",
      "dependencies": {
        "@quenty/loader": "file:../loader",
        "@quenty/promise": "file:../promise"
      },
      "funding": {
        "type": "patreon",
        "url": "https://www.patreon.com/quenty"
      }
    },
    "../loader": {
      "name": "@quenty/loader",
      "version": "1.2.0",
      "license": "MIT",
      "funding": {
        "type": "patreon",
        "url": "https://www.patreon.com/quenty"
      }
    },
    "../promise": {
      "name": "@quenty/promise",
      "version": "1.2.0",
      "license": "MIT",
      "dependencies": {
        "@quenty/deferred": "file:../deferred",
        "@quenty/loader": "file:../loader",
        "@quenty/maid": "file:../maid"
      },
      "funding": {
        "type": "patreon",
        "url": "https://www.patreon.com/quenty"
      }
    },
    "node_modules/@quenty/loader": {
      "resolved": "../loader",
      "link": true
    },
    "node_modules/@quenty/promise": {
      "resolved": "../promise",
      "link": true
    }
  },
  "dependencies": {
    "@quenty/loader": {
      "version": "file:../loader"
    },
    "@quenty/promise": {
      "version": "file:../promise",
      "requires": {
        "@quenty/deferred": "file:../deferred",
        "@quenty/loader": "file:../loader",
        "@quenty/maid": "file:../maid"
      }
    }
  }
}
