{
  "name": "@quenty/multipleclickutils",
  "version": "1.2.0",
  "lockfileVersion": 2,
  "requires": true,
  "packages": {
    "": {
      "name": "@quenty/multipleclickutils",
      "version": "1.0.1",
      "license": "MIT",
      "dependencies": {
        "@quenty/signal": "^1.0.1"
      },
      "peerDependencies": {
        "@quenty/loader": "^1.0.0"
      }
    },
    "node_modules/@quenty/loader": {
      "version": "1.0.0",
      "resolved": "https://registry.npmjs.org/@quenty/loader/-/loader-1.0.0.tgz",
      "integrity": "sha512-pmBkbSqgm5wBMtGG3MEqc/kwKtjgFExuIbpQ7gJSDV50HBf7++DfvQNTCaNVzfu32KVtUvmM2Kw+8PJR1erJXQ==",
      "peer": true
    },
    "node_modules/@quenty/signal": {
      "version": "1.0.1",
      "resolved": "https://registry.npmjs.org/@quenty/signal/-/signal-1.0.1.tgz",
      "integrity": "sha512-Cm6YTbxF/prWhDeRPppNtBRWVets7GSEnw+A49tOc3hU1pWjIECKYiU+OIjtim2Nr2DzHx7bPgpPVexlUPqe2g=="
    }
  },
  "dependencies": {
    "@quenty/loader": {
      "version": "1.0.0",
      "resolved": "https://registry.npmjs.org/@quenty/loader/-/loader-1.0.0.tgz",
      "integrity": "sha512-pmBkbSqgm5wBMtGG3MEqc/kwKtjgFExuIbpQ7gJSDV50HBf7++DfvQNTCaNVzfu32KVtUvmM2Kw+8PJR1erJXQ==",
      "peer": true
    },
    "@quenty/signal": {
      "version": "1.0.1",
      "resolved": "https://registry.npmjs.org/@quenty/signal/-/signal-1.0.1.tgz",
      "integrity": "sha512-Cm6YTbxF/prWhDeRPppNtBRWVets7GSEnw+A49tOc3hU1pWjIECKYiU+OIjtim2Nr2DzHx7bPgpPVexlUPqe2g=="
    }
  }
}
