{
  "name": "@quenty/gameconfig",
  "version": "1.0.0",
  "lockfileVersion": 2,
  "requires": true,
  "packages": {
    "": {
      "name": "@quenty/gameconfig",
      "version": "1.0.0",
      "license": "MIT",
      "dependencies": {
        "@quenty/badgeutils": "file:../badgeutils",
        "@quenty/baseobject": "file:../baseobject",
        "@quenty/clienttranslator": "file:../clienttranslator",
        "@quenty/loader": "file:../loader",
        "@quenty/maid": "file:../maid",
        "@quenty/marketplaceutils": "file:../marketplaceutils",
        "@quenty/remotefunctionutils": "file:../remotefunctionutils",
        "@quenty/remoting": "file:../remoting",
        "@quenty/servicebag": "file:../servicebag",
        "@quenty/string": "file:../string",
        "@quenty/table": "file:../table"
      },
      "funding": {
        "type": "patreon",
        "url": "https://www.patreon.com/quenty"
      }
    },
    "../badgeutils": {
      "name": "@quenty/badgeutils",
      "version": "3.6.0",
      "license": "MIT",
      "dependencies": {
        "@quenty/loader": "file:../loader",
        "@quenty/promise": "file:../promise"
      },
      "funding": {
        "type": "patreon",
        "url": "https://www.patreon.com/quenty"
      }
    },
    "../baseobject": {
      "name": "@quenty/baseobject",
      "version": "3.5.0",
      "license": "MIT",
      "dependencies": {
        "@quenty/loader": "file:../loader",
        "@quenty/maid": "file:../maid"
      },
      "funding": {
        "type": "patreon",
        "url": "https://www.patreon.com/quenty"
      }
    },
    "../clienttranslator": {
      "name": "@quenty/clienttranslator",
      "version": "4.7.0",
      "license": "MIT",
      "dependencies": {
        "@quenty/blend": "file:../blend",
        "@quenty/loader": "file:../loader",
        "@quenty/maid": "file:../maid",
        "@quenty/promise": "file:../promise",
        "@quenty/pseudolocalize": "file:../pseudolocalize",
        "@quenty/rx": "file:../rx"
      },
      "funding": {
        "type": "patreon",
        "url": "https://www.patreon.com/quenty"
      }
    },
    "../jsonutils": {
      "name": "@quenty/jsonutils",
      "version": "3.6.0",
      "extraneous": true,
      "license": "MIT",
      "dependencies": {
        "@quenty/loader": "file:../loader",
        "@quenty/promise": "file:../promise"
      },
      "funding": {
        "type": "patreon",
        "url": "https://www.patreon.com/quenty"
      }
    },
    "../loader": {
      "name": "@quenty/loader",
      "version": "3.4.0",
      "license": "MIT",
      "funding": {
        "type": "patreon",
        "url": "https://www.patreon.com/quenty"
      }
    },
    "../maid": {
      "name": "@quenty/maid",
      "version": "2.1.0",
      "license": "MIT",
      "funding": {
        "type": "patreon",
        "url": "https://www.patreon.com/quenty"
      }
    },
    "../marketplaceutils": {
      "version": "3.6.0",
      "license": "MIT",
      "dependencies": {
        "@quenty/loader": "file:../loader",
        "@quenty/promise": "file:../promise"
      },
      "funding": {
        "type": "patreon",
        "url": "https://www.patreon.com/quenty"
      }
    },
    "../remotefunctionutils": {
      "name": "@quenty/remotefunctionutils",
      "version": "3.6.0",
      "license": "MIT",
      "dependencies": {
        "@quenty/loader": "file:../loader",
        "@quenty/promise": "file:../promise"
      },
      "funding": {
        "type": "patreon",
        "url": "https://www.patreon.com/quenty"
      }
    },
    "../remoting": {
      "name": "@quenty/remoting",
      "version": "3.6.0",
      "license": "MIT",
      "dependencies": {
        "@quenty/loader": "file:../loader",
        "@quenty/promise": "file:../promise",
        "@quenty/table": "file:../table"
      },
      "funding": {
        "type": "patreon",
        "url": "https://www.patreon.com/quenty"
      }
    },
    "../servicebag": {
      "name": "@quenty/servicebag",
      "version": "3.5.0",
      "license": "MIT",
      "dependencies": {
        "@quenty/baseobject": "file:../baseobject",
        "@quenty/loader": "file:../loader",
        "@quenty/signal": "file:../signal"
      },
      "funding": {
        "type": "patreon",
        "url": "https://www.patreon.com/quenty"
      }
    },
    "../string": {
      "name": "@quenty/string",
      "version": "2.2.1",
      "license": "MIT",
      "funding": {
        "type": "patreon",
        "url": "https://www.patreon.com/quenty"
      }
    },
    "../table": {
      "name": "@quenty/table",
      "version": "2.1.1",
      "license": "MIT",
      "funding": {
        "type": "patreon",
        "url": "https://www.patreon.com/quenty"
      }
    },
    "node_modules/@quenty/badgeutils": {
      "resolved": "../badgeutils",
      "link": true
    },
    "node_modules/@quenty/baseobject": {
      "resolved": "../baseobject",
      "link": true
    },
    "node_modules/@quenty/clienttranslator": {
      "resolved": "../clienttranslator",
      "link": true
    },
    "node_modules/@quenty/loader": {
      "resolved": "../loader",
      "link": true
    },
    "node_modules/@quenty/maid": {
      "resolved": "../maid",
      "link": true
    },
    "node_modules/@quenty/marketplaceutils": {
      "resolved": "../marketplaceutils",
      "link": true
    },
    "node_modules/@quenty/remotefunctionutils": {
      "resolved": "../remotefunctionutils",
      "link": true
    },
    "node_modules/@quenty/remoting": {
      "resolved": "../remoting",
      "link": true
    },
    "node_modules/@quenty/servicebag": {
      "resolved": "../servicebag",
      "link": true
    },
    "node_modules/@quenty/string": {
      "resolved": "../string",
      "link": true
    },
    "node_modules/@quenty/table": {
      "resolved": "../table",
      "link": true
    }
  },
  "dependencies": {
    "@quenty/badgeutils": {
      "version": "file:../badgeutils",
      "requires": {
        "@quenty/loader": "file:../loader",
        "@quenty/promise": "file:../promise"
      }
    },
    "@quenty/baseobject": {
      "version": "file:../baseobject",
      "requires": {
        "@quenty/loader": "file:../loader",
        "@quenty/maid": "file:../maid"
      }
    },
    "@quenty/clienttranslator": {
      "version": "file:../clienttranslator",
      "requires": {
        "@quenty/blend": "file:../blend",
        "@quenty/loader": "file:../loader",
        "@quenty/maid": "file:../maid",
        "@quenty/promise": "file:../promise",
        "@quenty/pseudolocalize": "file:../pseudolocalize",
        "@quenty/rx": "file:../rx"
      }
    },
    "@quenty/loader": {
      "version": "file:../loader"
    },
    "@quenty/maid": {
      "version": "file:../maid"
    },
    "@quenty/marketplaceutils": {
      "version": "file:../marketplaceutils",
      "requires": {
        "@quenty/loader": "file:../loader",
        "@quenty/promise": "file:../promise"
      }
    },
    "@quenty/remotefunctionutils": {
      "version": "file:../remotefunctionutils",
      "requires": {
        "@quenty/loader": "file:../loader",
        "@quenty/promise": "file:../promise"
      }
    },
    "@quenty/remoting": {
      "version": "file:../remoting",
      "requires": {
        "@quenty/loader": "file:../loader",
        "@quenty/promise": "file:../promise",
        "@quenty/table": "file:../table"
      }
    },
    "@quenty/servicebag": {
      "version": "file:../servicebag",
      "requires": {
        "@quenty/baseobject": "file:../baseobject",
        "@quenty/loader": "file:../loader",
        "@quenty/signal": "file:../signal"
      }
    },
    "@quenty/string": {
      "version": "file:../string"
    },
    "@quenty/table": {
      "version": "file:../table"
    }
  }
}
